// !$*UTF8*$!
{
	archiveVersion = 1;
	classes = {
	};
	objectVersion = 46;
	objects = {

/* Begin PBXBuildFile section */
		FC010AA91C21712800449FB9 /* GFTwoViewController.m in Sources */ = {isa = PBXBuildFile; fileRef = FC010AA81C21712800449FB9 /* GFTwoViewController.m */; };
		FC099E411C215A58009D63B1 /* GFSearchBar.m in Sources */ = {isa = PBXBuildFile; fileRef = FC099E401C215A58009D63B1 /* GFSearchBar.m */; };
		FC099E441C21654A009D63B1 /* UIBarButtonItem+GFBarButtonItem.m in Sources */ = {isa = PBXBuildFile; fileRef = FC099E431C21654A009D63B1 /* UIBarButtonItem+GFBarButtonItem.m */; };
		FC099E471C216820009D63B1 /* GFOneViewController.m in Sources */ = {isa = PBXBuildFile; fileRef = FC099E461C216820009D63B1 /* GFOneViewController.m */; };
		FC0C561A1C20671700B6CF1D /* GFHomeViewController.m in Sources */ = {isa = PBXBuildFile; fileRef = FC0C56191C20671700B6CF1D /* GFHomeViewController.m */; };
		FC0C56201C2067C000B6CF1D /* GFMessageViewController.m in Sources */ = {isa = PBXBuildFile; fileRef = FC0C561F1C2067C000B6CF1D /* GFMessageViewController.m */; };
		FC0C56231C2067CE00B6CF1D /* GFDiscoverViewController.m in Sources */ = {isa = PBXBuildFile; fileRef = FC0C56221C2067CE00B6CF1D /* GFDiscoverViewController.m */; };
		FC0C56261C2067D500B6CF1D /* GFMeViewController.m in Sources */ = {isa = PBXBuildFile; fileRef = FC0C56251C2067D500B6CF1D /* GFMeViewController.m */; };
		FC0C562D1C206A7700B6CF1D /* UIImage+GFImage.m in Sources */ = {isa = PBXBuildFile; fileRef = FC0C562C1C206A7700B6CF1D /* UIImage+GFImage.m */; };
		FC0C56331C2073CD00B6CF1D /* GFTabBar.m in Sources */ = {isa = PBXBuildFile; fileRef = FC0C56321C2073CD00B6CF1D /* GFTabBar.m */; };
		FC1BCEFC1C21A318007DEC5F /* GFOAuthViewController.m in Sources */ = {isa = PBXBuildFile; fileRef = FC1BCEFB1C21A318007DEC5F /* GFOAuthViewController.m */; };
		FC1BCF121C21AB15007DEC5F /* AFHTTPRequestOperation.m in Sources */ = {isa = PBXBuildFile; fileRef = FC1BCF001C21AB14007DEC5F /* AFHTTPRequestOperation.m */; };
		FC1BCF131C21AB15007DEC5F /* AFHTTPRequestOperationManager.m in Sources */ = {isa = PBXBuildFile; fileRef = FC1BCF021C21AB14007DEC5F /* AFHTTPRequestOperationManager.m */; };
		FC1BCF141C21AB15007DEC5F /* AFHTTPSessionManager.m in Sources */ = {isa = PBXBuildFile; fileRef = FC1BCF041C21AB14007DEC5F /* AFHTTPSessionManager.m */; };
		FC1BCF151C21AB15007DEC5F /* AFNetworkReachabilityManager.m in Sources */ = {isa = PBXBuildFile; fileRef = FC1BCF071C21AB14007DEC5F /* AFNetworkReachabilityManager.m */; };
		FC1BCF161C21AB15007DEC5F /* AFSecurityPolicy.m in Sources */ = {isa = PBXBuildFile; fileRef = FC1BCF091C21AB14007DEC5F /* AFSecurityPolicy.m */; };
		FC1BCF171C21AB15007DEC5F /* AFURLConnectionOperation.m in Sources */ = {isa = PBXBuildFile; fileRef = FC1BCF0B1C21AB14007DEC5F /* AFURLConnectionOperation.m */; };
		FC1BCF181C21AB15007DEC5F /* AFURLRequestSerialization.m in Sources */ = {isa = PBXBuildFile; fileRef = FC1BCF0D1C21AB14007DEC5F /* AFURLRequestSerialization.m */; };
		FC1BCF191C21AB15007DEC5F /* AFURLResponseSerialization.m in Sources */ = {isa = PBXBuildFile; fileRef = FC1BCF0F1C21AB14007DEC5F /* AFURLResponseSerialization.m */; };
		FC1BCF1A1C21AB15007DEC5F /* AFURLSessionManager.m in Sources */ = {isa = PBXBuildFile; fileRef = FC1BCF111C21AB14007DEC5F /* AFURLSessionManager.m */; };
		FC1BCF1F1C21B1CE007DEC5F /* GFSinaAccountInfo.m in Sources */ = {isa = PBXBuildFile; fileRef = FC1BCF1E1C21B1CE007DEC5F /* GFSinaAccountInfo.m */; };
		FC1BCF241C21BD27007DEC5F /* GFAccountTool.m in Sources */ = {isa = PBXBuildFile; fileRef = FC1BCF231C21BD27007DEC5F /* GFAccountTool.m */; };
		FC1BCF271C21D3CD007DEC5F /* GFSinaData.m in Sources */ = {isa = PBXBuildFile; fileRef = FC1BCF261C21D3CD007DEC5F /* GFSinaData.m */; };
		FC1BCF331C21D8FD007DEC5F /* MJRefreshAutoFooter.m in Sources */ = {isa = PBXBuildFile; fileRef = FC1BCF2A1C21D8FD007DEC5F /* MJRefreshAutoFooter.m */; };
		FC1BCF341C21D8FD007DEC5F /* MJRefreshBackFooter.m in Sources */ = {isa = PBXBuildFile; fileRef = FC1BCF2C1C21D8FD007DEC5F /* MJRefreshBackFooter.m */; };
		FC1BCF351C21D8FD007DEC5F /* MJRefreshComponent.m in Sources */ = {isa = PBXBuildFile; fileRef = FC1BCF2E1C21D8FD007DEC5F /* MJRefreshComponent.m */; };
		FC1BCF361C21D8FD007DEC5F /* MJRefreshFooter.m in Sources */ = {isa = PBXBuildFile; fileRef = FC1BCF301C21D8FD007DEC5F /* MJRefreshFooter.m */; };
		FC1BCF371C21D8FD007DEC5F /* MJRefreshHeader.m in Sources */ = {isa = PBXBuildFile; fileRef = FC1BCF321C21D8FD007DEC5F /* MJRefreshHeader.m */; };
		FC1BCF501C21D93E007DEC5F /* MJDictionaryCache.m in Sources */ = {isa = PBXBuildFile; fileRef = FC1BCF3A1C21D93E007DEC5F /* MJDictionaryCache.m */; };
		FC1BCF511C21D93E007DEC5F /* MJExtensionConst.m in Sources */ = {isa = PBXBuildFile; fileRef = FC1BCF3D1C21D93E007DEC5F /* MJExtensionConst.m */; };
		FC1BCF521C21D93E007DEC5F /* MJFoundation.m in Sources */ = {isa = PBXBuildFile; fileRef = FC1BCF3F1C21D93E007DEC5F /* MJFoundation.m */; };
		FC1BCF531C21D93E007DEC5F /* MJProperty.m in Sources */ = {isa = PBXBuildFile; fileRef = FC1BCF411C21D93E007DEC5F /* MJProperty.m */; };
		FC1BCF541C21D93E007DEC5F /* MJPropertyKey.m in Sources */ = {isa = PBXBuildFile; fileRef = FC1BCF431C21D93E007DEC5F /* MJPropertyKey.m */; };
		FC1BCF551C21D93E007DEC5F /* MJPropertyType.m in Sources */ = {isa = PBXBuildFile; fileRef = FC1BCF451C21D93E007DEC5F /* MJPropertyType.m */; };
		FC1BCF561C21D93E007DEC5F /* NSObject+MJClass.m in Sources */ = {isa = PBXBuildFile; fileRef = FC1BCF471C21D93E007DEC5F /* NSObject+MJClass.m */; };
		FC1BCF571C21D93E007DEC5F /* NSObject+MJCoding.m in Sources */ = {isa = PBXBuildFile; fileRef = FC1BCF491C21D93E007DEC5F /* NSObject+MJCoding.m */; };
		FC1BCF581C21D93E007DEC5F /* NSObject+MJKeyValue.m in Sources */ = {isa = PBXBuildFile; fileRef = FC1BCF4B1C21D93E007DEC5F /* NSObject+MJKeyValue.m */; };
		FC1BCF591C21D93E007DEC5F /* NSObject+MJProperty.m in Sources */ = {isa = PBXBuildFile; fileRef = FC1BCF4D1C21D93E007DEC5F /* NSObject+MJProperty.m */; };
		FC1BCF5A1C21D93E007DEC5F /* NSString+MJExtension.m in Sources */ = {isa = PBXBuildFile; fileRef = FC1BCF4F1C21D93E007DEC5F /* NSString+MJExtension.m */; };
		FC9F33491C2147B4004AF041 /* GFNavigationController.m in Sources */ = {isa = PBXBuildFile; fileRef = FC9F33481C2147B4004AF041 /* GFNavigationController.m */; };
		FCB8CAF21C205BAF002EE1D3 /* main.m in Sources */ = {isa = PBXBuildFile; fileRef = FCB8CAF11C205BAF002EE1D3 /* main.m */; };
		FCB8CAF51C205BAF002EE1D3 /* AppDelegate.m in Sources */ = {isa = PBXBuildFile; fileRef = FCB8CAF41C205BAF002EE1D3 /* AppDelegate.m */; };
		FCB8CAFE1C205BAF002EE1D3 /* GFSinaWeiBo.xcdatamodeld in Sources */ = {isa = PBXBuildFile; fileRef = FCB8CAFC1C205BAF002EE1D3 /* GFSinaWeiBo.xcdatamodeld */; };
		FCB8CB001C205BAF002EE1D3 /* Assets.xcassets in Resources */ = {isa = PBXBuildFile; fileRef = FCB8CAFF1C205BAF002EE1D3 /* Assets.xcassets */; };
		FCB8CB031C205BAF002EE1D3 /* LaunchScreen.storyboard in Resources */ = {isa = PBXBuildFile; fileRef = FCB8CB011C205BAF002EE1D3 /* LaunchScreen.storyboard */; };
		FCB8CB0E1C205BAF002EE1D3 /* GFSinaWeiBoTests.m in Sources */ = {isa = PBXBuildFile; fileRef = FCB8CB0D1C205BAF002EE1D3 /* GFSinaWeiBoTests.m */; };
		FCB8CB191C205BAF002EE1D3 /* GFSinaWeiBoUITests.m in Sources */ = {isa = PBXBuildFile; fileRef = FCB8CB181C205BAF002EE1D3 /* GFSinaWeiBoUITests.m */; };
		FCB8CB271C20618E002EE1D3 /* UIKit.framework in Frameworks */ = {isa = PBXBuildFile; fileRef = FCB8CB261C20618E002EE1D3 /* UIKit.framework */; };
		FCB8CB291C206194002EE1D3 /* Foundation.framework in Frameworks */ = {isa = PBXBuildFile; fileRef = FCB8CB281C206194002EE1D3 /* Foundation.framework */; };
		FCB8CB2F1C20622C002EE1D3 /* GFTabBarViewController.m in Sources */ = {isa = PBXBuildFile; fileRef = FCB8CB2E1C20622C002EE1D3 /* GFTabBarViewController.m */; };
/* End PBXBuildFile section */

/* Begin PBXContainerItemProxy section */
		FCB8CB0A1C205BAF002EE1D3 /* PBXContainerItemProxy */ = {
			isa = PBXContainerItemProxy;
			containerPortal = FCB8CAE51C205BAF002EE1D3 /* Project object */;
			proxyType = 1;
			remoteGlobalIDString = FCB8CAEC1C205BAF002EE1D3;
			remoteInfo = GFSinaWeiBo;
		};
		FCB8CB151C205BAF002EE1D3 /* PBXContainerItemProxy */ = {
			isa = PBXContainerItemProxy;
			containerPortal = FCB8CAE51C205BAF002EE1D3 /* Project object */;
			proxyType = 1;
			remoteGlobalIDString = FCB8CAEC1C205BAF002EE1D3;
			remoteInfo = GFSinaWeiBo;
		};
/* End PBXContainerItemProxy section */

/* Begin PBXFileReference section */
		FC010AA71C21712800449FB9 /* GFTwoViewController.h */ = {isa = PBXFileReference; fileEncoding = 4; lastKnownFileType = sourcecode.c.h; path = GFTwoViewController.h; sourceTree = "<group>"; };
		FC010AA81C21712800449FB9 /* GFTwoViewController.m */ = {isa = PBXFileReference; fileEncoding = 4; lastKnownFileType = sourcecode.c.objc; path = GFTwoViewController.m; sourceTree = "<group>"; };
		FC099E3F1C215A58009D63B1 /* GFSearchBar.h */ = {isa = PBXFileReference; fileEncoding = 4; lastKnownFileType = sourcecode.c.h; path = GFSearchBar.h; sourceTree = "<group>"; };
		FC099E401C215A58009D63B1 /* GFSearchBar.m */ = {isa = PBXFileReference; fileEncoding = 4; lastKnownFileType = sourcecode.c.objc; path = GFSearchBar.m; sourceTree = "<group>"; };
		FC099E421C21654A009D63B1 /* UIBarButtonItem+GFBarButtonItem.h */ = {isa = PBXFileReference; fileEncoding = 4; lastKnownFileType = sourcecode.c.h; path = "UIBarButtonItem+GFBarButtonItem.h"; sourceTree = "<group>"; };
		FC099E431C21654A009D63B1 /* UIBarButtonItem+GFBarButtonItem.m */ = {isa = PBXFileReference; fileEncoding = 4; lastKnownFileType = sourcecode.c.objc; path = "UIBarButtonItem+GFBarButtonItem.m"; sourceTree = "<group>"; };
		FC099E451C216820009D63B1 /* GFOneViewController.h */ = {isa = PBXFileReference; fileEncoding = 4; lastKnownFileType = sourcecode.c.h; path = GFOneViewController.h; sourceTree = "<group>"; };
		FC099E461C216820009D63B1 /* GFOneViewController.m */ = {isa = PBXFileReference; fileEncoding = 4; lastKnownFileType = sourcecode.c.objc; path = GFOneViewController.m; sourceTree = "<group>"; };
		FC0C56181C20671700B6CF1D /* GFHomeViewController.h */ = {isa = PBXFileReference; fileEncoding = 4; lastKnownFileType = sourcecode.c.h; path = GFHomeViewController.h; sourceTree = "<group>"; };
		FC0C56191C20671700B6CF1D /* GFHomeViewController.m */ = {isa = PBXFileReference; fileEncoding = 4; lastKnownFileType = sourcecode.c.objc; path = GFHomeViewController.m; sourceTree = "<group>"; };
		FC0C561E1C2067C000B6CF1D /* GFMessageViewController.h */ = {isa = PBXFileReference; fileEncoding = 4; lastKnownFileType = sourcecode.c.h; path = GFMessageViewController.h; sourceTree = "<group>"; };
		FC0C561F1C2067C000B6CF1D /* GFMessageViewController.m */ = {isa = PBXFileReference; fileEncoding = 4; lastKnownFileType = sourcecode.c.objc; path = GFMessageViewController.m; sourceTree = "<group>"; };
		FC0C56211C2067CE00B6CF1D /* GFDiscoverViewController.h */ = {isa = PBXFileReference; fileEncoding = 4; lastKnownFileType = sourcecode.c.h; path = GFDiscoverViewController.h; sourceTree = "<group>"; };
		FC0C56221C2067CE00B6CF1D /* GFDiscoverViewController.m */ = {isa = PBXFileReference; fileEncoding = 4; lastKnownFileType = sourcecode.c.objc; path = GFDiscoverViewController.m; sourceTree = "<group>"; };
		FC0C56241C2067D500B6CF1D /* GFMeViewController.h */ = {isa = PBXFileReference; fileEncoding = 4; lastKnownFileType = sourcecode.c.h; path = GFMeViewController.h; sourceTree = "<group>"; };
		FC0C56251C2067D500B6CF1D /* GFMeViewController.m */ = {isa = PBXFileReference; fileEncoding = 4; lastKnownFileType = sourcecode.c.objc; path = GFMeViewController.m; sourceTree = "<group>"; };
		FC0C562B1C206A7700B6CF1D /* UIImage+GFImage.h */ = {isa = PBXFileReference; fileEncoding = 4; lastKnownFileType = sourcecode.c.h; path = "UIImage+GFImage.h"; sourceTree = "<group>"; };
		FC0C562C1C206A7700B6CF1D /* UIImage+GFImage.m */ = {isa = PBXFileReference; fileEncoding = 4; lastKnownFileType = sourcecode.c.objc; path = "UIImage+GFImage.m"; sourceTree = "<group>"; };
		FC0C56311C2073CD00B6CF1D /* GFTabBar.h */ = {isa = PBXFileReference; fileEncoding = 4; lastKnownFileType = sourcecode.c.h; path = GFTabBar.h; sourceTree = "<group>"; };
		FC0C56321C2073CD00B6CF1D /* GFTabBar.m */ = {isa = PBXFileReference; fileEncoding = 4; lastKnownFileType = sourcecode.c.objc; path = GFTabBar.m; sourceTree = "<group>"; };
		FC1BCEFA1C21A318007DEC5F /* GFOAuthViewController.h */ = {isa = PBXFileReference; fileEncoding = 4; lastKnownFileType = sourcecode.c.h; path = GFOAuthViewController.h; sourceTree = "<group>"; };
		FC1BCEFB1C21A318007DEC5F /* GFOAuthViewController.m */ = {isa = PBXFileReference; fileEncoding = 4; lastKnownFileType = sourcecode.c.objc; path = GFOAuthViewController.m; sourceTree = "<group>"; };
		FC1BCEFF1C21AB14007DEC5F /* AFHTTPRequestOperation.h */ = {isa = PBXFileReference; fileEncoding = 4; lastKnownFileType = sourcecode.c.h; path = AFHTTPRequestOperation.h; sourceTree = "<group>"; };
		FC1BCF001C21AB14007DEC5F /* AFHTTPRequestOperation.m */ = {isa = PBXFileReference; fileEncoding = 4; lastKnownFileType = sourcecode.c.objc; path = AFHTTPRequestOperation.m; sourceTree = "<group>"; };
		FC1BCF011C21AB14007DEC5F /* AFHTTPRequestOperationManager.h */ = {isa = PBXFileReference; fileEncoding = 4; lastKnownFileType = sourcecode.c.h; path = AFHTTPRequestOperationManager.h; sourceTree = "<group>"; };
		FC1BCF021C21AB14007DEC5F /* AFHTTPRequestOperationManager.m */ = {isa = PBXFileReference; fileEncoding = 4; lastKnownFileType = sourcecode.c.objc; path = AFHTTPRequestOperationManager.m; sourceTree = "<group>"; };
		FC1BCF031C21AB14007DEC5F /* AFHTTPSessionManager.h */ = {isa = PBXFileReference; fileEncoding = 4; lastKnownFileType = sourcecode.c.h; path = AFHTTPSessionManager.h; sourceTree = "<group>"; };
		FC1BCF041C21AB14007DEC5F /* AFHTTPSessionManager.m */ = {isa = PBXFileReference; fileEncoding = 4; lastKnownFileType = sourcecode.c.objc; path = AFHTTPSessionManager.m; sourceTree = "<group>"; };
		FC1BCF051C21AB14007DEC5F /* AFNetworking.h */ = {isa = PBXFileReference; fileEncoding = 4; lastKnownFileType = sourcecode.c.h; path = AFNetworking.h; sourceTree = "<group>"; };
		FC1BCF061C21AB14007DEC5F /* AFNetworkReachabilityManager.h */ = {isa = PBXFileReference; fileEncoding = 4; lastKnownFileType = sourcecode.c.h; path = AFNetworkReachabilityManager.h; sourceTree = "<group>"; };
		FC1BCF071C21AB14007DEC5F /* AFNetworkReachabilityManager.m */ = {isa = PBXFileReference; fileEncoding = 4; lastKnownFileType = sourcecode.c.objc; path = AFNetworkReachabilityManager.m; sourceTree = "<group>"; };
		FC1BCF081C21AB14007DEC5F /* AFSecurityPolicy.h */ = {isa = PBXFileReference; fileEncoding = 4; lastKnownFileType = sourcecode.c.h; path = AFSecurityPolicy.h; sourceTree = "<group>"; };
		FC1BCF091C21AB14007DEC5F /* AFSecurityPolicy.m */ = {isa = PBXFileReference; fileEncoding = 4; lastKnownFileType = sourcecode.c.objc; path = AFSecurityPolicy.m; sourceTree = "<group>"; };
		FC1BCF0A1C21AB14007DEC5F /* AFURLConnectionOperation.h */ = {isa = PBXFileReference; fileEncoding = 4; lastKnownFileType = sourcecode.c.h; path = AFURLConnectionOperation.h; sourceTree = "<group>"; };
		FC1BCF0B1C21AB14007DEC5F /* AFURLConnectionOperation.m */ = {isa = PBXFileReference; fileEncoding = 4; lastKnownFileType = sourcecode.c.objc; path = AFURLConnectionOperation.m; sourceTree = "<group>"; };
		FC1BCF0C1C21AB14007DEC5F /* AFURLRequestSerialization.h */ = {isa = PBXFileReference; fileEncoding = 4; lastKnownFileType = sourcecode.c.h; path = AFURLRequestSerialization.h; sourceTree = "<group>"; };
		FC1BCF0D1C21AB14007DEC5F /* AFURLRequestSerialization.m */ = {isa = PBXFileReference; fileEncoding = 4; lastKnownFileType = sourcecode.c.objc; path = AFURLRequestSerialization.m; sourceTree = "<group>"; };
		FC1BCF0E1C21AB14007DEC5F /* AFURLResponseSerialization.h */ = {isa = PBXFileReference; fileEncoding = 4; lastKnownFileType = sourcecode.c.h; path = AFURLResponseSerialization.h; sourceTree = "<group>"; };
		FC1BCF0F1C21AB14007DEC5F /* AFURLResponseSerialization.m */ = {isa = PBXFileReference; fileEncoding = 4; lastKnownFileType = sourcecode.c.objc; path = AFURLResponseSerialization.m; sourceTree = "<group>"; };
		FC1BCF101C21AB14007DEC5F /* AFURLSessionManager.h */ = {isa = PBXFileReference; fileEncoding = 4; lastKnownFileType = sourcecode.c.h; path = AFURLSessionManager.h; sourceTree = "<group>"; };
		FC1BCF111C21AB14007DEC5F /* AFURLSessionManager.m */ = {isa = PBXFileReference; fileEncoding = 4; lastKnownFileType = sourcecode.c.objc; path = AFURLSessionManager.m; sourceTree = "<group>"; };
		FC1BCF1D1C21B1CE007DEC5F /* GFSinaAccountInfo.h */ = {isa = PBXFileReference; fileEncoding = 4; lastKnownFileType = sourcecode.c.h; path = GFSinaAccountInfo.h; sourceTree = "<group>"; };
		FC1BCF1E1C21B1CE007DEC5F /* GFSinaAccountInfo.m */ = {isa = PBXFileReference; fileEncoding = 4; lastKnownFileType = sourcecode.c.objc; path = GFSinaAccountInfo.m; sourceTree = "<group>"; };
		FC1BCF221C21BD27007DEC5F /* GFAccountTool.h */ = {isa = PBXFileReference; fileEncoding = 4; lastKnownFileType = sourcecode.c.h; path = GFAccountTool.h; sourceTree = "<group>"; };
		FC1BCF231C21BD27007DEC5F /* GFAccountTool.m */ = {isa = PBXFileReference; fileEncoding = 4; lastKnownFileType = sourcecode.c.objc; path = GFAccountTool.m; sourceTree = "<group>"; };
		FC1BCF251C21D3CD007DEC5F /* GFSinaData.h */ = {isa = PBXFileReference; fileEncoding = 4; lastKnownFileType = sourcecode.c.h; path = GFSinaData.h; sourceTree = "<group>"; };
		FC1BCF261C21D3CD007DEC5F /* GFSinaData.m */ = {isa = PBXFileReference; fileEncoding = 4; lastKnownFileType = sourcecode.c.objc; path = GFSinaData.m; sourceTree = "<group>"; };
		FC1BCF291C21D8FD007DEC5F /* MJRefreshAutoFooter.h */ = {isa = PBXFileReference; fileEncoding = 4; lastKnownFileType = sourcecode.c.h; path = MJRefreshAutoFooter.h; sourceTree = "<group>"; };
		FC1BCF2A1C21D8FD007DEC5F /* MJRefreshAutoFooter.m */ = {isa = PBXFileReference; fileEncoding = 4; lastKnownFileType = sourcecode.c.objc; path = MJRefreshAutoFooter.m; sourceTree = "<group>"; };
		FC1BCF2B1C21D8FD007DEC5F /* MJRefreshBackFooter.h */ = {isa = PBXFileReference; fileEncoding = 4; lastKnownFileType = sourcecode.c.h; path = MJRefreshBackFooter.h; sourceTree = "<group>"; };
		FC1BCF2C1C21D8FD007DEC5F /* MJRefreshBackFooter.m */ = {isa = PBXFileReference; fileEncoding = 4; lastKnownFileType = sourcecode.c.objc; path = MJRefreshBackFooter.m; sourceTree = "<group>"; };
		FC1BCF2D1C21D8FD007DEC5F /* MJRefreshComponent.h */ = {isa = PBXFileReference; fileEncoding = 4; lastKnownFileType = sourcecode.c.h; path = MJRefreshComponent.h; sourceTree = "<group>"; };
		FC1BCF2E1C21D8FD007DEC5F /* MJRefreshComponent.m */ = {isa = PBXFileReference; fileEncoding = 4; lastKnownFileType = sourcecode.c.objc; path = MJRefreshComponent.m; sourceTree = "<group>"; };
		FC1BCF2F1C21D8FD007DEC5F /* MJRefreshFooter.h */ = {isa = PBXFileReference; fileEncoding = 4; lastKnownFileType = sourcecode.c.h; path = MJRefreshFooter.h; sourceTree = "<group>"; };
		FC1BCF301C21D8FD007DEC5F /* MJRefreshFooter.m */ = {isa = PBXFileReference; fileEncoding = 4; lastKnownFileType = sourcecode.c.objc; path = MJRefreshFooter.m; sourceTree = "<group>"; };
		FC1BCF311C21D8FD007DEC5F /* MJRefreshHeader.h */ = {isa = PBXFileReference; fileEncoding = 4; lastKnownFileType = sourcecode.c.h; path = MJRefreshHeader.h; sourceTree = "<group>"; };
		FC1BCF321C21D8FD007DEC5F /* MJRefreshHeader.m */ = {isa = PBXFileReference; fileEncoding = 4; lastKnownFileType = sourcecode.c.objc; path = MJRefreshHeader.m; sourceTree = "<group>"; };
		FC1BCF391C21D93E007DEC5F /* MJDictionaryCache.h */ = {isa = PBXFileReference; fileEncoding = 4; lastKnownFileType = sourcecode.c.h; path = MJDictionaryCache.h; sourceTree = "<group>"; };
		FC1BCF3A1C21D93E007DEC5F /* MJDictionaryCache.m */ = {isa = PBXFileReference; fileEncoding = 4; lastKnownFileType = sourcecode.c.objc; path = MJDictionaryCache.m; sourceTree = "<group>"; };
		FC1BCF3B1C21D93E007DEC5F /* MJExtension.h */ = {isa = PBXFileReference; fileEncoding = 4; lastKnownFileType = sourcecode.c.h; path = MJExtension.h; sourceTree = "<group>"; };
		FC1BCF3C1C21D93E007DEC5F /* MJExtensionConst.h */ = {isa = PBXFileReference; fileEncoding = 4; lastKnownFileType = sourcecode.c.h; path = MJExtensionConst.h; sourceTree = "<group>"; };
		FC1BCF3D1C21D93E007DEC5F /* MJExtensionConst.m */ = {isa = PBXFileReference; fileEncoding = 4; lastKnownFileType = sourcecode.c.objc; path = MJExtensionConst.m; sourceTree = "<group>"; };
		FC1BCF3E1C21D93E007DEC5F /* MJFoundation.h */ = {isa = PBXFileReference; fileEncoding = 4; lastKnownFileType = sourcecode.c.h; path = MJFoundation.h; sourceTree = "<group>"; };
		FC1BCF3F1C21D93E007DEC5F /* MJFoundation.m */ = {isa = PBXFileReference; fileEncoding = 4; lastKnownFileType = sourcecode.c.objc; path = MJFoundation.m; sourceTree = "<group>"; };
		FC1BCF401C21D93E007DEC5F /* MJProperty.h */ = {isa = PBXFileReference; fileEncoding = 4; lastKnownFileType = sourcecode.c.h; path = MJProperty.h; sourceTree = "<group>"; };
		FC1BCF411C21D93E007DEC5F /* MJProperty.m */ = {isa = PBXFileReference; fileEncoding = 4; lastKnownFileType = sourcecode.c.objc; path = MJProperty.m; sourceTree = "<group>"; };
		FC1BCF421C21D93E007DEC5F /* MJPropertyKey.h */ = {isa = PBXFileReference; fileEncoding = 4; lastKnownFileType = sourcecode.c.h; path = MJPropertyKey.h; sourceTree = "<group>"; };
		FC1BCF431C21D93E007DEC5F /* MJPropertyKey.m */ = {isa = PBXFileReference; fileEncoding = 4; lastKnownFileType = sourcecode.c.objc; path = MJPropertyKey.m; sourceTree = "<group>"; };
		FC1BCF441C21D93E007DEC5F /* MJPropertyType.h */ = {isa = PBXFileReference; fileEncoding = 4; lastKnownFileType = sourcecode.c.h; path = MJPropertyType.h; sourceTree = "<group>"; };
		FC1BCF451C21D93E007DEC5F /* MJPropertyType.m */ = {isa = PBXFileReference; fileEncoding = 4; lastKnownFileType = sourcecode.c.objc; path = MJPropertyType.m; sourceTree = "<group>"; };
		FC1BCF461C21D93E007DEC5F /* NSObject+MJClass.h */ = {isa = PBXFileReference; fileEncoding = 4; lastKnownFileType = sourcecode.c.h; path = "NSObject+MJClass.h"; sourceTree = "<group>"; };
		FC1BCF471C21D93E007DEC5F /* NSObject+MJClass.m */ = {isa = PBXFileReference; fileEncoding = 4; lastKnownFileType = sourcecode.c.objc; path = "NSObject+MJClass.m"; sourceTree = "<group>"; };
		FC1BCF481C21D93E007DEC5F /* NSObject+MJCoding.h */ = {isa = PBXFileReference; fileEncoding = 4; lastKnownFileType = sourcecode.c.h; path = "NSObject+MJCoding.h"; sourceTree = "<group>"; };
		FC1BCF491C21D93E007DEC5F /* NSObject+MJCoding.m */ = {isa = PBXFileReference; fileEncoding = 4; lastKnownFileType = sourcecode.c.objc; path = "NSObject+MJCoding.m"; sourceTree = "<group>"; };
		FC1BCF4A1C21D93E007DEC5F /* NSObject+MJKeyValue.h */ = {isa = PBXFileReference; fileEncoding = 4; lastKnownFileType = sourcecode.c.h; path = "NSObject+MJKeyValue.h"; sourceTree = "<group>"; };
		FC1BCF4B1C21D93E007DEC5F /* NSObject+MJKeyValue.m */ = {isa = PBXFileReference; fileEncoding = 4; lastKnownFileType = sourcecode.c.objc; path = "NSObject+MJKeyValue.m"; sourceTree = "<group>"; };
		FC1BCF4C1C21D93E007DEC5F /* NSObject+MJProperty.h */ = {isa = PBXFileReference; fileEncoding = 4; lastKnownFileType = sourcecode.c.h; path = "NSObject+MJProperty.h"; sourceTree = "<group>"; };
		FC1BCF4D1C21D93E007DEC5F /* NSObject+MJProperty.m */ = {isa = PBXFileReference; fileEncoding = 4; lastKnownFileType = sourcecode.c.objc; path = "NSObject+MJProperty.m"; sourceTree = "<group>"; };
		FC1BCF4E1C21D93E007DEC5F /* NSString+MJExtension.h */ = {isa = PBXFileReference; fileEncoding = 4; lastKnownFileType = sourcecode.c.h; path = "NSString+MJExtension.h"; sourceTree = "<group>"; };
		FC1BCF4F1C21D93E007DEC5F /* NSString+MJExtension.m */ = {isa = PBXFileReference; fileEncoding = 4; lastKnownFileType = sourcecode.c.objc; path = "NSString+MJExtension.m"; sourceTree = "<group>"; };
		FC9F33471C2147B4004AF041 /* GFNavigationController.h */ = {isa = PBXFileReference; fileEncoding = 4; lastKnownFileType = sourcecode.c.h; path = GFNavigationController.h; sourceTree = "<group>"; };
		FC9F33481C2147B4004AF041 /* GFNavigationController.m */ = {isa = PBXFileReference; fileEncoding = 4; lastKnownFileType = sourcecode.c.objc; path = GFNavigationController.m; sourceTree = "<group>"; };
		FCB8CAED1C205BAF002EE1D3 /* GFSinaWeiBo.app */ = {isa = PBXFileReference; explicitFileType = wrapper.application; includeInIndex = 0; path = GFSinaWeiBo.app; sourceTree = BUILT_PRODUCTS_DIR; };
		FCB8CAF11C205BAF002EE1D3 /* main.m */ = {isa = PBXFileReference; lastKnownFileType = sourcecode.c.objc; path = main.m; sourceTree = "<group>"; };
		FCB8CAF31C205BAF002EE1D3 /* AppDelegate.h */ = {isa = PBXFileReference; lastKnownFileType = sourcecode.c.h; path = AppDelegate.h; sourceTree = "<group>"; };
		FCB8CAF41C205BAF002EE1D3 /* AppDelegate.m */ = {isa = PBXFileReference; lastKnownFileType = sourcecode.c.objc; path = AppDelegate.m; sourceTree = "<group>"; };
		FCB8CAFD1C205BAF002EE1D3 /* GFSinaWeiBo.xcdatamodel */ = {isa = PBXFileReference; lastKnownFileType = wrapper.xcdatamodel; path = GFSinaWeiBo.xcdatamodel; sourceTree = "<group>"; };
		FCB8CAFF1C205BAF002EE1D3 /* Assets.xcassets */ = {isa = PBXFileReference; lastKnownFileType = folder.assetcatalog; path = Assets.xcassets; sourceTree = "<group>"; };
		FCB8CB021C205BAF002EE1D3 /* Base */ = {isa = PBXFileReference; lastKnownFileType = file.storyboard; name = Base; path = Base.lproj/LaunchScreen.storyboard; sourceTree = "<group>"; };
		FCB8CB041C205BAF002EE1D3 /* Info.plist */ = {isa = PBXFileReference; lastKnownFileType = text.plist.xml; path = Info.plist; sourceTree = "<group>"; };
		FCB8CB091C205BAF002EE1D3 /* GFSinaWeiBoTests.xctest */ = {isa = PBXFileReference; explicitFileType = wrapper.cfbundle; includeInIndex = 0; path = GFSinaWeiBoTests.xctest; sourceTree = BUILT_PRODUCTS_DIR; };
		FCB8CB0D1C205BAF002EE1D3 /* GFSinaWeiBoTests.m */ = {isa = PBXFileReference; lastKnownFileType = sourcecode.c.objc; path = GFSinaWeiBoTests.m; sourceTree = "<group>"; };
		FCB8CB0F1C205BAF002EE1D3 /* Info.plist */ = {isa = PBXFileReference; lastKnownFileType = text.plist.xml; path = Info.plist; sourceTree = "<group>"; };
		FCB8CB141C205BAF002EE1D3 /* GFSinaWeiBoUITests.xctest */ = {isa = PBXFileReference; explicitFileType = wrapper.cfbundle; includeInIndex = 0; path = GFSinaWeiBoUITests.xctest; sourceTree = BUILT_PRODUCTS_DIR; };
		FCB8CB181C205BAF002EE1D3 /* GFSinaWeiBoUITests.m */ = {isa = PBXFileReference; lastKnownFileType = sourcecode.c.objc; path = GFSinaWeiBoUITests.m; sourceTree = "<group>"; };
		FCB8CB1A1C205BAF002EE1D3 /* Info.plist */ = {isa = PBXFileReference; lastKnownFileType = text.plist.xml; path = Info.plist; sourceTree = "<group>"; };
		FCB8CB261C20618E002EE1D3 /* UIKit.framework */ = {isa = PBXFileReference; lastKnownFileType = wrapper.framework; name = UIKit.framework; path = System/Library/Frameworks/UIKit.framework; sourceTree = SDKROOT; };
		FCB8CB281C206194002EE1D3 /* Foundation.framework */ = {isa = PBXFileReference; lastKnownFileType = wrapper.framework; name = Foundation.framework; path = System/Library/Frameworks/Foundation.framework; sourceTree = SDKROOT; };
		FCB8CB2D1C20622C002EE1D3 /* GFTabBarViewController.h */ = {isa = PBXFileReference; fileEncoding = 4; lastKnownFileType = sourcecode.c.h; path = GFTabBarViewController.h; sourceTree = "<group>"; };
		FCB8CB2E1C20622C002EE1D3 /* GFTabBarViewController.m */ = {isa = PBXFileReference; fileEncoding = 4; lastKnownFileType = sourcecode.c.objc; path = GFTabBarViewController.m; sourceTree = "<group>"; };
/* End PBXFileReference section */

/* Begin PBXFrameworksBuildPhase section */
		FCB8CAEA1C205BAF002EE1D3 /* Frameworks */ = {
			isa = PBXFrameworksBuildPhase;
			buildActionMask = 2147483647;
			files = (
				FCB8CB291C206194002EE1D3 /* Foundation.framework in Frameworks */,
				FCB8CB271C20618E002EE1D3 /* UIKit.framework in Frameworks */,
			);
			runOnlyForDeploymentPostprocessing = 0;
		};
		FCB8CB061C205BAF002EE1D3 /* Frameworks */ = {
			isa = PBXFrameworksBuildPhase;
			buildActionMask = 2147483647;
			files = (
			);
			runOnlyForDeploymentPostprocessing = 0;
		};
		FCB8CB111C205BAF002EE1D3 /* Frameworks */ = {
			isa = PBXFrameworksBuildPhase;
			buildActionMask = 2147483647;
			files = (
			);
			runOnlyForDeploymentPostprocessing = 0;
		};
/* End PBXFrameworksBuildPhase section */

/* Begin PBXGroup section */
		FC0C561B1C20677100B6CF1D /* Message */ = {
			isa = PBXGroup;
			children = (
				FC0C561E1C2067C000B6CF1D /* GFMessageViewController.h */,
				FC0C561F1C2067C000B6CF1D /* GFMessageViewController.m */,
			);
			name = Message;
			sourceTree = "<group>";
		};
		FC0C561C1C20678000B6CF1D /* Discover */ = {
			isa = PBXGroup;
			children = (
				FC0C56211C2067CE00B6CF1D /* GFDiscoverViewController.h */,
				FC0C56221C2067CE00B6CF1D /* GFDiscoverViewController.m */,
				FC099E3F1C215A58009D63B1 /* GFSearchBar.h */,
				FC099E401C215A58009D63B1 /* GFSearchBar.m */,
			);
			name = Discover;
			sourceTree = "<group>";
		};
		FC0C561D1C20678A00B6CF1D /* Me */ = {
			isa = PBXGroup;
			children = (
				FC0C56241C2067D500B6CF1D /* GFMeViewController.h */,
				FC0C56251C2067D500B6CF1D /* GFMeViewController.m */,
			);
			name = Me;
			sourceTree = "<group>";
		};
		FC0C56271C20687000B6CF1D /* Extension */ = {
			isa = PBXGroup;
			children = (
				FC0C562B1C206A7700B6CF1D /* UIImage+GFImage.h */,
				FC0C562C1C206A7700B6CF1D /* UIImage+GFImage.m */,
				FC9F33471C2147B4004AF041 /* GFNavigationController.h */,
				FC9F33481C2147B4004AF041 /* GFNavigationController.m */,
				FC099E421C21654A009D63B1 /* UIBarButtonItem+GFBarButtonItem.h */,
				FC099E431C21654A009D63B1 /* UIBarButtonItem+GFBarButtonItem.m */,
			);
			name = Extension;
			sourceTree = "<group>";
		};
		FC0C562E1C20715900B6CF1D /* View */ = {
			isa = PBXGroup;
			children = (
				FC0C56311C2073CD00B6CF1D /* GFTabBar.h */,
				FC0C56321C2073CD00B6CF1D /* GFTabBar.m */,
			);
			name = View;
			sourceTree = "<group>";
		};
		FC0C562F1C20718800B6CF1D /* Controller */ = {
			isa = PBXGroup;
			children = (
				FCB8CB2D1C20622C002EE1D3 /* GFTabBarViewController.h */,
				FCB8CB2E1C20622C002EE1D3 /* GFTabBarViewController.m */,
			);
			name = Controller;
			sourceTree = "<group>";
		};
		FC0C56301C20718E00B6CF1D /* Model */ = {
			isa = PBXGroup;
			children = (
			);
			name = Model;
			sourceTree = "<group>";
		};
		FC1BCEF61C21A21D007DEC5F /* Controller */ = {
			isa = PBXGroup;
			children = (
				FC0C56181C20671700B6CF1D /* GFHomeViewController.h */,
				FC0C56191C20671700B6CF1D /* GFHomeViewController.m */,
				FC099E451C216820009D63B1 /* GFOneViewController.h */,
				FC099E461C216820009D63B1 /* GFOneViewController.m */,
				FC010AA71C21712800449FB9 /* GFTwoViewController.h */,
				FC010AA81C21712800449FB9 /* GFTwoViewController.m */,
			);
			name = Controller;
			sourceTree = "<group>";
		};
		FC1BCEF71C21A224007DEC5F /* View */ = {
			isa = PBXGroup;
			children = (
			);
			name = View;
			sourceTree = "<group>";
		};
		FC1BCEF81C21A22C007DEC5F /* Model */ = {
			isa = PBXGroup;
			children = (
				FC1BCF251C21D3CD007DEC5F /* GFSinaData.h */,
				FC1BCF261C21D3CD007DEC5F /* GFSinaData.m */,
			);
			name = Model;
			sourceTree = "<group>";
		};
		FC1BCEF91C21A2F8007DEC5F /* oAuth */ = {
			isa = PBXGroup;
			children = (
				FC1BCF1C1C21B196007DEC5F /* Model */,
				FC1BCF1B1C21B187007DEC5F /* Controller */,
			);
			name = oAuth;
			sourceTree = "<group>";
		};
		FC1BCEFD1C21AAD4007DEC5F /* ThirdFrameWork */ = {
			isa = PBXGroup;
			children = (
				FC1BCF381C21D93E007DEC5F /* MJExtension */,
				FC1BCF281C21D8FD007DEC5F /* MJRefresh */,
				FC1BCEFE1C21AB14007DEC5F /* AFNetworking */,
			);
			name = ThirdFrameWork;
			sourceTree = "<group>";
		};
		FC1BCEFE1C21AB14007DEC5F /* AFNetworking */ = {
			isa = PBXGroup;
			children = (
				FC1BCEFF1C21AB14007DEC5F /* AFHTTPRequestOperation.h */,
				FC1BCF001C21AB14007DEC5F /* AFHTTPRequestOperation.m */,
				FC1BCF011C21AB14007DEC5F /* AFHTTPRequestOperationManager.h */,
				FC1BCF021C21AB14007DEC5F /* AFHTTPRequestOperationManager.m */,
				FC1BCF031C21AB14007DEC5F /* AFHTTPSessionManager.h */,
				FC1BCF041C21AB14007DEC5F /* AFHTTPSessionManager.m */,
				FC1BCF051C21AB14007DEC5F /* AFNetworking.h */,
				FC1BCF061C21AB14007DEC5F /* AFNetworkReachabilityManager.h */,
				FC1BCF071C21AB14007DEC5F /* AFNetworkReachabilityManager.m */,
				FC1BCF081C21AB14007DEC5F /* AFSecurityPolicy.h */,
				FC1BCF091C21AB14007DEC5F /* AFSecurityPolicy.m */,
				FC1BCF0A1C21AB14007DEC5F /* AFURLConnectionOperation.h */,
				FC1BCF0B1C21AB14007DEC5F /* AFURLConnectionOperation.m */,
				FC1BCF0C1C21AB14007DEC5F /* AFURLRequestSerialization.h */,
				FC1BCF0D1C21AB14007DEC5F /* AFURLRequestSerialization.m */,
				FC1BCF0E1C21AB14007DEC5F /* AFURLResponseSerialization.h */,
				FC1BCF0F1C21AB14007DEC5F /* AFURLResponseSerialization.m */,
				FC1BCF101C21AB14007DEC5F /* AFURLSessionManager.h */,
				FC1BCF111C21AB14007DEC5F /* AFURLSessionManager.m */,
			);
			path = AFNetworking;
			sourceTree = "<group>";
		};
		FC1BCF1B1C21B187007DEC5F /* Controller */ = {
			isa = PBXGroup;
			children = (
				FC1BCEFA1C21A318007DEC5F /* GFOAuthViewController.h */,
				FC1BCEFB1C21A318007DEC5F /* GFOAuthViewController.m */,
			);
			name = Controller;
			sourceTree = "<group>";
		};
		FC1BCF1C1C21B196007DEC5F /* Model */ = {
			isa = PBXGroup;
			children = (
				FC1BCF1D1C21B1CE007DEC5F /* GFSinaAccountInfo.h */,
				FC1BCF1E1C21B1CE007DEC5F /* GFSinaAccountInfo.m */,
			);
			name = Model;
			sourceTree = "<group>";
		};
		FC1BCF201C21BCDF007DEC5F /* GFTools */ = {
			isa = PBXGroup;
			children = (
				FC1BCF211C21BCF9007DEC5F /* Account */,
			);
			name = GFTools;
			sourceTree = "<group>";
		};
		FC1BCF211C21BCF9007DEC5F /* Account */ = {
			isa = PBXGroup;
			children = (
				FC1BCF221C21BD27007DEC5F /* GFAccountTool.h */,
				FC1BCF231C21BD27007DEC5F /* GFAccountTool.m */,
			);
			name = Account;
			sourceTree = "<group>";
		};
		FC1BCF281C21D8FD007DEC5F /* MJRefresh */ = {
			isa = PBXGroup;
			children = (
				FC1BCF291C21D8FD007DEC5F /* MJRefreshAutoFooter.h */,
				FC1BCF2A1C21D8FD007DEC5F /* MJRefreshAutoFooter.m */,
				FC1BCF2B1C21D8FD007DEC5F /* MJRefreshBackFooter.h */,
				FC1BCF2C1C21D8FD007DEC5F /* MJRefreshBackFooter.m */,
				FC1BCF2D1C21D8FD007DEC5F /* MJRefreshComponent.h */,
				FC1BCF2E1C21D8FD007DEC5F /* MJRefreshComponent.m */,
				FC1BCF2F1C21D8FD007DEC5F /* MJRefreshFooter.h */,
				FC1BCF301C21D8FD007DEC5F /* MJRefreshFooter.m */,
				FC1BCF311C21D8FD007DEC5F /* MJRefreshHeader.h */,
				FC1BCF321C21D8FD007DEC5F /* MJRefreshHeader.m */,
			);
			path = MJRefresh;
			sourceTree = "<group>";
		};
		FC1BCF381C21D93E007DEC5F /* MJExtension */ = {
			isa = PBXGroup;
			children = (
				FC1BCF391C21D93E007DEC5F /* MJDictionaryCache.h */,
				FC1BCF3A1C21D93E007DEC5F /* MJDictionaryCache.m */,
				FC1BCF3B1C21D93E007DEC5F /* MJExtension.h */,
				FC1BCF3C1C21D93E007DEC5F /* MJExtensionConst.h */,
				FC1BCF3D1C21D93E007DEC5F /* MJExtensionConst.m */,
				FC1BCF3E1C21D93E007DEC5F /* MJFoundation.h */,
				FC1BCF3F1C21D93E007DEC5F /* MJFoundation.m */,
				FC1BCF401C21D93E007DEC5F /* MJProperty.h */,
				FC1BCF411C21D93E007DEC5F /* MJProperty.m */,
				FC1BCF421C21D93E007DEC5F /* MJPropertyKey.h */,
				FC1BCF431C21D93E007DEC5F /* MJPropertyKey.m */,
				FC1BCF441C21D93E007DEC5F /* MJPropertyType.h */,
				FC1BCF451C21D93E007DEC5F /* MJPropertyType.m */,
				FC1BCF461C21D93E007DEC5F /* NSObject+MJClass.h */,
				FC1BCF471C21D93E007DEC5F /* NSObject+MJClass.m */,
				FC1BCF481C21D93E007DEC5F /* NSObject+MJCoding.h */,
				FC1BCF491C21D93E007DEC5F /* NSObject+MJCoding.m */,
				FC1BCF4A1C21D93E007DEC5F /* NSObject+MJKeyValue.h */,
				FC1BCF4B1C21D93E007DEC5F /* NSObject+MJKeyValue.m */,
				FC1BCF4C1C21D93E007DEC5F /* NSObject+MJProperty.h */,
				FC1BCF4D1C21D93E007DEC5F /* NSObject+MJProperty.m */,
				FC1BCF4E1C21D93E007DEC5F /* NSString+MJExtension.h */,
				FC1BCF4F1C21D93E007DEC5F /* NSString+MJExtension.m */,
			);
			path = MJExtension;
			sourceTree = "<group>";
		};
		FC9F33401C21457C004AF041 /* Home */ = {
			isa = PBXGroup;
			children = (
				FC1BCEF81C21A22C007DEC5F /* Model */,
				FC1BCEF71C21A224007DEC5F /* View */,
				FC1BCEF61C21A21D007DEC5F /* Controller */,
			);
			name = Home;
			sourceTree = "<group>";
		};
		FCB8CAE41C205BAF002EE1D3 = {
			isa = PBXGroup;
			children = (
				FCB8CAEF1C205BAF002EE1D3 /* GFSinaWeiBo */,
				FCB8CB0C1C205BAF002EE1D3 /* GFSinaWeiBoTests */,
				FCB8CB171C205BAF002EE1D3 /* GFSinaWeiBoUITests */,
				FCB8CAEE1C205BAF002EE1D3 /* Products */,
			);
			sourceTree = "<group>";
		};
		FCB8CAEE1C205BAF002EE1D3 /* Products */ = {
			isa = PBXGroup;
			children = (
				FCB8CAED1C205BAF002EE1D3 /* GFSinaWeiBo.app */,
				FCB8CB091C205BAF002EE1D3 /* GFSinaWeiBoTests.xctest */,
				FCB8CB141C205BAF002EE1D3 /* GFSinaWeiBoUITests.xctest */,
			);
			name = Products;
			sourceTree = "<group>";
		};
		FCB8CAEF1C205BAF002EE1D3 /* GFSinaWeiBo */ = {
			isa = PBXGroup;
			children = (
				FC1BCF201C21BCDF007DEC5F /* GFTools */,
				FC1BCEF91C21A2F8007DEC5F /* oAuth */,
				FC9F33401C21457C004AF041 /* Home */,
				FCB8CB2C1C2061F0002EE1D3 /* Main */,
				FC0C561D1C20678A00B6CF1D /* Me */,
				FC0C561C1C20678000B6CF1D /* Discover */,
				FC0C561B1C20677100B6CF1D /* Message */,
				FCB8CB2B1C2061AB002EE1D3 /* Other */,
				FCB8CB2A1C206199002EE1D3 /* FrameWork */,
				FCB8CAFF1C205BAF002EE1D3 /* Assets.xcassets */,
				FCB8CAF01C205BAF002EE1D3 /* Supporting Files */,
			);
			path = GFSinaWeiBo;
			sourceTree = "<group>";
		};
		FCB8CAF01C205BAF002EE1D3 /* Supporting Files */ = {
			isa = PBXGroup;
			children = (
				FCB8CAF11C205BAF002EE1D3 /* main.m */,
			);
			name = "Supporting Files";
			sourceTree = "<group>";
		};
		FCB8CB0C1C205BAF002EE1D3 /* GFSinaWeiBoTests */ = {
			isa = PBXGroup;
			children = (
				FCB8CB0D1C205BAF002EE1D3 /* GFSinaWeiBoTests.m */,
				FCB8CB0F1C205BAF002EE1D3 /* Info.plist */,
			);
			path = GFSinaWeiBoTests;
			sourceTree = "<group>";
		};
		FCB8CB171C205BAF002EE1D3 /* GFSinaWeiBoUITests */ = {
			isa = PBXGroup;
			children = (
				FCB8CB181C205BAF002EE1D3 /* GFSinaWeiBoUITests.m */,
				FCB8CB1A1C205BAF002EE1D3 /* Info.plist */,
			);
			path = GFSinaWeiBoUITests;
			sourceTree = "<group>";
		};
		FCB8CB2A1C206199002EE1D3 /* FrameWork */ = {
			isa = PBXGroup;
			children = (
				FC1BCEFD1C21AAD4007DEC5F /* ThirdFrameWork */,
				FCB8CB281C206194002EE1D3 /* Foundation.framework */,
				FCB8CB261C20618E002EE1D3 /* UIKit.framework */,
			);
			name = FrameWork;
			sourceTree = "<group>";
		};
		FCB8CB2B1C2061AB002EE1D3 /* Other */ = {
			isa = PBXGroup;
			children = (
				FC0C56271C20687000B6CF1D /* Extension */,
				FCB8CAF31C205BAF002EE1D3 /* AppDelegate.h */,
				FCB8CAF41C205BAF002EE1D3 /* AppDelegate.m */,
				FCB8CB011C205BAF002EE1D3 /* LaunchScreen.storyboard */,
				FCB8CB041C205BAF002EE1D3 /* Info.plist */,
				FCB8CAFC1C205BAF002EE1D3 /* GFSinaWeiBo.xcdatamodeld */,
			);
			name = Other;
			sourceTree = "<group>";
		};
		FCB8CB2C1C2061F0002EE1D3 /* Main */ = {
			isa = PBXGroup;
			children = (
				FC0C56301C20718E00B6CF1D /* Model */,
				FC0C562F1C20718800B6CF1D /* Controller */,
				FC0C562E1C20715900B6CF1D /* View */,
			);
			name = Main;
			sourceTree = "<group>";
		};
/* End PBXGroup section */

/* Begin PBXNativeTarget section */
		FCB8CAEC1C205BAF002EE1D3 /* GFSinaWeiBo */ = {
			isa = PBXNativeTarget;
			buildConfigurationList = FCB8CB1D1C205BAF002EE1D3 /* Build configuration list for PBXNativeTarget "GFSinaWeiBo" */;
			buildPhases = (
				FCB8CAE91C205BAF002EE1D3 /* Sources */,
				FCB8CAEA1C205BAF002EE1D3 /* Frameworks */,
				FCB8CAEB1C205BAF002EE1D3 /* Resources */,
			);
			buildRules = (
			);
			dependencies = (
			);
			name = GFSinaWeiBo;
			productName = GFSinaWeiBo;
			productReference = FCB8CAED1C205BAF002EE1D3 /* GFSinaWeiBo.app */;
			productType = "com.apple.product-type.application";
		};
		FCB8CB081C205BAF002EE1D3 /* GFSinaWeiBoTests */ = {
			isa = PBXNativeTarget;
			buildConfigurationList = FCB8CB201C205BAF002EE1D3 /* Build configuration list for PBXNativeTarget "GFSinaWeiBoTests" */;
			buildPhases = (
				FCB8CB051C205BAF002EE1D3 /* Sources */,
				FCB8CB061C205BAF002EE1D3 /* Frameworks */,
				FCB8CB071C205BAF002EE1D3 /* Resources */,
			);
			buildRules = (
			);
			dependencies = (
				FCB8CB0B1C205BAF002EE1D3 /* PBXTargetDependency */,
			);
			name = GFSinaWeiBoTests;
			productName = GFSinaWeiBoTests;
			productReference = FCB8CB091C205BAF002EE1D3 /* GFSinaWeiBoTests.xctest */;
			productType = "com.apple.product-type.bundle.unit-test";
		};
		FCB8CB131C205BAF002EE1D3 /* GFSinaWeiBoUITests */ = {
			isa = PBXNativeTarget;
			buildConfigurationList = FCB8CB231C205BAF002EE1D3 /* Build configuration list for PBXNativeTarget "GFSinaWeiBoUITests" */;
			buildPhases = (
				FCB8CB101C205BAF002EE1D3 /* Sources */,
				FCB8CB111C205BAF002EE1D3 /* Frameworks */,
				FCB8CB121C205BAF002EE1D3 /* Resources */,
			);
			buildRules = (
			);
			dependencies = (
				FCB8CB161C205BAF002EE1D3 /* PBXTargetDependency */,
			);
			name = GFSinaWeiBoUITests;
			productName = GFSinaWeiBoUITests;
			productReference = FCB8CB141C205BAF002EE1D3 /* GFSinaWeiBoUITests.xctest */;
			productType = "com.apple.product-type.bundle.ui-testing";
		};
/* End PBXNativeTarget section */

/* Begin PBXProject section */
		FCB8CAE51C205BAF002EE1D3 /* Project object */ = {
			isa = PBXProject;
			attributes = {
				CLASSPREFIX = GF;
				LastUpgradeCheck = 0720;
				ORGANIZATIONNAME = goofyy;
				TargetAttributes = {
					FCB8CAEC1C205BAF002EE1D3 = {
						CreatedOnToolsVersion = 7.2;
					};
					FCB8CB081C205BAF002EE1D3 = {
						CreatedOnToolsVersion = 7.2;
						TestTargetID = FCB8CAEC1C205BAF002EE1D3;
					};
					FCB8CB131C205BAF002EE1D3 = {
						CreatedOnToolsVersion = 7.2;
						TestTargetID = FCB8CAEC1C205BAF002EE1D3;
					};
				};
			};
			buildConfigurationList = FCB8CAE81C205BAF002EE1D3 /* Build configuration list for PBXProject "GFSinaWeiBo" */;
			compatibilityVersion = "Xcode 3.2";
			developmentRegion = English;
			hasScannedForEncodings = 0;
			knownRegions = (
				en,
				Base,
			);
			mainGroup = FCB8CAE41C205BAF002EE1D3;
			productRefGroup = FCB8CAEE1C205BAF002EE1D3 /* Products */;
			projectDirPath = "";
			projectRoot = "";
			targets = (
				FCB8CAEC1C205BAF002EE1D3 /* GFSinaWeiBo */,
				FCB8CB081C205BAF002EE1D3 /* GFSinaWeiBoTests */,
				FCB8CB131C205BAF002EE1D3 /* GFSinaWeiBoUITests */,
			);
		};
/* End PBXProject section */

/* Begin PBXResourcesBuildPhase section */
		FCB8CAEB1C205BAF002EE1D3 /* Resources */ = {
			isa = PBXResourcesBuildPhase;
			buildActionMask = 2147483647;
			files = (
				FCB8CB031C205BAF002EE1D3 /* LaunchScreen.storyboard in Resources */,
				FCB8CB001C205BAF002EE1D3 /* Assets.xcassets in Resources */,
			);
			runOnlyForDeploymentPostprocessing = 0;
		};
		FCB8CB071C205BAF002EE1D3 /* Resources */ = {
			isa = PBXResourcesBuildPhase;
			buildActionMask = 2147483647;
			files = (
			);
			runOnlyForDeploymentPostprocessing = 0;
		};
		FCB8CB121C205BAF002EE1D3 /* Resources */ = {
			isa = PBXResourcesBuildPhase;
			buildActionMask = 2147483647;
			files = (
			);
			runOnlyForDeploymentPostprocessing = 0;
		};
/* End PBXResourcesBuildPhase section */

/* Begin PBXSourcesBuildPhase section */
		FCB8CAE91C205BAF002EE1D3 /* Sources */ = {
			isa = PBXSourcesBuildPhase;
			buildActionMask = 2147483647;
			files = (
				FC1BCF551C21D93E007DEC5F /* MJPropertyType.m in Sources */,
				FC1BCF1A1C21AB15007DEC5F /* AFURLSessionManager.m in Sources */,
				FC1BCF361C21D8FD007DEC5F /* MJRefreshFooter.m in Sources */,
				FC1BCF171C21AB15007DEC5F /* AFURLConnectionOperation.m in Sources */,
				FC1BCF521C21D93E007DEC5F /* MJFoundation.m in Sources */,
				FC9F33491C2147B4004AF041 /* GFNavigationController.m in Sources */,
				FC1BCF331C21D8FD007DEC5F /* MJRefreshAutoFooter.m in Sources */,
				FC1BCF241C21BD27007DEC5F /* GFAccountTool.m in Sources */,
				FC1BCF1F1C21B1CE007DEC5F /* GFSinaAccountInfo.m in Sources */,
				FC1BCF141C21AB15007DEC5F /* AFHTTPSessionManager.m in Sources */,
				FC1BCF581C21D93E007DEC5F /* NSObject+MJKeyValue.m in Sources */,
				FC1BCF151C21AB15007DEC5F /* AFNetworkReachabilityManager.m in Sources */,
				FC1BCF5A1C21D93E007DEC5F /* NSString+MJExtension.m in Sources */,
				FC1BCF571C21D93E007DEC5F /* NSObject+MJCoding.m in Sources */,
				FC1BCF501C21D93E007DEC5F /* MJDictionaryCache.m in Sources */,
				FC0C561A1C20671700B6CF1D /* GFHomeViewController.m in Sources */,
				FC1BCF561C21D93E007DEC5F /* NSObject+MJClass.m in Sources */,
				FC1BCF371C21D8FD007DEC5F /* MJRefreshHeader.m in Sources */,
				FCB8CB2F1C20622C002EE1D3 /* GFTabBarViewController.m in Sources */,
				FC099E441C21654A009D63B1 /* UIBarButtonItem+GFBarButtonItem.m in Sources */,
				FCB8CAF51C205BAF002EE1D3 /* AppDelegate.m in Sources */,
				FC1BCF161C21AB15007DEC5F /* AFSecurityPolicy.m in Sources */,
				FC1BCF511C21D93E007DEC5F /* MJExtensionConst.m in Sources */,
				FC099E411C215A58009D63B1 /* GFSearchBar.m in Sources */,
				FC0C56201C2067C000B6CF1D /* GFMessageViewController.m in Sources */,
				FC0C56331C2073CD00B6CF1D /* GFTabBar.m in Sources */,
				FC1BCF131C21AB15007DEC5F /* AFHTTPRequestOperationManager.m in Sources */,
				FC0C562D1C206A7700B6CF1D /* UIImage+GFImage.m in Sources */,
				FC1BCF341C21D8FD007DEC5F /* MJRefreshBackFooter.m in Sources */,
				FC1BCF531C21D93E007DEC5F /* MJProperty.m in Sources */,
				FC1BCF271C21D3CD007DEC5F /* GFSinaData.m in Sources */,
				FC1BCF591C21D93E007DEC5F /* NSObject+MJProperty.m in Sources */,
				FCB8CAFE1C205BAF002EE1D3 /* GFSinaWeiBo.xcdatamodeld in Sources */,
				FC1BCF541C21D93E007DEC5F /* MJPropertyKey.m in Sources */,
				FC0C56261C2067D500B6CF1D /* GFMeViewController.m in Sources */,
				FC010AA91C21712800449FB9 /* GFTwoViewController.m in Sources */,
				FC0C56231C2067CE00B6CF1D /* GFDiscoverViewController.m in Sources */,
				FC099E471C216820009D63B1 /* GFOneViewController.m in Sources */,
				FCB8CAF21C205BAF002EE1D3 /* main.m in Sources */,
				FC1BCF181C21AB15007DEC5F /* AFURLRequestSerialization.m in Sources */,
				FC1BCF121C21AB15007DEC5F /* AFHTTPRequestOperation.m in Sources */,
				FC1BCF191C21AB15007DEC5F /* AFURLResponseSerialization.m in Sources */,
				FC1BCEFC1C21A318007DEC5F /* GFOAuthViewController.m in Sources */,
				FC1BCF351C21D8FD007DEC5F /* MJRefreshComponent.m in Sources */,
			);
			runOnlyForDeploymentPostprocessing = 0;
		};
		FCB8CB051C205BAF002EE1D3 /* Sources */ = {
			isa = PBXSourcesBuildPhase;
			buildActionMask = 2147483647;
			files = (
				FCB8CB0E1C205BAF002EE1D3 /* GFSinaWeiBoTests.m in Sources */,
			);
			runOnlyForDeploymentPostprocessing = 0;
		};
		FCB8CB101C205BAF002EE1D3 /* Sources */ = {
			isa = PBXSourcesBuildPhase;
			buildActionMask = 2147483647;
			files = (
				FCB8CB191C205BAF002EE1D3 /* GFSinaWeiBoUITests.m in Sources */,
			);
			runOnlyForDeploymentPostprocessing = 0;
		};
/* End PBXSourcesBuildPhase section */

/* Begin PBXTargetDependency section */
		FCB8CB0B1C205BAF002EE1D3 /* PBXTargetDependency */ = {
			isa = PBXTargetDependency;
			target = FCB8CAEC1C205BAF002EE1D3 /* GFSinaWeiBo */;
			targetProxy = FCB8CB0A1C205BAF002EE1D3 /* PBXContainerItemProxy */;
		};
		FCB8CB161C205BAF002EE1D3 /* PBXTargetDependency */ = {
			isa = PBXTargetDependency;
			target = FCB8CAEC1C205BAF002EE1D3 /* GFSinaWeiBo */;
			targetProxy = FCB8CB151C205BAF002EE1D3 /* PBXContainerItemProxy */;
		};
/* End PBXTargetDependency section */

/* Begin PBXVariantGroup section */
		FCB8CB011C205BAF002EE1D3 /* LaunchScreen.storyboard */ = {
			isa = PBXVariantGroup;
			children = (
				FCB8CB021C205BAF002EE1D3 /* Base */,
			);
			name = LaunchScreen.storyboard;
			sourceTree = "<group>";
		};
/* End PBXVariantGroup section */

/* Begin XCBuildConfiguration section */
		FCB8CB1B1C205BAF002EE1D3 /* Debug */ = {
			isa = XCBuildConfiguration;
			buildSettings = {
				ALWAYS_SEARCH_USER_PATHS = NO;
				CLANG_CXX_LANGUAGE_STANDARD = "gnu++0x";
				CLANG_CXX_LIBRARY = "libc++";
				CLANG_ENABLE_MODULES = YES;
				CLANG_ENABLE_OBJC_ARC = YES;
				CLANG_WARN_BOOL_CONVERSION = YES;
				CLANG_WARN_CONSTANT_CONVERSION = YES;
				CLANG_WARN_DIRECT_OBJC_ISA_USAGE = YES_ERROR;
				CLANG_WARN_EMPTY_BODY = YES;
				CLANG_WARN_ENUM_CONVERSION = YES;
				CLANG_WARN_INT_CONVERSION = YES;
				CLANG_WARN_OBJC_ROOT_CLASS = YES_ERROR;
				CLANG_WARN_UNREACHABLE_CODE = YES;
				CLANG_WARN__DUPLICATE_METHOD_MATCH = YES;
				"CODE_SIGN_IDENTITY[sdk=iphoneos*]" = "iPhone Developer";
				COPY_PHASE_STRIP = NO;
				DEBUG_INFORMATION_FORMAT = dwarf;
				ENABLE_STRICT_OBJC_MSGSEND = YES;
				ENABLE_TESTABILITY = YES;
				GCC_C_LANGUAGE_STANDARD = gnu99;
				GCC_DYNAMIC_NO_PIC = NO;
				GCC_NO_COMMON_BLOCKS = YES;
				GCC_OPTIMIZATION_LEVEL = 0;
				GCC_PREPROCESSOR_DEFINITIONS = (
					"DEBUG=1",
					"$(inherited)",
				);
				GCC_WARN_64_TO_32_BIT_CONVERSION = YES;
				GCC_WARN_ABOUT_RETURN_TYPE = YES_ERROR;
				GCC_WARN_UNDECLARED_SELECTOR = YES;
				GCC_WARN_UNINITIALIZED_AUTOS = YES_AGGRESSIVE;
				GCC_WARN_UNUSED_FUNCTION = YES;
				GCC_WARN_UNUSED_VARIABLE = YES;
				IPHONEOS_DEPLOYMENT_TARGET = 9.2;
				MTL_ENABLE_DEBUG_INFO = YES;
				ONLY_ACTIVE_ARCH = YES;
				SDKROOT = iphoneos;
			};
			name = Debug;
		};
		FCB8CB1C1C205BAF002EE1D3 /* Release */ = {
			isa = XCBuildConfiguration;
			buildSettings = {
				ALWAYS_SEARCH_USER_PATHS = NO;
				CLANG_CXX_LANGUAGE_STANDARD = "gnu++0x";
				CLANG_CXX_LIBRARY = "libc++";
				CLANG_ENABLE_MODULES = YES;
				CLANG_ENABLE_OBJC_ARC = YES;
				CLANG_WARN_BOOL_CONVERSION = YES;
				CLANG_WARN_CONSTANT_CONVERSION = YES;
				CLANG_WARN_DIRECT_OBJC_ISA_USAGE = YES_ERROR;
				CLANG_WARN_EMPTY_BODY = YES;
				CLANG_WARN_ENUM_CONVERSION = YES;
				CLANG_WARN_INT_CONVERSION = YES;
				CLANG_WARN_OBJC_ROOT_CLASS = YES_ERROR;
				CLANG_WARN_UNREACHABLE_CODE = YES;
				CLANG_WARN__DUPLICATE_METHOD_MATCH = YES;
				"CODE_SIGN_IDENTITY[sdk=iphoneos*]" = "iPhone Developer";
				COPY_PHASE_STRIP = NO;
				DEBUG_INFORMATION_FORMAT = "dwarf-with-dsym";
				ENABLE_NS_ASSERTIONS = NO;
				ENABLE_STRICT_OBJC_MSGSEND = YES;
				GCC_C_LANGUAGE_STANDARD = gnu99;
				GCC_NO_COMMON_BLOCKS = YES;
				GCC_WARN_64_TO_32_BIT_CONVERSION = YES;
				GCC_WARN_ABOUT_RETURN_TYPE = YES_ERROR;
				GCC_WARN_UNDECLARED_SELECTOR = YES;
				GCC_WARN_UNINITIALIZED_AUTOS = YES_AGGRESSIVE;
				GCC_WARN_UNUSED_FUNCTION = YES;
				GCC_WARN_UNUSED_VARIABLE = YES;
				IPHONEOS_DEPLOYMENT_TARGET = 9.2;
				MTL_ENABLE_DEBUG_INFO = NO;
				SDKROOT = iphoneos;
				VALIDATE_PRODUCT = YES;
			};
			name = Release;
		};
		FCB8CB1E1C205BAF002EE1D3 /* Debug */ = {
			isa = XCBuildConfiguration;
			buildSettings = {
				ASSETCATALOG_COMPILER_APPICON_NAME = AppIcon;
				INFOPLIST_FILE = GFSinaWeiBo/Info.plist;
				LD_RUNPATH_SEARCH_PATHS = "$(inherited) @executable_path/Frameworks";
				PRODUCT_BUNDLE_IDENTIFIER = goofyy.com.GFSinaWeiBo;
				PRODUCT_NAME = "$(TARGET_NAME)";
			};
			name = Debug;
		};
		FCB8CB1F1C205BAF002EE1D3 /* Release */ = {
			isa = XCBuildConfiguration;
			buildSettings = {
				ASSETCATALOG_COMPILER_APPICON_NAME = AppIcon;
				INFOPLIST_FILE = GFSinaWeiBo/Info.plist;
				LD_RUNPATH_SEARCH_PATHS = "$(inherited) @executable_path/Frameworks";
				PRODUCT_BUNDLE_IDENTIFIER = goofyy.com.GFSinaWeiBo;
				PRODUCT_NAME = "$(TARGET_NAME)";
			};
			name = Release;
		};
		FCB8CB211C205BAF002EE1D3 /* Debug */ = {
			isa = XCBuildConfiguration;
			buildSettings = {
				BUNDLE_LOADER = "$(TEST_HOST)";
				INFOPLIST_FILE = GFSinaWeiBoTests/Info.plist;
				LD_RUNPATH_SEARCH_PATHS = "$(inherited) @executable_path/Frameworks @loader_path/Frameworks";
				PRODUCT_BUNDLE_IDENTIFIER = goofyy.com.GFSinaWeiBoTests;
				PRODUCT_NAME = "$(TARGET_NAME)";
				TEST_HOST = "$(BUILT_PRODUCTS_DIR)/GFSinaWeiBo.app/GFSinaWeiBo";
			};
			name = Debug;
		};
		FCB8CB221C205BAF002EE1D3 /* Release */ = {
			isa = XCBuildConfiguration;
			buildSettings = {
				BUNDLE_LOADER = "$(TEST_HOST)";
				INFOPLIST_FILE = GFSinaWeiBoTests/Info.plist;
				LD_RUNPATH_SEARCH_PATHS = "$(inherited) @executable_path/Frameworks @loader_path/Frameworks";
				PRODUCT_BUNDLE_IDENTIFIER = goofyy.com.GFSinaWeiBoTests;
				PRODUCT_NAME = "$(TARGET_NAME)";
				TEST_HOST = "$(BUILT_PRODUCTS_DIR)/GFSinaWeiBo.app/GFSinaWeiBo";
			};
			name = Release;
		};
		FCB8CB241C205BAF002EE1D3 /* Debug */ = {
			isa = XCBuildConfiguration;
			buildSettings = {
				INFOPLIST_FILE = GFSinaWeiBoUITests/Info.plist;
				LD_RUNPATH_SEARCH_PATHS = "$(inherited) @executable_path/Frameworks @loader_path/Frameworks";
				PRODUCT_BUNDLE_IDENTIFIER = goofyy.com.GFSinaWeiBoUITests;
				PRODUCT_NAME = "$(TARGET_NAME)";
				TEST_TARGET_NAME = GFSinaWeiBo;
				USES_XCTRUNNER = YES;
			};
			name = Debug;
		};
		FCB8CB251C205BAF002EE1D3 /* Release */ = {
			isa = XCBuildConfiguration;
			buildSettings = {
				INFOPLIST_FILE = GFSinaWeiBoUITests/Info.plist;
				LD_RUNPATH_SEARCH_PATHS = "$(inherited) @executable_path/Frameworks @loader_path/Frameworks";
				PRODUCT_BUNDLE_IDENTIFIER = goofyy.com.GFSinaWeiBoUITests;
				PRODUCT_NAME = "$(TARGET_NAME)";
				TEST_TARGET_NAME = GFSinaWeiBo;
				USES_XCTRUNNER = YES;
			};
			name = Release;
		};
/* End XCBuildConfiguration section */

/* Begin XCConfigurationList section */
		FCB8CAE81C205BAF002EE1D3 /* Build configuration list for PBXProject "GFSinaWeiBo" */ = {
			isa = XCConfigurationList;
			buildConfigurations = (
				FCB8CB1B1C205BAF002EE1D3 /* Debug */,
				FCB8CB1C1C205BAF002EE1D3 /* Release */,
			);
			defaultConfigurationIsVisible = 0;
			defaultConfigurationName = Release;
		};
		FCB8CB1D1C205BAF002EE1D3 /* Build configuration list for PBXNativeTarget "GFSinaWeiBo" */ = {
			isa = XCConfigurationList;
			buildConfigurations = (
				FCB8CB1E1C205BAF002EE1D3 /* Debug */,
				FCB8CB1F1C205BAF002EE1D3 /* Release */,
			);
			defaultConfigurationIsVisible = 0;
			defaultConfigurationName = Release;
		};
		FCB8CB201C205BAF002EE1D3 /* Build configuration list for PBXNativeTarget "GFSinaWeiBoTests" */ = {
			isa = XCConfigurationList;
			buildConfigurations = (
				FCB8CB211C205BAF002EE1D3 /* Debug */,
				FCB8CB221C205BAF002EE1D3 /* Release */,
			);
			defaultConfigurationIsVisible = 0;
			defaultConfigurationName = Release;
		};
		FCB8CB231C205BAF002EE1D3 /* Build configuration list for PBXNativeTarget "GFSinaWeiBoUITests" */ = {
			isa = XCConfigurationList;
			buildConfigurations = (
				FCB8CB241C205BAF002EE1D3 /* Debug */,
				FCB8CB251C205BAF002EE1D3 /* Release */,
			);
			defaultConfigurationIsVisible = 0;
			defaultConfigurationName = Release;
		};
/* End XCConfigurationList section */

/* Begin XCVersionGroup section */
		FCB8CAFC1C205BAF002EE1D3 /* GFSinaWeiBo.xcdatamodeld */ = {
			isa = XCVersionGroup;
			children = (
				FCB8CAFD1C205BAF002EE1D3 /* GFSinaWeiBo.xcdatamodel */,
			);
			currentVersion = FCB8CAFD1C205BAF002EE1D3 /* GFSinaWeiBo.xcdatamodel */;
			path = GFSinaWeiBo.xcdatamodeld;
			sourceTree = "<group>";
			versionGroupType = wrapper.xcdatamodel;
		};
/* End XCVersionGroup section */
	};
	rootObject = FCB8CAE51C205BAF002EE1D3 /* Project object */;
}
