// !$*UTF8*$!
{
	archiveVersion = 1;
	classes = {
	};
	objectVersion = 46;
	objects = {

/* Begin PBXBuildFile section */
		FC010AA91C21712800449FB9 /* GFTwoViewController.m in Sources */ = {isa = PBXBuildFile; fileRef = FC010AA81C21712800449FB9 /* GFTwoViewController.m */; };
		FC099E411C215A58009D63B1 /* GFSearchBar.m in Sources */ = {isa = PBXBuildFile; fileRef = FC099E401C215A58009D63B1 /* GFSearchBar.m */; };
		FC099E441C21654A009D63B1 /* UIBarButtonItem+GFBarButtonItem.m in Sources */ = {isa = PBXBuildFile; fileRef = FC099E431C21654A009D63B1 /* UIBarButtonItem+GFBarButtonItem.m */; };
		FC099E471C216820009D63B1 /* GFOneViewController.m in Sources */ = {isa = PBXBuildFile; fileRef = FC099E461C216820009D63B1 /* GFOneViewController.m */; };
		FC0C561A1C20671700B6CF1D /* GFHomeViewController.m in Sources */ = {isa = PBXBuildFile; fileRef = FC0C56191C20671700B6CF1D /* GFHomeViewController.m */; };
		FC0C56201C2067C000B6CF1D /* GFMessageViewController.m in Sources */ = {isa = PBXBuildFile; fileRef = FC0C561F1C2067C000B6CF1D /* GFMessageViewController.m */; };
		FC0C56231C2067CE00B6CF1D /* GFDiscoverViewController.m in Sources */ = {isa = PBXBuildFile; fileRef = FC0C56221C2067CE00B6CF1D /* GFDiscoverViewController.m */; };
		FC0C56261C2067D500B6CF1D /* GFMeViewController.m in Sources */ = {isa = PBXBuildFile; fileRef = FC0C56251C2067D500B6CF1D /* GFMeViewController.m */; };
		FC0C562D1C206A7700B6CF1D /* UIImage+GFImage.m in Sources */ = {isa = PBXBuildFile; fileRef = FC0C562C1C206A7700B6CF1D /* UIImage+GFImage.m */; };
		FC0C56331C2073CD00B6CF1D /* GFTabBar.m in Sources */ = {isa = PBXBuildFile; fileRef = FC0C56321C2073CD00B6CF1D /* GFTabBar.m */; };
		FC1BCEFC1C21A318007DEC5F /* GFOAuthViewController.m in Sources */ = {isa = PBXBuildFile; fileRef = FC1BCEFB1C21A318007DEC5F /* GFOAuthViewController.m */; };
		FC1BCF121C21AB15007DEC5F /* AFHTTPRequestOperation.m in Sources */ = {isa = PBXBuildFile; fileRef = FC1BCF001C21AB14007DEC5F /* AFHTTPRequestOperation.m */; };
		FC1BCF131C21AB15007DEC5F /* AFHTTPRequestOperationManager.m in Sources */ = {isa = PBXBuildFile; fileRef = FC1BCF021C21AB14007DEC5F /* AFHTTPRequestOperationManager.m */; };
		FC1BCF141C21AB15007DEC5F /* AFHTTPSessionManager.m in Sources */ = {isa = PBXBuildFile; fileRef = FC1BCF041C21AB14007DEC5F /* AFHTTPSessionManager.m */; };
		FC1BCF151C21AB15007DEC5F /* AFNetworkReachabilityManager.m in Sources */ = {isa = PBXBuildFile; fileRef = FC1BCF071C21AB14007DEC5F /* AFNetworkReachabilityManager.m */; };
		FC1BCF161C21AB15007DEC5F /* AFSecurityPolicy.m in Sources */ = {isa = PBXBuildFile; fileRef = FC1BCF091C21AB14007DEC5F /* AFSecurityPolicy.m */; };
		FC1BCF171C21AB15007DEC5F /* AFURLConnectionOperation.m in Sources */ = {isa = PBXBuildFile; fileRef = FC1BCF0B1C21AB14007DEC5F /* AFURLConnectionOperation.m */; };
		FC1BCF181C21AB15007DEC5F /* AFURLRequestSerialization.m in Sources */ = {isa = PBXBuildFile; fileRef = FC1BCF0D1C21AB14007DEC5F /* AFURLRequestSerialization.m */; };
		FC1BCF191C21AB15007DEC5F /* AFURLResponseSerialization.m in Sources */ = {isa = PBXBuildFile; fileRef = FC1BCF0F1C21AB14007DEC5F /* AFURLResponseSerialization.m */; };
		FC1BCF1A1C21AB15007DEC5F /* AFURLSessionManager.m in Sources */ = {isa = PBXBuildFile; fileRef = FC1BCF111C21AB14007DEC5F /* AFURLSessionManager.m */; };
		FC1BCF1F1C21B1CE007DEC5F /* GFSinaAccountInfo.m in Sources */ = {isa = PBXBuildFile; fileRef = FC1BCF1E1C21B1CE007DEC5F /* GFSinaAccountInfo.m */; };
		FC1BCF241C21BD27007DEC5F /* GFAccountTool.m in Sources */ = {isa = PBXBuildFile; fileRef = FC1BCF231C21BD27007DEC5F /* GFAccountTool.m */; };
		FC1BCF271C21D3CD007DEC5F /* GFSinaData.m in Sources */ = {isa = PBXBuildFile; fileRef = FC1BCF261C21D3CD007DEC5F /* GFSinaData.m */; };
		FC1BCF501C21D93E007DEC5F /* MJDictionaryCache.m in Sources */ = {isa = PBXBuildFile; fileRef = FC1BCF3A1C21D93E007DEC5F /* MJDictionaryCache.m */; };
		FC1BCF511C21D93E007DEC5F /* MJExtensionConst.m in Sources */ = {isa = PBXBuildFile; fileRef = FC1BCF3D1C21D93E007DEC5F /* MJExtensionConst.m */; };
		FC1BCF521C21D93E007DEC5F /* MJFoundation.m in Sources */ = {isa = PBXBuildFile; fileRef = FC1BCF3F1C21D93E007DEC5F /* MJFoundation.m */; };
		FC1BCF531C21D93E007DEC5F /* MJProperty.m in Sources */ = {isa = PBXBuildFile; fileRef = FC1BCF411C21D93E007DEC5F /* MJProperty.m */; };
		FC1BCF541C21D93E007DEC5F /* MJPropertyKey.m in Sources */ = {isa = PBXBuildFile; fileRef = FC1BCF431C21D93E007DEC5F /* MJPropertyKey.m */; };
		FC1BCF551C21D93E007DEC5F /* MJPropertyType.m in Sources */ = {isa = PBXBuildFile; fileRef = FC1BCF451C21D93E007DEC5F /* MJPropertyType.m */; };
		FC1BCF561C21D93E007DEC5F /* NSObject+MJClass.m in Sources */ = {isa = PBXBuildFile; fileRef = FC1BCF471C21D93E007DEC5F /* NSObject+MJClass.m */; };
		FC1BCF571C21D93E007DEC5F /* NSObject+MJCoding.m in Sources */ = {isa = PBXBuildFile; fileRef = FC1BCF491C21D93E007DEC5F /* NSObject+MJCoding.m */; };
		FC1BCF581C21D93E007DEC5F /* NSObject+MJKeyValue.m in Sources */ = {isa = PBXBuildFile; fileRef = FC1BCF4B1C21D93E007DEC5F /* NSObject+MJKeyValue.m */; };
		FC1BCF591C21D93E007DEC5F /* NSObject+MJProperty.m in Sources */ = {isa = PBXBuildFile; fileRef = FC1BCF4D1C21D93E007DEC5F /* NSObject+MJProperty.m */; };
		FC1BCF5A1C21D93E007DEC5F /* NSString+MJExtension.m in Sources */ = {isa = PBXBuildFile; fileRef = FC1BCF4F1C21D93E007DEC5F /* NSString+MJExtension.m */; };
		FC1C9F481C252C8F00F5805E /* GFUser.m in Sources */ = {isa = PBXBuildFile; fileRef = FC1C9F471C252C8F00F5805E /* GFUser.m */; };
		FC1C9F4B1C252C9A00F5805E /* GFPhoto.m in Sources */ = {isa = PBXBuildFile; fileRef = FC1C9F4A1C252C9A00F5805E /* GFPhoto.m */; };
		FC9F33491C2147B4004AF041 /* GFNavigationController.m in Sources */ = {isa = PBXBuildFile; fileRef = FC9F33481C2147B4004AF041 /* GFNavigationController.m */; };
		FCAAE2FB1C26450D00886673 /* MKAnnotationView+WebCache.m in Sources */ = {isa = PBXBuildFile; fileRef = FCAAE2DB1C26450D00886673 /* MKAnnotationView+WebCache.m */; };
		FCAAE2FC1C26450D00886673 /* NSData+ImageContentType.m in Sources */ = {isa = PBXBuildFile; fileRef = FCAAE2DD1C26450D00886673 /* NSData+ImageContentType.m */; };
		FCAAE2FD1C26450D00886673 /* SDImageCache.m in Sources */ = {isa = PBXBuildFile; fileRef = FCAAE2DF1C26450D00886673 /* SDImageCache.m */; };
		FCAAE2FE1C26450D00886673 /* SDWebImageCompat.m in Sources */ = {isa = PBXBuildFile; fileRef = FCAAE2E11C26450D00886673 /* SDWebImageCompat.m */; };
		FCAAE2FF1C26450D00886673 /* SDWebImageDecoder.m in Sources */ = {isa = PBXBuildFile; fileRef = FCAAE2E31C26450D00886673 /* SDWebImageDecoder.m */; };
		FCAAE3001C26450D00886673 /* SDWebImageDownloader.m in Sources */ = {isa = PBXBuildFile; fileRef = FCAAE2E51C26450D00886673 /* SDWebImageDownloader.m */; };
		FCAAE3011C26450D00886673 /* SDWebImageDownloaderOperation.m in Sources */ = {isa = PBXBuildFile; fileRef = FCAAE2E71C26450D00886673 /* SDWebImageDownloaderOperation.m */; };
		FCAAE3021C26450D00886673 /* SDWebImageManager.m in Sources */ = {isa = PBXBuildFile; fileRef = FCAAE2E91C26450D00886673 /* SDWebImageManager.m */; };
		FCAAE3031C26450D00886673 /* SDWebImagePrefetcher.m in Sources */ = {isa = PBXBuildFile; fileRef = FCAAE2EC1C26450D00886673 /* SDWebImagePrefetcher.m */; };
		FCAAE3041C26450D00886673 /* UIButton+WebCache.m in Sources */ = {isa = PBXBuildFile; fileRef = FCAAE2EE1C26450D00886673 /* UIButton+WebCache.m */; };
		FCAAE3051C26450D00886673 /* UIImage+GIF.m in Sources */ = {isa = PBXBuildFile; fileRef = FCAAE2F01C26450D00886673 /* UIImage+GIF.m */; };
		FCAAE3061C26450D00886673 /* UIImage+MultiFormat.m in Sources */ = {isa = PBXBuildFile; fileRef = FCAAE2F21C26450D00886673 /* UIImage+MultiFormat.m */; };
		FCAAE3071C26450D00886673 /* UIImage+WebP.m in Sources */ = {isa = PBXBuildFile; fileRef = FCAAE2F41C26450D00886673 /* UIImage+WebP.m */; };
		FCAAE3081C26450D00886673 /* UIImageView+HighlightedWebCache.m in Sources */ = {isa = PBXBuildFile; fileRef = FCAAE2F61C26450D00886673 /* UIImageView+HighlightedWebCache.m */; };
		FCAAE3091C26450D00886673 /* UIImageView+WebCache.m in Sources */ = {isa = PBXBuildFile; fileRef = FCAAE2F81C26450D00886673 /* UIImageView+WebCache.m */; };
		FCAAE30A1C26450D00886673 /* UIView+WebCacheOperation.m in Sources */ = {isa = PBXBuildFile; fileRef = FCAAE2FA1C26450D00886673 /* UIView+WebCacheOperation.m */; };
		FCAAE3521C265D3F00886673 /* GFSinaTableViewCell.m in Sources */ = {isa = PBXBuildFile; fileRef = FCAAE3511C265D3F00886673 /* GFSinaTableViewCell.m */; };
		FCAAE3801C265E1F00886673 /* MJRefreshAutoGifFooter.m in Sources */ = {isa = PBXBuildFile; fileRef = FCAAE3581C265E1F00886673 /* MJRefreshAutoGifFooter.m */; };
		FCAAE3811C265E1F00886673 /* MJRefreshAutoNormalFooter.m in Sources */ = {isa = PBXBuildFile; fileRef = FCAAE35A1C265E1F00886673 /* MJRefreshAutoNormalFooter.m */; };
		FCAAE3821C265E1F00886673 /* MJRefreshAutoStateFooter.m in Sources */ = {isa = PBXBuildFile; fileRef = FCAAE35C1C265E1F00886673 /* MJRefreshAutoStateFooter.m */; };
		FCAAE3831C265E1F00886673 /* MJRefreshBackGifFooter.m in Sources */ = {isa = PBXBuildFile; fileRef = FCAAE35F1C265E1F00886673 /* MJRefreshBackGifFooter.m */; };
		FCAAE3841C265E1F00886673 /* MJRefreshBackNormalFooter.m in Sources */ = {isa = PBXBuildFile; fileRef = FCAAE3611C265E1F00886673 /* MJRefreshBackNormalFooter.m */; };
		FCAAE3851C265E1F00886673 /* MJRefreshBackStateFooter.m in Sources */ = {isa = PBXBuildFile; fileRef = FCAAE3631C265E1F00886673 /* MJRefreshBackStateFooter.m */; };
		FCAAE3861C265E1F00886673 /* MJRefreshGifHeader.m in Sources */ = {isa = PBXBuildFile; fileRef = FCAAE3661C265E1F00886673 /* MJRefreshGifHeader.m */; };
		FCAAE3871C265E1F00886673 /* MJRefreshNormalHeader.m in Sources */ = {isa = PBXBuildFile; fileRef = FCAAE3681C265E1F00886673 /* MJRefreshNormalHeader.m */; };
		FCAAE3881C265E1F00886673 /* MJRefreshStateHeader.m in Sources */ = {isa = PBXBuildFile; fileRef = FCAAE36A1C265E1F00886673 /* MJRefreshStateHeader.m */; };
		FCAAE3891C265E1F00886673 /* MJRefreshAutoFooter.m in Sources */ = {isa = PBXBuildFile; fileRef = FCAAE36D1C265E1F00886673 /* MJRefreshAutoFooter.m */; };
		FCAAE38A1C265E1F00886673 /* MJRefreshBackFooter.m in Sources */ = {isa = PBXBuildFile; fileRef = FCAAE36F1C265E1F00886673 /* MJRefreshBackFooter.m */; };
		FCAAE38B1C265E1F00886673 /* MJRefreshComponent.m in Sources */ = {isa = PBXBuildFile; fileRef = FCAAE3711C265E1F00886673 /* MJRefreshComponent.m */; };
		FCAAE38C1C265E1F00886673 /* MJRefreshFooter.m in Sources */ = {isa = PBXBuildFile; fileRef = FCAAE3731C265E1F00886673 /* MJRefreshFooter.m */; };
		FCAAE38D1C265E1F00886673 /* MJRefreshHeader.m in Sources */ = {isa = PBXBuildFile; fileRef = FCAAE3751C265E1F00886673 /* MJRefreshHeader.m */; };
		FCAAE38E1C265E1F00886673 /* MJRefresh.bundle in Resources */ = {isa = PBXBuildFile; fileRef = FCAAE3761C265E1F00886673 /* MJRefresh.bundle */; };
		FCAAE38F1C265E1F00886673 /* MJRefreshConst.m in Sources */ = {isa = PBXBuildFile; fileRef = FCAAE3791C265E1F00886673 /* MJRefreshConst.m */; };
		FCAAE3901C265E1F00886673 /* UIScrollView+MJExtension.m in Sources */ = {isa = PBXBuildFile; fileRef = FCAAE37B1C265E1F00886673 /* UIScrollView+MJExtension.m */; };
		FCAAE3911C265E1F00886673 /* UIScrollView+MJRefresh.m in Sources */ = {isa = PBXBuildFile; fileRef = FCAAE37D1C265E1F00886673 /* UIScrollView+MJRefresh.m */; };
		FCAAE3921C265E1F00886673 /* UIView+MJExtension.m in Sources */ = {isa = PBXBuildFile; fileRef = FCAAE37F1C265E1F00886673 /* UIView+MJExtension.m */; };
		FCAAE3951C2663BC00886673 /* GFSinaDataTool.m in Sources */ = {isa = PBXBuildFile; fileRef = FCAAE3941C2663BC00886673 /* GFSinaDataTool.m */; };
		FCAAE3991C2685CF00886673 /* GFRequestNotifiTool.m in Sources */ = {isa = PBXBuildFile; fileRef = FCAAE3981C2685CF00886673 /* GFRequestNotifiTool.m */; };
		FCAAE39C1C26865300886673 /* GFBaseParameters.m in Sources */ = {isa = PBXBuildFile; fileRef = FCAAE39B1C26865300886673 /* GFBaseParameters.m */; };
		FCAAE3A01C2688BB00886673 /* GFNotificationNumber.m in Sources */ = {isa = PBXBuildFile; fileRef = FCAAE39F1C2688BB00886673 /* GFNotificationNumber.m */; };
		FCAAE3A31C268A2400886673 /* GFRequestNotiParamters.m in Sources */ = {isa = PBXBuildFile; fileRef = FCAAE3A21C268A2400886673 /* GFRequestNotiParamters.m */; };
		FCB8CAF21C205BAF002EE1D3 /* main.m in Sources */ = {isa = PBXBuildFile; fileRef = FCB8CAF11C205BAF002EE1D3 /* main.m */; };
		FCB8CAF51C205BAF002EE1D3 /* AppDelegate.m in Sources */ = {isa = PBXBuildFile; fileRef = FCB8CAF41C205BAF002EE1D3 /* AppDelegate.m */; };
		FCB8CAFE1C205BAF002EE1D3 /* GFSinaWeiBo.xcdatamodeld in Sources */ = {isa = PBXBuildFile; fileRef = FCB8CAFC1C205BAF002EE1D3 /* GFSinaWeiBo.xcdatamodeld */; };
		FCB8CB001C205BAF002EE1D3 /* Assets.xcassets in Resources */ = {isa = PBXBuildFile; fileRef = FCB8CAFF1C205BAF002EE1D3 /* Assets.xcassets */; };
		FCB8CB031C205BAF002EE1D3 /* LaunchScreen.storyboard in Resources */ = {isa = PBXBuildFile; fileRef = FCB8CB011C205BAF002EE1D3 /* LaunchScreen.storyboard */; };
		FCB8CB0E1C205BAF002EE1D3 /* GFSinaWeiBoTests.m in Sources */ = {isa = PBXBuildFile; fileRef = FCB8CB0D1C205BAF002EE1D3 /* GFSinaWeiBoTests.m */; };
		FCB8CB191C205BAF002EE1D3 /* GFSinaWeiBoUITests.m in Sources */ = {isa = PBXBuildFile; fileRef = FCB8CB181C205BAF002EE1D3 /* GFSinaWeiBoUITests.m */; };
		FCB8CB271C20618E002EE1D3 /* UIKit.framework in Frameworks */ = {isa = PBXBuildFile; fileRef = FCB8CB261C20618E002EE1D3 /* UIKit.framework */; };
		FCB8CB291C206194002EE1D3 /* Foundation.framework in Frameworks */ = {isa = PBXBuildFile; fileRef = FCB8CB281C206194002EE1D3 /* Foundation.framework */; };
		FCB8CB2F1C20622C002EE1D3 /* GFTabBarViewController.m in Sources */ = {isa = PBXBuildFile; fileRef = FCB8CB2E1C20622C002EE1D3 /* GFTabBarViewController.m */; };
/* End PBXBuildFile section */

/* Begin PBXContainerItemProxy section */
		FCB8CB0A1C205BAF002EE1D3 /* PBXContainerItemProxy */ = {
			isa = PBXContainerItemProxy;
			containerPortal = FCB8CAE51C205BAF002EE1D3 /* Project object */;
			proxyType = 1;
			remoteGlobalIDString = FCB8CAEC1C205BAF002EE1D3;
			remoteInfo = GFSinaWeiBo;
		};
		FCB8CB151C205BAF002EE1D3 /* PBXContainerItemProxy */ = {
			isa = PBXContainerItemProxy;
			containerPortal = FCB8CAE51C205BAF002EE1D3 /* Project object */;
			proxyType = 1;
			remoteGlobalIDString = FCB8CAEC1C205BAF002EE1D3;
			remoteInfo = GFSinaWeiBo;
		};
/* End PBXContainerItemProxy section */

/* Begin PBXFileReference section */
		FC010AA71C21712800449FB9 /* GFTwoViewController.h */ = {isa = PBXFileReference; fileEncoding = 4; lastKnownFileType = sourcecode.c.h; path = GFTwoViewController.h; sourceTree = "<group>"; };
		FC010AA81C21712800449FB9 /* GFTwoViewController.m */ = {isa = PBXFileReference; fileEncoding = 4; lastKnownFileType = sourcecode.c.objc; path = GFTwoViewController.m; sourceTree = "<group>"; };
		FC099E3F1C215A58009D63B1 /* GFSearchBar.h */ = {isa = PBXFileReference; fileEncoding = 4; lastKnownFileType = sourcecode.c.h; path = GFSearchBar.h; sourceTree = "<group>"; };
		FC099E401C215A58009D63B1 /* GFSearchBar.m */ = {isa = PBXFileReference; fileEncoding = 4; lastKnownFileType = sourcecode.c.objc; path = GFSearchBar.m; sourceTree = "<group>"; };
		FC099E421C21654A009D63B1 /* UIBarButtonItem+GFBarButtonItem.h */ = {isa = PBXFileReference; fileEncoding = 4; lastKnownFileType = sourcecode.c.h; path = "UIBarButtonItem+GFBarButtonItem.h"; sourceTree = "<group>"; };
		FC099E431C21654A009D63B1 /* UIBarButtonItem+GFBarButtonItem.m */ = {isa = PBXFileReference; fileEncoding = 4; lastKnownFileType = sourcecode.c.objc; path = "UIBarButtonItem+GFBarButtonItem.m"; sourceTree = "<group>"; };
		FC099E451C216820009D63B1 /* GFOneViewController.h */ = {isa = PBXFileReference; fileEncoding = 4; lastKnownFileType = sourcecode.c.h; path = GFOneViewController.h; sourceTree = "<group>"; };
		FC099E461C216820009D63B1 /* GFOneViewController.m */ = {isa = PBXFileReference; fileEncoding = 4; lastKnownFileType = sourcecode.c.objc; path = GFOneViewController.m; sourceTree = "<group>"; };
		FC0C56181C20671700B6CF1D /* GFHomeViewController.h */ = {isa = PBXFileReference; fileEncoding = 4; lastKnownFileType = sourcecode.c.h; path = GFHomeViewController.h; sourceTree = "<group>"; };
		FC0C56191C20671700B6CF1D /* GFHomeViewController.m */ = {isa = PBXFileReference; fileEncoding = 4; lastKnownFileType = sourcecode.c.objc; path = GFHomeViewController.m; sourceTree = "<group>"; };
		FC0C561E1C2067C000B6CF1D /* GFMessageViewController.h */ = {isa = PBXFileReference; fileEncoding = 4; lastKnownFileType = sourcecode.c.h; path = GFMessageViewController.h; sourceTree = "<group>"; };
		FC0C561F1C2067C000B6CF1D /* GFMessageViewController.m */ = {isa = PBXFileReference; fileEncoding = 4; lastKnownFileType = sourcecode.c.objc; path = GFMessageViewController.m; sourceTree = "<group>"; };
		FC0C56211C2067CE00B6CF1D /* GFDiscoverViewController.h */ = {isa = PBXFileReference; fileEncoding = 4; lastKnownFileType = sourcecode.c.h; path = GFDiscoverViewController.h; sourceTree = "<group>"; };
		FC0C56221C2067CE00B6CF1D /* GFDiscoverViewController.m */ = {isa = PBXFileReference; fileEncoding = 4; lastKnownFileType = sourcecode.c.objc; path = GFDiscoverViewController.m; sourceTree = "<group>"; };
		FC0C56241C2067D500B6CF1D /* GFMeViewController.h */ = {isa = PBXFileReference; fileEncoding = 4; lastKnownFileType = sourcecode.c.h; path = GFMeViewController.h; sourceTree = "<group>"; };
		FC0C56251C2067D500B6CF1D /* GFMeViewController.m */ = {isa = PBXFileReference; fileEncoding = 4; lastKnownFileType = sourcecode.c.objc; path = GFMeViewController.m; sourceTree = "<group>"; };
		FC0C562B1C206A7700B6CF1D /* UIImage+GFImage.h */ = {isa = PBXFileReference; fileEncoding = 4; lastKnownFileType = sourcecode.c.h; path = "UIImage+GFImage.h"; sourceTree = "<group>"; };
		FC0C562C1C206A7700B6CF1D /* UIImage+GFImage.m */ = {isa = PBXFileReference; fileEncoding = 4; lastKnownFileType = sourcecode.c.objc; path = "UIImage+GFImage.m"; sourceTree = "<group>"; };
		FC0C56311C2073CD00B6CF1D /* GFTabBar.h */ = {isa = PBXFileReference; fileEncoding = 4; lastKnownFileType = sourcecode.c.h; path = GFTabBar.h; sourceTree = "<group>"; };
		FC0C56321C2073CD00B6CF1D /* GFTabBar.m */ = {isa = PBXFileReference; fileEncoding = 4; lastKnownFileType = sourcecode.c.objc; path = GFTabBar.m; sourceTree = "<group>"; };
		FC1BCEFA1C21A318007DEC5F /* GFOAuthViewController.h */ = {isa = PBXFileReference; fileEncoding = 4; lastKnownFileType = sourcecode.c.h; path = GFOAuthViewController.h; sourceTree = "<group>"; };
		FC1BCEFB1C21A318007DEC5F /* GFOAuthViewController.m */ = {isa = PBXFileReference; fileEncoding = 4; lastKnownFileType = sourcecode.c.objc; path = GFOAuthViewController.m; sourceTree = "<group>"; };
		FC1BCEFF1C21AB14007DEC5F /* AFHTTPRequestOperation.h */ = {isa = PBXFileReference; fileEncoding = 4; lastKnownFileType = sourcecode.c.h; path = AFHTTPRequestOperation.h; sourceTree = "<group>"; };
		FC1BCF001C21AB14007DEC5F /* AFHTTPRequestOperation.m */ = {isa = PBXFileReference; fileEncoding = 4; lastKnownFileType = sourcecode.c.objc; path = AFHTTPRequestOperation.m; sourceTree = "<group>"; };
		FC1BCF011C21AB14007DEC5F /* AFHTTPRequestOperationManager.h */ = {isa = PBXFileReference; fileEncoding = 4; lastKnownFileType = sourcecode.c.h; path = AFHTTPRequestOperationManager.h; sourceTree = "<group>"; };
		FC1BCF021C21AB14007DEC5F /* AFHTTPRequestOperationManager.m */ = {isa = PBXFileReference; fileEncoding = 4; lastKnownFileType = sourcecode.c.objc; path = AFHTTPRequestOperationManager.m; sourceTree = "<group>"; };
		FC1BCF031C21AB14007DEC5F /* AFHTTPSessionManager.h */ = {isa = PBXFileReference; fileEncoding = 4; lastKnownFileType = sourcecode.c.h; path = AFHTTPSessionManager.h; sourceTree = "<group>"; };
		FC1BCF041C21AB14007DEC5F /* AFHTTPSessionManager.m */ = {isa = PBXFileReference; fileEncoding = 4; lastKnownFileType = sourcecode.c.objc; path = AFHTTPSessionManager.m; sourceTree = "<group>"; };
		FC1BCF051C21AB14007DEC5F /* AFNetworking.h */ = {isa = PBXFileReference; fileEncoding = 4; lastKnownFileType = sourcecode.c.h; path = AFNetworking.h; sourceTree = "<group>"; };
		FC1BCF061C21AB14007DEC5F /* AFNetworkReachabilityManager.h */ = {isa = PBXFileReference; fileEncoding = 4; lastKnownFileType = sourcecode.c.h; path = AFNetworkReachabilityManager.h; sourceTree = "<group>"; };
		FC1BCF071C21AB14007DEC5F /* AFNetworkReachabilityManager.m */ = {isa = PBXFileReference; fileEncoding = 4; lastKnownFileType = sourcecode.c.objc; path = AFNetworkReachabilityManager.m; sourceTree = "<group>"; };
		FC1BCF081C21AB14007DEC5F /* AFSecurityPolicy.h */ = {isa = PBXFileReference; fileEncoding = 4; lastKnownFileType = sourcecode.c.h; path = AFSecurityPolicy.h; sourceTree = "<group>"; };
		FC1BCF091C21AB14007DEC5F /* AFSecurityPolicy.m */ = {isa = PBXFileReference; fileEncoding = 4; lastKnownFileType = sourcecode.c.objc; path = AFSecurityPolicy.m; sourceTree = "<group>"; };
		FC1BCF0A1C21AB14007DEC5F /* AFURLConnectionOperation.h */ = {isa = PBXFileReference; fileEncoding = 4; lastKnownFileType = sourcecode.c.h; path = AFURLConnectionOperation.h; sourceTree = "<group>"; };
		FC1BCF0B1C21AB14007DEC5F /* AFURLConnectionOperation.m */ = {isa = PBXFileReference; fileEncoding = 4; lastKnownFileType = sourcecode.c.objc; path = AFURLConnectionOperation.m; sourceTree = "<group>"; };
		FC1BCF0C1C21AB14007DEC5F /* AFURLRequestSerialization.h */ = {isa = PBXFileReference; fileEncoding = 4; lastKnownFileType = sourcecode.c.h; path = AFURLRequestSerialization.h; sourceTree = "<group>"; };
		FC1BCF0D1C21AB14007DEC5F /* AFURLRequestSerialization.m */ = {isa = PBXFileReference; fileEncoding = 4; lastKnownFileType = sourcecode.c.objc; path = AFURLRequestSerialization.m; sourceTree = "<group>"; };
		FC1BCF0E1C21AB14007DEC5F /* AFURLResponseSerialization.h */ = {isa = PBXFileReference; fileEncoding = 4; lastKnownFileType = sourcecode.c.h; path = AFURLResponseSerialization.h; sourceTree = "<group>"; };
		FC1BCF0F1C21AB14007DEC5F /* AFURLResponseSerialization.m */ = {isa = PBXFileReference; fileEncoding = 4; lastKnownFileType = sourcecode.c.objc; path = AFURLResponseSerialization.m; sourceTree = "<group>"; };
		FC1BCF101C21AB14007DEC5F /* AFURLSessionManager.h */ = {isa = PBXFileReference; fileEncoding = 4; lastKnownFileType = sourcecode.c.h; path = AFURLSessionManager.h; sourceTree = "<group>"; };
		FC1BCF111C21AB14007DEC5F /* AFURLSessionManager.m */ = {isa = PBXFileReference; fileEncoding = 4; lastKnownFileType = sourcecode.c.objc; path = AFURLSessionManager.m; sourceTree = "<group>"; };
		FC1BCF1D1C21B1CE007DEC5F /* GFSinaAccountInfo.h */ = {isa = PBXFileReference; fileEncoding = 4; lastKnownFileType = sourcecode.c.h; path = GFSinaAccountInfo.h; sourceTree = "<group>"; };
		FC1BCF1E1C21B1CE007DEC5F /* GFSinaAccountInfo.m */ = {isa = PBXFileReference; fileEncoding = 4; lastKnownFileType = sourcecode.c.objc; path = GFSinaAccountInfo.m; sourceTree = "<group>"; };
		FC1BCF221C21BD27007DEC5F /* GFAccountTool.h */ = {isa = PBXFileReference; fileEncoding = 4; lastKnownFileType = sourcecode.c.h; path = GFAccountTool.h; sourceTree = "<group>"; };
		FC1BCF231C21BD27007DEC5F /* GFAccountTool.m */ = {isa = PBXFileReference; fileEncoding = 4; lastKnownFileType = sourcecode.c.objc; path = GFAccountTool.m; sourceTree = "<group>"; };
		FC1BCF251C21D3CD007DEC5F /* GFSinaData.h */ = {isa = PBXFileReference; fileEncoding = 4; lastKnownFileType = sourcecode.c.h; path = GFSinaData.h; sourceTree = "<group>"; };
		FC1BCF261C21D3CD007DEC5F /* GFSinaData.m */ = {isa = PBXFileReference; fileEncoding = 4; lastKnownFileType = sourcecode.c.objc; path = GFSinaData.m; sourceTree = "<group>"; };
		FC1BCF391C21D93E007DEC5F /* MJDictionaryCache.h */ = {isa = PBXFileReference; fileEncoding = 4; lastKnownFileType = sourcecode.c.h; path = MJDictionaryCache.h; sourceTree = "<group>"; };
		FC1BCF3A1C21D93E007DEC5F /* MJDictionaryCache.m */ = {isa = PBXFileReference; fileEncoding = 4; lastKnownFileType = sourcecode.c.objc; path = MJDictionaryCache.m; sourceTree = "<group>"; };
		FC1BCF3B1C21D93E007DEC5F /* MJExtension.h */ = {isa = PBXFileReference; fileEncoding = 4; lastKnownFileType = sourcecode.c.h; path = MJExtension.h; sourceTree = "<group>"; };
		FC1BCF3C1C21D93E007DEC5F /* MJExtensionConst.h */ = {isa = PBXFileReference; fileEncoding = 4; lastKnownFileType = sourcecode.c.h; path = MJExtensionConst.h; sourceTree = "<group>"; };
		FC1BCF3D1C21D93E007DEC5F /* MJExtensionConst.m */ = {isa = PBXFileReference; fileEncoding = 4; lastKnownFileType = sourcecode.c.objc; path = MJExtensionConst.m; sourceTree = "<group>"; };
		FC1BCF3E1C21D93E007DEC5F /* MJFoundation.h */ = {isa = PBXFileReference; fileEncoding = 4; lastKnownFileType = sourcecode.c.h; path = MJFoundation.h; sourceTree = "<group>"; };
		FC1BCF3F1C21D93E007DEC5F /* MJFoundation.m */ = {isa = PBXFileReference; fileEncoding = 4; lastKnownFileType = sourcecode.c.objc; path = MJFoundation.m; sourceTree = "<group>"; };
		FC1BCF401C21D93E007DEC5F /* MJProperty.h */ = {isa = PBXFileReference; fileEncoding = 4; lastKnownFileType = sourcecode.c.h; path = MJProperty.h; sourceTree = "<group>"; };
		FC1BCF411C21D93E007DEC5F /* MJProperty.m */ = {isa = PBXFileReference; fileEncoding = 4; lastKnownFileType = sourcecode.c.objc; path = MJProperty.m; sourceTree = "<group>"; };
		FC1BCF421C21D93E007DEC5F /* MJPropertyKey.h */ = {isa = PBXFileReference; fileEncoding = 4; lastKnownFileType = sourcecode.c.h; path = MJPropertyKey.h; sourceTree = "<group>"; };
		FC1BCF431C21D93E007DEC5F /* MJPropertyKey.m */ = {isa = PBXFileReference; fileEncoding = 4; lastKnownFileType = sourcecode.c.objc; path = MJPropertyKey.m; sourceTree = "<group>"; };
		FC1BCF441C21D93E007DEC5F /* MJPropertyType.h */ = {isa = PBXFileReference; fileEncoding = 4; lastKnownFileType = sourcecode.c.h; path = MJPropertyType.h; sourceTree = "<group>"; };
		FC1BCF451C21D93E007DEC5F /* MJPropertyType.m */ = {isa = PBXFileReference; fileEncoding = 4; lastKnownFileType = sourcecode.c.objc; path = MJPropertyType.m; sourceTree = "<group>"; };
		FC1BCF461C21D93E007DEC5F /* NSObject+MJClass.h */ = {isa = PBXFileReference; fileEncoding = 4; lastKnownFileType = sourcecode.c.h; path = "NSObject+MJClass.h"; sourceTree = "<group>"; };
		FC1BCF471C21D93E007DEC5F /* NSObject+MJClass.m */ = {isa = PBXFileReference; fileEncoding = 4; lastKnownFileType = sourcecode.c.objc; path = "NSObject+MJClass.m"; sourceTree = "<group>"; };
		FC1BCF481C21D93E007DEC5F /* NSObject+MJCoding.h */ = {isa = PBXFileReference; fileEncoding = 4; lastKnownFileType = sourcecode.c.h; path = "NSObject+MJCoding.h"; sourceTree = "<group>"; };
		FC1BCF491C21D93E007DEC5F /* NSObject+MJCoding.m */ = {isa = PBXFileReference; fileEncoding = 4; lastKnownFileType = sourcecode.c.objc; path = "NSObject+MJCoding.m"; sourceTree = "<group>"; };
		FC1BCF4A1C21D93E007DEC5F /* NSObject+MJKeyValue.h */ = {isa = PBXFileReference; fileEncoding = 4; lastKnownFileType = sourcecode.c.h; path = "NSObject+MJKeyValue.h"; sourceTree = "<group>"; };
		FC1BCF4B1C21D93E007DEC5F /* NSObject+MJKeyValue.m */ = {isa = PBXFileReference; fileEncoding = 4; lastKnownFileType = sourcecode.c.objc; path = "NSObject+MJKeyValue.m"; sourceTree = "<group>"; };
		FC1BCF4C1C21D93E007DEC5F /* NSObject+MJProperty.h */ = {isa = PBXFileReference; fileEncoding = 4; lastKnownFileType = sourcecode.c.h; path = "NSObject+MJProperty.h"; sourceTree = "<group>"; };
		FC1BCF4D1C21D93E007DEC5F /* NSObject+MJProperty.m */ = {isa = PBXFileReference; fileEncoding = 4; lastKnownFileType = sourcecode.c.objc; path = "NSObject+MJProperty.m"; sourceTree = "<group>"; };
		FC1BCF4E1C21D93E007DEC5F /* NSString+MJExtension.h */ = {isa = PBXFileReference; fileEncoding = 4; lastKnownFileType = sourcecode.c.h; path = "NSString+MJExtension.h"; sourceTree = "<group>"; };
		FC1BCF4F1C21D93E007DEC5F /* NSString+MJExtension.m */ = {isa = PBXFileReference; fileEncoding = 4; lastKnownFileType = sourcecode.c.objc; path = "NSString+MJExtension.m"; sourceTree = "<group>"; };
		FC1C9F461C252C8F00F5805E /* GFUser.h */ = {isa = PBXFileReference; fileEncoding = 4; lastKnownFileType = sourcecode.c.h; path = GFUser.h; sourceTree = "<group>"; };
		FC1C9F471C252C8F00F5805E /* GFUser.m */ = {isa = PBXFileReference; fileEncoding = 4; lastKnownFileType = sourcecode.c.objc; path = GFUser.m; sourceTree = "<group>"; };
		FC1C9F491C252C9A00F5805E /* GFPhoto.h */ = {isa = PBXFileReference; fileEncoding = 4; lastKnownFileType = sourcecode.c.h; path = GFPhoto.h; sourceTree = "<group>"; };
		FC1C9F4A1C252C9A00F5805E /* GFPhoto.m */ = {isa = PBXFileReference; fileEncoding = 4; lastKnownFileType = sourcecode.c.objc; path = GFPhoto.m; sourceTree = "<group>"; };
		FC9F33471C2147B4004AF041 /* GFNavigationController.h */ = {isa = PBXFileReference; fileEncoding = 4; lastKnownFileType = sourcecode.c.h; path = GFNavigationController.h; sourceTree = "<group>"; };
		FC9F33481C2147B4004AF041 /* GFNavigationController.m */ = {isa = PBXFileReference; fileEncoding = 4; lastKnownFileType = sourcecode.c.objc; path = GFNavigationController.m; sourceTree = "<group>"; };
		FCAAE2DA1C26450D00886673 /* MKAnnotationView+WebCache.h */ = {isa = PBXFileReference; fileEncoding = 4; lastKnownFileType = sourcecode.c.h; path = "MKAnnotationView+WebCache.h"; sourceTree = "<group>"; };
		FCAAE2DB1C26450D00886673 /* MKAnnotationView+WebCache.m */ = {isa = PBXFileReference; fileEncoding = 4; lastKnownFileType = sourcecode.c.objc; path = "MKAnnotationView+WebCache.m"; sourceTree = "<group>"; };
		FCAAE2DC1C26450D00886673 /* NSData+ImageContentType.h */ = {isa = PBXFileReference; fileEncoding = 4; lastKnownFileType = sourcecode.c.h; path = "NSData+ImageContentType.h"; sourceTree = "<group>"; };
		FCAAE2DD1C26450D00886673 /* NSData+ImageContentType.m */ = {isa = PBXFileReference; fileEncoding = 4; lastKnownFileType = sourcecode.c.objc; path = "NSData+ImageContentType.m"; sourceTree = "<group>"; };
		FCAAE2DE1C26450D00886673 /* SDImageCache.h */ = {isa = PBXFileReference; fileEncoding = 4; lastKnownFileType = sourcecode.c.h; path = SDImageCache.h; sourceTree = "<group>"; };
		FCAAE2DF1C26450D00886673 /* SDImageCache.m */ = {isa = PBXFileReference; fileEncoding = 4; lastKnownFileType = sourcecode.c.objc; path = SDImageCache.m; sourceTree = "<group>"; };
		FCAAE2E01C26450D00886673 /* SDWebImageCompat.h */ = {isa = PBXFileReference; fileEncoding = 4; lastKnownFileType = sourcecode.c.h; path = SDWebImageCompat.h; sourceTree = "<group>"; };
		FCAAE2E11C26450D00886673 /* SDWebImageCompat.m */ = {isa = PBXFileReference; fileEncoding = 4; lastKnownFileType = sourcecode.c.objc; path = SDWebImageCompat.m; sourceTree = "<group>"; };
		FCAAE2E21C26450D00886673 /* SDWebImageDecoder.h */ = {isa = PBXFileReference; fileEncoding = 4; lastKnownFileType = sourcecode.c.h; path = SDWebImageDecoder.h; sourceTree = "<group>"; };
		FCAAE2E31C26450D00886673 /* SDWebImageDecoder.m */ = {isa = PBXFileReference; fileEncoding = 4; lastKnownFileType = sourcecode.c.objc; path = SDWebImageDecoder.m; sourceTree = "<group>"; };
		FCAAE2E41C26450D00886673 /* SDWebImageDownloader.h */ = {isa = PBXFileReference; fileEncoding = 4; lastKnownFileType = sourcecode.c.h; path = SDWebImageDownloader.h; sourceTree = "<group>"; };
		FCAAE2E51C26450D00886673 /* SDWebImageDownloader.m */ = {isa = PBXFileReference; fileEncoding = 4; lastKnownFileType = sourcecode.c.objc; path = SDWebImageDownloader.m; sourceTree = "<group>"; };
		FCAAE2E61C26450D00886673 /* SDWebImageDownloaderOperation.h */ = {isa = PBXFileReference; fileEncoding = 4; lastKnownFileType = sourcecode.c.h; path = SDWebImageDownloaderOperation.h; sourceTree = "<group>"; };
		FCAAE2E71C26450D00886673 /* SDWebImageDownloaderOperation.m */ = {isa = PBXFileReference; fileEncoding = 4; lastKnownFileType = sourcecode.c.objc; path = SDWebImageDownloaderOperation.m; sourceTree = "<group>"; };
		FCAAE2E81C26450D00886673 /* SDWebImageManager.h */ = {isa = PBXFileReference; fileEncoding = 4; lastKnownFileType = sourcecode.c.h; path = SDWebImageManager.h; sourceTree = "<group>"; };
		FCAAE2E91C26450D00886673 /* SDWebImageManager.m */ = {isa = PBXFileReference; fileEncoding = 4; lastKnownFileType = sourcecode.c.objc; path = SDWebImageManager.m; sourceTree = "<group>"; };
		FCAAE2EA1C26450D00886673 /* SDWebImageOperation.h */ = {isa = PBXFileReference; fileEncoding = 4; lastKnownFileType = sourcecode.c.h; path = SDWebImageOperation.h; sourceTree = "<group>"; };
		FCAAE2EB1C26450D00886673 /* SDWebImagePrefetcher.h */ = {isa = PBXFileReference; fileEncoding = 4; lastKnownFileType = sourcecode.c.h; path = SDWebImagePrefetcher.h; sourceTree = "<group>"; };
		FCAAE2EC1C26450D00886673 /* SDWebImagePrefetcher.m */ = {isa = PBXFileReference; fileEncoding = 4; lastKnownFileType = sourcecode.c.objc; path = SDWebImagePrefetcher.m; sourceTree = "<group>"; };
		FCAAE2ED1C26450D00886673 /* UIButton+WebCache.h */ = {isa = PBXFileReference; fileEncoding = 4; lastKnownFileType = sourcecode.c.h; path = "UIButton+WebCache.h"; sourceTree = "<group>"; };
		FCAAE2EE1C26450D00886673 /* UIButton+WebCache.m */ = {isa = PBXFileReference; fileEncoding = 4; lastKnownFileType = sourcecode.c.objc; path = "UIButton+WebCache.m"; sourceTree = "<group>"; };
		FCAAE2EF1C26450D00886673 /* UIImage+GIF.h */ = {isa = PBXFileReference; fileEncoding = 4; lastKnownFileType = sourcecode.c.h; path = "UIImage+GIF.h"; sourceTree = "<group>"; };
		FCAAE2F01C26450D00886673 /* UIImage+GIF.m */ = {isa = PBXFileReference; fileEncoding = 4; lastKnownFileType = sourcecode.c.objc; path = "UIImage+GIF.m"; sourceTree = "<group>"; };
		FCAAE2F11C26450D00886673 /* UIImage+MultiFormat.h */ = {isa = PBXFileReference; fileEncoding = 4; lastKnownFileType = sourcecode.c.h; path = "UIImage+MultiFormat.h"; sourceTree = "<group>"; };
		FCAAE2F21C26450D00886673 /* UIImage+MultiFormat.m */ = {isa = PBXFileReference; fileEncoding = 4; lastKnownFileType = sourcecode.c.objc; path = "UIImage+MultiFormat.m"; sourceTree = "<group>"; };
		FCAAE2F31C26450D00886673 /* UIImage+WebP.h */ = {isa = PBXFileReference; fileEncoding = 4; lastKnownFileType = sourcecode.c.h; path = "UIImage+WebP.h"; sourceTree = "<group>"; };
		FCAAE2F41C26450D00886673 /* UIImage+WebP.m */ = {isa = PBXFileReference; fileEncoding = 4; lastKnownFileType = sourcecode.c.objc; path = "UIImage+WebP.m"; sourceTree = "<group>"; };
		FCAAE2F51C26450D00886673 /* UIImageView+HighlightedWebCache.h */ = {isa = PBXFileReference; fileEncoding = 4; lastKnownFileType = sourcecode.c.h; path = "UIImageView+HighlightedWebCache.h"; sourceTree = "<group>"; };
		FCAAE2F61C26450D00886673 /* UIImageView+HighlightedWebCache.m */ = {isa = PBXFileReference; fileEncoding = 4; lastKnownFileType = sourcecode.c.objc; path = "UIImageView+HighlightedWebCache.m"; sourceTree = "<group>"; };
		FCAAE2F71C26450D00886673 /* UIImageView+WebCache.h */ = {isa = PBXFileReference; fileEncoding = 4; lastKnownFileType = sourcecode.c.h; path = "UIImageView+WebCache.h"; sourceTree = "<group>"; };
		FCAAE2F81C26450D00886673 /* UIImageView+WebCache.m */ = {isa = PBXFileReference; fileEncoding = 4; lastKnownFileType = sourcecode.c.objc; path = "UIImageView+WebCache.m"; sourceTree = "<group>"; };
		FCAAE2F91C26450D00886673 /* UIView+WebCacheOperation.h */ = {isa = PBXFileReference; fileEncoding = 4; lastKnownFileType = sourcecode.c.h; path = "UIView+WebCacheOperation.h"; sourceTree = "<group>"; };
		FCAAE2FA1C26450D00886673 /* UIView+WebCacheOperation.m */ = {isa = PBXFileReference; fileEncoding = 4; lastKnownFileType = sourcecode.c.objc; path = "UIView+WebCacheOperation.m"; sourceTree = "<group>"; };
		FCAAE3501C265D3F00886673 /* GFSinaTableViewCell.h */ = {isa = PBXFileReference; fileEncoding = 4; lastKnownFileType = sourcecode.c.h; path = GFSinaTableViewCell.h; sourceTree = "<group>"; };
		FCAAE3511C265D3F00886673 /* GFSinaTableViewCell.m */ = {isa = PBXFileReference; fileEncoding = 4; lastKnownFileType = sourcecode.c.objc; path = GFSinaTableViewCell.m; sourceTree = "<group>"; };
		FCAAE3571C265E1F00886673 /* MJRefreshAutoGifFooter.h */ = {isa = PBXFileReference; fileEncoding = 4; lastKnownFileType = sourcecode.c.h; path = MJRefreshAutoGifFooter.h; sourceTree = "<group>"; };
		FCAAE3581C265E1F00886673 /* MJRefreshAutoGifFooter.m */ = {isa = PBXFileReference; fileEncoding = 4; lastKnownFileType = sourcecode.c.objc; path = MJRefreshAutoGifFooter.m; sourceTree = "<group>"; };
		FCAAE3591C265E1F00886673 /* MJRefreshAutoNormalFooter.h */ = {isa = PBXFileReference; fileEncoding = 4; lastKnownFileType = sourcecode.c.h; path = MJRefreshAutoNormalFooter.h; sourceTree = "<group>"; };
		FCAAE35A1C265E1F00886673 /* MJRefreshAutoNormalFooter.m */ = {isa = PBXFileReference; fileEncoding = 4; lastKnownFileType = sourcecode.c.objc; path = MJRefreshAutoNormalFooter.m; sourceTree = "<group>"; };
		FCAAE35B1C265E1F00886673 /* MJRefreshAutoStateFooter.h */ = {isa = PBXFileReference; fileEncoding = 4; lastKnownFileType = sourcecode.c.h; path = MJRefreshAutoStateFooter.h; sourceTree = "<group>"; };
		FCAAE35C1C265E1F00886673 /* MJRefreshAutoStateFooter.m */ = {isa = PBXFileReference; fileEncoding = 4; lastKnownFileType = sourcecode.c.objc; path = MJRefreshAutoStateFooter.m; sourceTree = "<group>"; };
		FCAAE35E1C265E1F00886673 /* MJRefreshBackGifFooter.h */ = {isa = PBXFileReference; fileEncoding = 4; lastKnownFileType = sourcecode.c.h; path = MJRefreshBackGifFooter.h; sourceTree = "<group>"; };
		FCAAE35F1C265E1F00886673 /* MJRefreshBackGifFooter.m */ = {isa = PBXFileReference; fileEncoding = 4; lastKnownFileType = sourcecode.c.objc; path = MJRefreshBackGifFooter.m; sourceTree = "<group>"; };
		FCAAE3601C265E1F00886673 /* MJRefreshBackNormalFooter.h */ = {isa = PBXFileReference; fileEncoding = 4; lastKnownFileType = sourcecode.c.h; path = MJRefreshBackNormalFooter.h; sourceTree = "<group>"; };
		FCAAE3611C265E1F00886673 /* MJRefreshBackNormalFooter.m */ = {isa = PBXFileReference; fileEncoding = 4; lastKnownFileType = sourcecode.c.objc; path = MJRefreshBackNormalFooter.m; sourceTree = "<group>"; };
		FCAAE3621C265E1F00886673 /* MJRefreshBackStateFooter.h */ = {isa = PBXFileReference; fileEncoding = 4; lastKnownFileType = sourcecode.c.h; path = MJRefreshBackStateFooter.h; sourceTree = "<group>"; };
		FCAAE3631C265E1F00886673 /* MJRefreshBackStateFooter.m */ = {isa = PBXFileReference; fileEncoding = 4; lastKnownFileType = sourcecode.c.objc; path = MJRefreshBackStateFooter.m; sourceTree = "<group>"; };
		FCAAE3651C265E1F00886673 /* MJRefreshGifHeader.h */ = {isa = PBXFileReference; fileEncoding = 4; lastKnownFileType = sourcecode.c.h; path = MJRefreshGifHeader.h; sourceTree = "<group>"; };
		FCAAE3661C265E1F00886673 /* MJRefreshGifHeader.m */ = {isa = PBXFileReference; fileEncoding = 4; lastKnownFileType = sourcecode.c.objc; path = MJRefreshGifHeader.m; sourceTree = "<group>"; };
		FCAAE3671C265E1F00886673 /* MJRefreshNormalHeader.h */ = {isa = PBXFileReference; fileEncoding = 4; lastKnownFileType = sourcecode.c.h; path = MJRefreshNormalHeader.h; sourceTree = "<group>"; };
		FCAAE3681C265E1F00886673 /* MJRefreshNormalHeader.m */ = {isa = PBXFileReference; fileEncoding = 4; lastKnownFileType = sourcecode.c.objc; path = MJRefreshNormalHeader.m; sourceTree = "<group>"; };
		FCAAE3691C265E1F00886673 /* MJRefreshStateHeader.h */ = {isa = PBXFileReference; fileEncoding = 4; lastKnownFileType = sourcecode.c.h; path = MJRefreshStateHeader.h; sourceTree = "<group>"; };
		FCAAE36A1C265E1F00886673 /* MJRefreshStateHeader.m */ = {isa = PBXFileReference; fileEncoding = 4; lastKnownFileType = sourcecode.c.objc; path = MJRefreshStateHeader.m; sourceTree = "<group>"; };
		FCAAE36C1C265E1F00886673 /* MJRefreshAutoFooter.h */ = {isa = PBXFileReference; fileEncoding = 4; lastKnownFileType = sourcecode.c.h; path = MJRefreshAutoFooter.h; sourceTree = "<group>"; };
		FCAAE36D1C265E1F00886673 /* MJRefreshAutoFooter.m */ = {isa = PBXFileReference; fileEncoding = 4; lastKnownFileType = sourcecode.c.objc; path = MJRefreshAutoFooter.m; sourceTree = "<group>"; };
		FCAAE36E1C265E1F00886673 /* MJRefreshBackFooter.h */ = {isa = PBXFileReference; fileEncoding = 4; lastKnownFileType = sourcecode.c.h; path = MJRefreshBackFooter.h; sourceTree = "<group>"; };
		FCAAE36F1C265E1F00886673 /* MJRefreshBackFooter.m */ = {isa = PBXFileReference; fileEncoding = 4; lastKnownFileType = sourcecode.c.objc; path = MJRefreshBackFooter.m; sourceTree = "<group>"; };
		FCAAE3701C265E1F00886673 /* MJRefreshComponent.h */ = {isa = PBXFileReference; fileEncoding = 4; lastKnownFileType = sourcecode.c.h; path = MJRefreshComponent.h; sourceTree = "<group>"; };
		FCAAE3711C265E1F00886673 /* MJRefreshComponent.m */ = {isa = PBXFileReference; fileEncoding = 4; lastKnownFileType = sourcecode.c.objc; path = MJRefreshComponent.m; sourceTree = "<group>"; };
		FCAAE3721C265E1F00886673 /* MJRefreshFooter.h */ = {isa = PBXFileReference; fileEncoding = 4; lastKnownFileType = sourcecode.c.h; path = MJRefreshFooter.h; sourceTree = "<group>"; };
		FCAAE3731C265E1F00886673 /* MJRefreshFooter.m */ = {isa = PBXFileReference; fileEncoding = 4; lastKnownFileType = sourcecode.c.objc; path = MJRefreshFooter.m; sourceTree = "<group>"; };
		FCAAE3741C265E1F00886673 /* MJRefreshHeader.h */ = {isa = PBXFileReference; fileEncoding = 4; lastKnownFileType = sourcecode.c.h; path = MJRefreshHeader.h; sourceTree = "<group>"; };
		FCAAE3751C265E1F00886673 /* MJRefreshHeader.m */ = {isa = PBXFileReference; fileEncoding = 4; lastKnownFileType = sourcecode.c.objc; path = MJRefreshHeader.m; sourceTree = "<group>"; };
		FCAAE3761C265E1F00886673 /* MJRefresh.bundle */ = {isa = PBXFileReference; lastKnownFileType = "wrapper.plug-in"; path = MJRefresh.bundle; sourceTree = "<group>"; };
		FCAAE3771C265E1F00886673 /* MJRefresh.h */ = {isa = PBXFileReference; fileEncoding = 4; lastKnownFileType = sourcecode.c.h; path = MJRefresh.h; sourceTree = "<group>"; };
		FCAAE3781C265E1F00886673 /* MJRefreshConst.h */ = {isa = PBXFileReference; fileEncoding = 4; lastKnownFileType = sourcecode.c.h; path = MJRefreshConst.h; sourceTree = "<group>"; };
		FCAAE3791C265E1F00886673 /* MJRefreshConst.m */ = {isa = PBXFileReference; fileEncoding = 4; lastKnownFileType = sourcecode.c.objc; path = MJRefreshConst.m; sourceTree = "<group>"; };
		FCAAE37A1C265E1F00886673 /* UIScrollView+MJExtension.h */ = {isa = PBXFileReference; fileEncoding = 4; lastKnownFileType = sourcecode.c.h; path = "UIScrollView+MJExtension.h"; sourceTree = "<group>"; };
		FCAAE37B1C265E1F00886673 /* UIScrollView+MJExtension.m */ = {isa = PBXFileReference; fileEncoding = 4; lastKnownFileType = sourcecode.c.objc; path = "UIScrollView+MJExtension.m"; sourceTree = "<group>"; };
		FCAAE37C1C265E1F00886673 /* UIScrollView+MJRefresh.h */ = {isa = PBXFileReference; fileEncoding = 4; lastKnownFileType = sourcecode.c.h; path = "UIScrollView+MJRefresh.h"; sourceTree = "<group>"; };
		FCAAE37D1C265E1F00886673 /* UIScrollView+MJRefresh.m */ = {isa = PBXFileReference; fileEncoding = 4; lastKnownFileType = sourcecode.c.objc; path = "UIScrollView+MJRefresh.m"; sourceTree = "<group>"; };
		FCAAE37E1C265E1F00886673 /* UIView+MJExtension.h */ = {isa = PBXFileReference; fileEncoding = 4; lastKnownFileType = sourcecode.c.h; path = "UIView+MJExtension.h"; sourceTree = "<group>"; };
		FCAAE37F1C265E1F00886673 /* UIView+MJExtension.m */ = {isa = PBXFileReference; fileEncoding = 4; lastKnownFileType = sourcecode.c.objc; path = "UIView+MJExtension.m"; sourceTree = "<group>"; };
		FCAAE3931C2663BC00886673 /* GFSinaDataTool.h */ = {isa = PBXFileReference; fileEncoding = 4; lastKnownFileType = sourcecode.c.h; path = GFSinaDataTool.h; sourceTree = "<group>"; };
		FCAAE3941C2663BC00886673 /* GFSinaDataTool.m */ = {isa = PBXFileReference; fileEncoding = 4; lastKnownFileType = sourcecode.c.objc; path = GFSinaDataTool.m; sourceTree = "<group>"; };
		FCAAE3971C2685CF00886673 /* GFRequestNotifiTool.h */ = {isa = PBXFileReference; fileEncoding = 4; lastKnownFileType = sourcecode.c.h; path = GFRequestNotifiTool.h; sourceTree = "<group>"; };
		FCAAE3981C2685CF00886673 /* GFRequestNotifiTool.m */ = {isa = PBXFileReference; fileEncoding = 4; lastKnownFileType = sourcecode.c.objc; path = GFRequestNotifiTool.m; sourceTree = "<group>"; };
		FCAAE39A1C26865300886673 /* GFBaseParameters.h */ = {isa = PBXFileReference; fileEncoding = 4; lastKnownFileType = sourcecode.c.h; path = GFBaseParameters.h; sourceTree = "<group>"; };
		FCAAE39B1C26865300886673 /* GFBaseParameters.m */ = {isa = PBXFileReference; fileEncoding = 4; lastKnownFileType = sourcecode.c.objc; path = GFBaseParameters.m; sourceTree = "<group>"; };
		FCAAE39E1C2688BB00886673 /* GFNotificationNumber.h */ = {isa = PBXFileReference; fileEncoding = 4; lastKnownFileType = sourcecode.c.h; path = GFNotificationNumber.h; sourceTree = "<group>"; };
		FCAAE39F1C2688BB00886673 /* GFNotificationNumber.m */ = {isa = PBXFileReference; fileEncoding = 4; lastKnownFileType = sourcecode.c.objc; path = GFNotificationNumber.m; sourceTree = "<group>"; };
		FCAAE3A11C268A2400886673 /* GFRequestNotiParamters.h */ = {isa = PBXFileReference; fileEncoding = 4; lastKnownFileType = sourcecode.c.h; path = GFRequestNotiParamters.h; sourceTree = "<group>"; };
		FCAAE3A21C268A2400886673 /* GFRequestNotiParamters.m */ = {isa = PBXFileReference; fileEncoding = 4; lastKnownFileType = sourcecode.c.objc; path = GFRequestNotiParamters.m; sourceTree = "<group>"; };
		FCB8CAED1C205BAF002EE1D3 /* GFSinaWeiBo.app */ = {isa = PBXFileReference; explicitFileType = wrapper.application; includeInIndex = 0; path = GFSinaWeiBo.app; sourceTree = BUILT_PRODUCTS_DIR; };
		FCB8CAF11C205BAF002EE1D3 /* main.m */ = {isa = PBXFileReference; lastKnownFileType = sourcecode.c.objc; path = main.m; sourceTree = "<group>"; };
		FCB8CAF31C205BAF002EE1D3 /* AppDelegate.h */ = {isa = PBXFileReference; lastKnownFileType = sourcecode.c.h; path = AppDelegate.h; sourceTree = "<group>"; };
		FCB8CAF41C205BAF002EE1D3 /* AppDelegate.m */ = {isa = PBXFileReference; lastKnownFileType = sourcecode.c.objc; path = AppDelegate.m; sourceTree = "<group>"; };
		FCB8CAFD1C205BAF002EE1D3 /* GFSinaWeiBo.xcdatamodel */ = {isa = PBXFileReference; lastKnownFileType = wrapper.xcdatamodel; path = GFSinaWeiBo.xcdatamodel; sourceTree = "<group>"; };
		FCB8CAFF1C205BAF002EE1D3 /* Assets.xcassets */ = {isa = PBXFileReference; lastKnownFileType = folder.assetcatalog; path = Assets.xcassets; sourceTree = "<group>"; };
		FCB8CB021C205BAF002EE1D3 /* Base */ = {isa = PBXFileReference; lastKnownFileType = file.storyboard; name = Base; path = Base.lproj/LaunchScreen.storyboard; sourceTree = "<group>"; };
		FCB8CB041C205BAF002EE1D3 /* Info.plist */ = {isa = PBXFileReference; lastKnownFileType = text.plist.xml; path = Info.plist; sourceTree = "<group>"; };
		FCB8CB091C205BAF002EE1D3 /* GFSinaWeiBoTests.xctest */ = {isa = PBXFileReference; explicitFileType = wrapper.cfbundle; includeInIndex = 0; path = GFSinaWeiBoTests.xctest; sourceTree = BUILT_PRODUCTS_DIR; };
		FCB8CB0D1C205BAF002EE1D3 /* GFSinaWeiBoTests.m */ = {isa = PBXFileReference; lastKnownFileType = sourcecode.c.objc; path = GFSinaWeiBoTests.m; sourceTree = "<group>"; };
		FCB8CB0F1C205BAF002EE1D3 /* Info.plist */ = {isa = PBXFileReference; lastKnownFileType = text.plist.xml; path = Info.plist; sourceTree = "<group>"; };
		FCB8CB141C205BAF002EE1D3 /* GFSinaWeiBoUITests.xctest */ = {isa = PBXFileReference; explicitFileType = wrapper.cfbundle; includeInIndex = 0; path = GFSinaWeiBoUITests.xctest; sourceTree = BUILT_PRODUCTS_DIR; };
		FCB8CB181C205BAF002EE1D3 /* GFSinaWeiBoUITests.m */ = {isa = PBXFileReference; lastKnownFileType = sourcecode.c.objc; path = GFSinaWeiBoUITests.m; sourceTree = "<group>"; };
		FCB8CB1A1C205BAF002EE1D3 /* Info.plist */ = {isa = PBXFileReference; lastKnownFileType = text.plist.xml; path = Info.plist; sourceTree = "<group>"; };
		FCB8CB261C20618E002EE1D3 /* UIKit.framework */ = {isa = PBXFileReference; lastKnownFileType = wrapper.framework; name = UIKit.framework; path = System/Library/Frameworks/UIKit.framework; sourceTree = SDKROOT; };
		FCB8CB281C206194002EE1D3 /* Foundation.framework */ = {isa = PBXFileReference; lastKnownFileType = wrapper.framework; name = Foundation.framework; path = System/Library/Frameworks/Foundation.framework; sourceTree = SDKROOT; };
		FCB8CB2D1C20622C002EE1D3 /* GFTabBarViewController.h */ = {isa = PBXFileReference; fileEncoding = 4; lastKnownFileType = sourcecode.c.h; path = GFTabBarViewController.h; sourceTree = "<group>"; };
		FCB8CB2E1C20622C002EE1D3 /* GFTabBarViewController.m */ = {isa = PBXFileReference; fileEncoding = 4; lastKnownFileType = sourcecode.c.objc; path = GFTabBarViewController.m; sourceTree = "<group>"; };
/* End PBXFileReference section */

/* Begin PBXFrameworksBuildPhase section */
		FCB8CAEA1C205BAF002EE1D3 /* Frameworks */ = {
			isa = PBXFrameworksBuildPhase;
			buildActionMask = 2147483647;
			files = (
				FCB8CB291C206194002EE1D3 /* Foundation.framework in Frameworks */,
				FCB8CB271C20618E002EE1D3 /* UIKit.framework in Frameworks */,
			);
			runOnlyForDeploymentPostprocessing = 0;
		};
		FCB8CB061C205BAF002EE1D3 /* Frameworks */ = {
			isa = PBXFrameworksBuildPhase;
			buildActionMask = 2147483647;
			files = (
			);
			runOnlyForDeploymentPostprocessing = 0;
		};
		FCB8CB111C205BAF002EE1D3 /* Frameworks */ = {
			isa = PBXFrameworksBuildPhase;
			buildActionMask = 2147483647;
			files = (
			);
			runOnlyForDeploymentPostprocessing = 0;
		};
/* End PBXFrameworksBuildPhase section */

/* Begin PBXGroup section */
		FC0C561B1C20677100B6CF1D /* Message */ = {
			isa = PBXGroup;
			children = (
				FC0C561E1C2067C000B6CF1D /* GFMessageViewController.h */,
				FC0C561F1C2067C000B6CF1D /* GFMessageViewController.m */,
			);
			name = Message;
			sourceTree = "<group>";
		};
		FC0C561C1C20678000B6CF1D /* Discover */ = {
			isa = PBXGroup;
			children = (
				FC0C56211C2067CE00B6CF1D /* GFDiscoverViewController.h */,
				FC0C56221C2067CE00B6CF1D /* GFDiscoverViewController.m */,
				FC099E3F1C215A58009D63B1 /* GFSearchBar.h */,
				FC099E401C215A58009D63B1 /* GFSearchBar.m */,
			);
			name = Discover;
			sourceTree = "<group>";
		};
		FC0C561D1C20678A00B6CF1D /* Me */ = {
			isa = PBXGroup;
			children = (
				FC0C56241C2067D500B6CF1D /* GFMeViewController.h */,
				FC0C56251C2067D500B6CF1D /* GFMeViewController.m */,
			);
			name = Me;
			sourceTree = "<group>";
		};
		FC0C56271C20687000B6CF1D /* Extension */ = {
			isa = PBXGroup;
			children = (
				FC0C562B1C206A7700B6CF1D /* UIImage+GFImage.h */,
				FC0C562C1C206A7700B6CF1D /* UIImage+GFImage.m */,
				FC9F33471C2147B4004AF041 /* GFNavigationController.h */,
				FC9F33481C2147B4004AF041 /* GFNavigationController.m */,
				FC099E421C21654A009D63B1 /* UIBarButtonItem+GFBarButtonItem.h */,
				FC099E431C21654A009D63B1 /* UIBarButtonItem+GFBarButtonItem.m */,
			);
			name = Extension;
			sourceTree = "<group>";
		};
		FC0C562E1C20715900B6CF1D /* View */ = {
			isa = PBXGroup;
			children = (
				FC0C56311C2073CD00B6CF1D /* GFTabBar.h */,
				FC0C56321C2073CD00B6CF1D /* GFTabBar.m */,
			);
			name = View;
			sourceTree = "<group>";
		};
		FC0C562F1C20718800B6CF1D /* Controller */ = {
			isa = PBXGroup;
			children = (
				FCB8CB2D1C20622C002EE1D3 /* GFTabBarViewController.h */,
				FCB8CB2E1C20622C002EE1D3 /* GFTabBarViewController.m */,
			);
			name = Controller;
			sourceTree = "<group>";
		};
		FC0C56301C20718E00B6CF1D /* Model */ = {
			isa = PBXGroup;
			children = (
			);
			name = Model;
			sourceTree = "<group>";
		};
		FC1BCEF61C21A21D007DEC5F /* Controller */ = {
			isa = PBXGroup;
			children = (
				FC0C56181C20671700B6CF1D /* GFHomeViewController.h */,
				FC0C56191C20671700B6CF1D /* GFHomeViewController.m */,
				FC099E451C216820009D63B1 /* GFOneViewController.h */,
				FC099E461C216820009D63B1 /* GFOneViewController.m */,
				FC010AA71C21712800449FB9 /* GFTwoViewController.h */,
				FC010AA81C21712800449FB9 /* GFTwoViewController.m */,
			);
			name = Controller;
			sourceTree = "<group>";
		};
		FC1BCEF71C21A224007DEC5F /* View */ = {
			isa = PBXGroup;
			children = (
				FCAAE3501C265D3F00886673 /* GFSinaTableViewCell.h */,
				FCAAE3511C265D3F00886673 /* GFSinaTableViewCell.m */,
			);
			name = View;
			sourceTree = "<group>";
		};
		FC1BCEF81C21A22C007DEC5F /* Model */ = {
			isa = PBXGroup;
			children = (
				FC1BCF251C21D3CD007DEC5F /* GFSinaData.h */,
				FC1BCF261C21D3CD007DEC5F /* GFSinaData.m */,
				FC1C9F461C252C8F00F5805E /* GFUser.h */,
				FC1C9F471C252C8F00F5805E /* GFUser.m */,
				FC1C9F491C252C9A00F5805E /* GFPhoto.h */,
				FC1C9F4A1C252C9A00F5805E /* GFPhoto.m */,
			);
			name = Model;
			sourceTree = "<group>";
		};
		FC1BCEF91C21A2F8007DEC5F /* oAuth */ = {
			isa = PBXGroup;
			children = (
				FC1BCF1C1C21B196007DEC5F /* Model */,
				FC1BCF1B1C21B187007DEC5F /* Controller */,
			);
			name = oAuth;
			sourceTree = "<group>";
		};
		FC1BCEFD1C21AAD4007DEC5F /* ThirdFrameWork */ = {
			isa = PBXGroup;
			children = (
				FCAAE3531C265E1F00886673 /* MJRefresh */,
				FCAAE2D91C26450D00886673 /* SDWebImage */,
				FC1BCF381C21D93E007DEC5F /* MJExtension */,
				FC1BCEFE1C21AB14007DEC5F /* AFNetworking */,
			);
			name = ThirdFrameWork;
			sourceTree = "<group>";
		};
		FC1BCEFE1C21AB14007DEC5F /* AFNetworking */ = {
			isa = PBXGroup;
			children = (
				FC1BCEFF1C21AB14007DEC5F /* AFHTTPRequestOperation.h */,
				FC1BCF001C21AB14007DEC5F /* AFHTTPRequestOperation.m */,
				FC1BCF011C21AB14007DEC5F /* AFHTTPRequestOperationManager.h */,
				FC1BCF021C21AB14007DEC5F /* AFHTTPRequestOperationManager.m */,
				FC1BCF031C21AB14007DEC5F /* AFHTTPSessionManager.h */,
				FC1BCF041C21AB14007DEC5F /* AFHTTPSessionManager.m */,
				FC1BCF051C21AB14007DEC5F /* AFNetworking.h */,
				FC1BCF061C21AB14007DEC5F /* AFNetworkReachabilityManager.h */,
				FC1BCF071C21AB14007DEC5F /* AFNetworkReachabilityManager.m */,
				FC1BCF081C21AB14007DEC5F /* AFSecurityPolicy.h */,
				FC1BCF091C21AB14007DEC5F /* AFSecurityPolicy.m */,
				FC1BCF0A1C21AB14007DEC5F /* AFURLConnectionOperation.h */,
				FC1BCF0B1C21AB14007DEC5F /* AFURLConnectionOperation.m */,
				FC1BCF0C1C21AB14007DEC5F /* AFURLRequestSerialization.h */,
				FC1BCF0D1C21AB14007DEC5F /* AFURLRequestSerialization.m */,
				FC1BCF0E1C21AB14007DEC5F /* AFURLResponseSerialization.h */,
				FC1BCF0F1C21AB14007DEC5F /* AFURLResponseSerialization.m */,
				FC1BCF101C21AB14007DEC5F /* AFURLSessionManager.h */,
				FC1BCF111C21AB14007DEC5F /* AFURLSessionManager.m */,
			);
			path = AFNetworking;
			sourceTree = "<group>";
		};
		FC1BCF1B1C21B187007DEC5F /* Controller */ = {
			isa = PBXGroup;
			children = (
				FC1BCEFA1C21A318007DEC5F /* GFOAuthViewController.h */,
				FC1BCEFB1C21A318007DEC5F /* GFOAuthViewController.m */,
			);
			name = Controller;
			sourceTree = "<group>";
		};
		FC1BCF1C1C21B196007DEC5F /* Model */ = {
			isa = PBXGroup;
			children = (
				FC1BCF1D1C21B1CE007DEC5F /* GFSinaAccountInfo.h */,
				FC1BCF1E1C21B1CE007DEC5F /* GFSinaAccountInfo.m */,
			);
			name = Model;
			sourceTree = "<group>";
		};
		FC1BCF201C21BCDF007DEC5F /* GFTools */ = {
			isa = PBXGroup;
			children = (
				FCAAE39D1C26865B00886673 /* BaseParameters */,
				FCAAE3961C26858F00886673 /* SinaNotificationTool */,
				FC1BCF211C21BCF9007DEC5F /* Account */,
				FCAAE3931C2663BC00886673 /* GFSinaDataTool.h */,
				FCAAE3941C2663BC00886673 /* GFSinaDataTool.m */,
			);
			name = GFTools;
			sourceTree = "<group>";
		};
		FC1BCF211C21BCF9007DEC5F /* Account */ = {
			isa = PBXGroup;
			children = (
				FC1BCF221C21BD27007DEC5F /* GFAccountTool.h */,
				FC1BCF231C21BD27007DEC5F /* GFAccountTool.m */,
			);
			name = Account;
			sourceTree = "<group>";
		};
		FC1BCF381C21D93E007DEC5F /* MJExtension */ = {
			isa = PBXGroup;
			children = (
				FC1BCF391C21D93E007DEC5F /* MJDictionaryCache.h */,
				FC1BCF3A1C21D93E007DEC5F /* MJDictionaryCache.m */,
				FC1BCF3B1C21D93E007DEC5F /* MJExtension.h */,
				FC1BCF3C1C21D93E007DEC5F /* MJExtensionConst.h */,
				FC1BCF3D1C21D93E007DEC5F /* MJExtensionConst.m */,
				FC1BCF3E1C21D93E007DEC5F /* MJFoundation.h */,
				FC1BCF3F1C21D93E007DEC5F /* MJFoundation.m */,
				FC1BCF401C21D93E007DEC5F /* MJProperty.h */,
				FC1BCF411C21D93E007DEC5F /* MJProperty.m */,
				FC1BCF421C21D93E007DEC5F /* MJPropertyKey.h */,
				FC1BCF431C21D93E007DEC5F /* MJPropertyKey.m */,
				FC1BCF441C21D93E007DEC5F /* MJPropertyType.h */,
				FC1BCF451C21D93E007DEC5F /* MJPropertyType.m */,
				FC1BCF461C21D93E007DEC5F /* NSObject+MJClass.h */,
				FC1BCF471C21D93E007DEC5F /* NSObject+MJClass.m */,
				FC1BCF481C21D93E007DEC5F /* NSObject+MJCoding.h */,
				FC1BCF491C21D93E007DEC5F /* NSObject+MJCoding.m */,
				FC1BCF4A1C21D93E007DEC5F /* NSObject+MJKeyValue.h */,
				FC1BCF4B1C21D93E007DEC5F /* NSObject+MJKeyValue.m */,
				FC1BCF4C1C21D93E007DEC5F /* NSObject+MJProperty.h */,
				FC1BCF4D1C21D93E007DEC5F /* NSObject+MJProperty.m */,
				FC1BCF4E1C21D93E007DEC5F /* NSString+MJExtension.h */,
				FC1BCF4F1C21D93E007DEC5F /* NSString+MJExtension.m */,
			);
			path = MJExtension;
			sourceTree = "<group>";
		};
		FC9F33401C21457C004AF041 /* Home */ = {
			isa = PBXGroup;
			children = (
				FC1BCEF81C21A22C007DEC5F /* Model */,
				FC1BCEF61C21A21D007DEC5F /* Controller */,
			);
			name = Home;
			sourceTree = "<group>";
		};
		FCAAE2D91C26450D00886673 /* SDWebImage */ = {
			isa = PBXGroup;
			children = (
				FCAAE2DA1C26450D00886673 /* MKAnnotationView+WebCache.h */,
				FCAAE2DB1C26450D00886673 /* MKAnnotationView+WebCache.m */,
				FCAAE2DC1C26450D00886673 /* NSData+ImageContentType.h */,
				FCAAE2DD1C26450D00886673 /* NSData+ImageContentType.m */,
				FCAAE2DE1C26450D00886673 /* SDImageCache.h */,
				FCAAE2DF1C26450D00886673 /* SDImageCache.m */,
				FCAAE2E01C26450D00886673 /* SDWebImageCompat.h */,
				FCAAE2E11C26450D00886673 /* SDWebImageCompat.m */,
				FCAAE2E21C26450D00886673 /* SDWebImageDecoder.h */,
				FCAAE2E31C26450D00886673 /* SDWebImageDecoder.m */,
				FCAAE2E41C26450D00886673 /* SDWebImageDownloader.h */,
				FCAAE2E51C26450D00886673 /* SDWebImageDownloader.m */,
				FCAAE2E61C26450D00886673 /* SDWebImageDownloaderOperation.h */,
				FCAAE2E71C26450D00886673 /* SDWebImageDownloaderOperation.m */,
				FCAAE2E81C26450D00886673 /* SDWebImageManager.h */,
				FCAAE2E91C26450D00886673 /* SDWebImageManager.m */,
				FCAAE2EA1C26450D00886673 /* SDWebImageOperation.h */,
				FCAAE2EB1C26450D00886673 /* SDWebImagePrefetcher.h */,
				FCAAE2EC1C26450D00886673 /* SDWebImagePrefetcher.m */,
				FCAAE2ED1C26450D00886673 /* UIButton+WebCache.h */,
				FCAAE2EE1C26450D00886673 /* UIButton+WebCache.m */,
				FCAAE2EF1C26450D00886673 /* UIImage+GIF.h */,
				FCAAE2F01C26450D00886673 /* UIImage+GIF.m */,
				FCAAE2F11C26450D00886673 /* UIImage+MultiFormat.h */,
				FCAAE2F21C26450D00886673 /* UIImage+MultiFormat.m */,
				FCAAE2F31C26450D00886673 /* UIImage+WebP.h */,
				FCAAE2F41C26450D00886673 /* UIImage+WebP.m */,
				FCAAE2F51C26450D00886673 /* UIImageView+HighlightedWebCache.h */,
				FCAAE2F61C26450D00886673 /* UIImageView+HighlightedWebCache.m */,
				FCAAE2F71C26450D00886673 /* UIImageView+WebCache.h */,
				FCAAE2F81C26450D00886673 /* UIImageView+WebCache.m */,
				FCAAE2F91C26450D00886673 /* UIView+WebCacheOperation.h */,
				FCAAE2FA1C26450D00886673 /* UIView+WebCacheOperation.m */,
			);
			path = SDWebImage;
			sourceTree = "<group>";
		};
		FCAAE3531C265E1F00886673 /* MJRefresh */ = {
			isa = PBXGroup;
			children = (
				FCAAE3541C265E1F00886673 /* Custom */,
				FCAAE36B1C265E1F00886673 /* MJRefresh */,
				FCAAE3761C265E1F00886673 /* MJRefresh.bundle */,
				FCAAE3771C265E1F00886673 /* MJRefresh.h */,
				FCAAE3781C265E1F00886673 /* MJRefreshConst.h */,
				FCAAE3791C265E1F00886673 /* MJRefreshConst.m */,
				FCAAE37A1C265E1F00886673 /* UIScrollView+MJExtension.h */,
				FCAAE37B1C265E1F00886673 /* UIScrollView+MJExtension.m */,
				FCAAE37C1C265E1F00886673 /* UIScrollView+MJRefresh.h */,
				FCAAE37D1C265E1F00886673 /* UIScrollView+MJRefresh.m */,
				FCAAE37E1C265E1F00886673 /* UIView+MJExtension.h */,
				FCAAE37F1C265E1F00886673 /* UIView+MJExtension.m */,
			);
			path = MJRefresh;
			sourceTree = "<group>";
		};
		FCAAE3541C265E1F00886673 /* Custom */ = {
			isa = PBXGroup;
			children = (
				FCAAE3551C265E1F00886673 /* Footer */,
				FCAAE3641C265E1F00886673 /* Header */,
			);
			path = Custom;
			sourceTree = "<group>";
		};
		FCAAE3551C265E1F00886673 /* Footer */ = {
			isa = PBXGroup;
			children = (
				FCAAE3561C265E1F00886673 /* Auto */,
				FCAAE35D1C265E1F00886673 /* Back */,
			);
			path = Footer;
			sourceTree = "<group>";
		};
		FCAAE3561C265E1F00886673 /* Auto */ = {
			isa = PBXGroup;
			children = (
				FCAAE3571C265E1F00886673 /* MJRefreshAutoGifFooter.h */,
				FCAAE3581C265E1F00886673 /* MJRefreshAutoGifFooter.m */,
				FCAAE3591C265E1F00886673 /* MJRefreshAutoNormalFooter.h */,
				FCAAE35A1C265E1F00886673 /* MJRefreshAutoNormalFooter.m */,
				FCAAE35B1C265E1F00886673 /* MJRefreshAutoStateFooter.h */,
				FCAAE35C1C265E1F00886673 /* MJRefreshAutoStateFooter.m */,
			);
			path = Auto;
			sourceTree = "<group>";
		};
		FCAAE35D1C265E1F00886673 /* Back */ = {
			isa = PBXGroup;
			children = (
				FCAAE35E1C265E1F00886673 /* MJRefreshBackGifFooter.h */,
				FCAAE35F1C265E1F00886673 /* MJRefreshBackGifFooter.m */,
				FCAAE3601C265E1F00886673 /* MJRefreshBackNormalFooter.h */,
				FCAAE3611C265E1F00886673 /* MJRefreshBackNormalFooter.m */,
				FCAAE3621C265E1F00886673 /* MJRefreshBackStateFooter.h */,
				FCAAE3631C265E1F00886673 /* MJRefreshBackStateFooter.m */,
			);
			path = Back;
			sourceTree = "<group>";
		};
		FCAAE3641C265E1F00886673 /* Header */ = {
			isa = PBXGroup;
			children = (
				FCAAE3651C265E1F00886673 /* MJRefreshGifHeader.h */,
				FCAAE3661C265E1F00886673 /* MJRefreshGifHeader.m */,
				FCAAE3671C265E1F00886673 /* MJRefreshNormalHeader.h */,
				FCAAE3681C265E1F00886673 /* MJRefreshNormalHeader.m */,
				FCAAE3691C265E1F00886673 /* MJRefreshStateHeader.h */,
				FCAAE36A1C265E1F00886673 /* MJRefreshStateHeader.m */,
			);
			path = Header;
			sourceTree = "<group>";
		};
		FCAAE36B1C265E1F00886673 /* MJRefresh */ = {
			isa = PBXGroup;
			children = (
				FCAAE36C1C265E1F00886673 /* MJRefreshAutoFooter.h */,
				FCAAE36D1C265E1F00886673 /* MJRefreshAutoFooter.m */,
				FCAAE36E1C265E1F00886673 /* MJRefreshBackFooter.h */,
				FCAAE36F1C265E1F00886673 /* MJRefreshBackFooter.m */,
				FCAAE3701C265E1F00886673 /* MJRefreshComponent.h */,
				FCAAE3711C265E1F00886673 /* MJRefreshComponent.m */,
				FCAAE3721C265E1F00886673 /* MJRefreshFooter.h */,
				FCAAE3731C265E1F00886673 /* MJRefreshFooter.m */,
				FCAAE3741C265E1F00886673 /* MJRefreshHeader.h */,
				FCAAE3751C265E1F00886673 /* MJRefreshHeader.m */,
			);
			path = MJRefresh;
			sourceTree = "<group>";
		};
		FCAAE3961C26858F00886673 /* SinaNotificationTool */ = {
			isa = PBXGroup;
			children = (
				FCAAE39F1C2688BB00886673 /* GFNotificationNumber.m */,
				FCAAE39E1C2688BB00886673 /* GFNotificationNumber.h */,
				FC1BCEF71C21A224007DEC5F /* View */,
				FCAAE3981C2685CF00886673 /* GFRequestNotifiTool.m */,
				FCAAE3971C2685CF00886673 /* GFRequestNotifiTool.h */,
				FCAAE3A11C268A2400886673 /* GFRequestNotiParamters.h */,
				FCAAE3A21C268A2400886673 /* GFRequestNotiParamters.m */,
			);
			name = SinaNotificationTool;
			sourceTree = "<group>";
		};
		FCAAE39D1C26865B00886673 /* BaseParameters */ = {
			isa = PBXGroup;
			children = (
				FCAAE39A1C26865300886673 /* GFBaseParameters.h */,
				FCAAE39B1C26865300886673 /* GFBaseParameters.m */,
			);
			name = BaseParameters;
			sourceTree = "<group>";
		};
		FCB8CAE41C205BAF002EE1D3 = {
			isa = PBXGroup;
			children = (
				FCB8CAEF1C205BAF002EE1D3 /* GFSinaWeiBo */,
				FCB8CB0C1C205BAF002EE1D3 /* GFSinaWeiBoTests */,
				FCB8CB171C205BAF002EE1D3 /* GFSinaWeiBoUITests */,
				FCB8CAEE1C205BAF002EE1D3 /* Products */,
			);
			sourceTree = "<group>";
		};
		FCB8CAEE1C205BAF002EE1D3 /* Products */ = {
			isa = PBXGroup;
			children = (
				FCB8CAED1C205BAF002EE1D3 /* GFSinaWeiBo.app */,
				FCB8CB091C205BAF002EE1D3 /* GFSinaWeiBoTests.xctest */,
				FCB8CB141C205BAF002EE1D3 /* GFSinaWeiBoUITests.xctest */,
			);
			name = Products;
			sourceTree = "<group>";
		};
		FCB8CAEF1C205BAF002EE1D3 /* GFSinaWeiBo */ = {
			isa = PBXGroup;
			children = (
				FC1BCF201C21BCDF007DEC5F /* GFTools */,
				FC1BCEF91C21A2F8007DEC5F /* oAuth */,
				FC9F33401C21457C004AF041 /* Home */,
				FCB8CB2C1C2061F0002EE1D3 /* Main */,
				FC0C561D1C20678A00B6CF1D /* Me */,
				FC0C561C1C20678000B6CF1D /* Discover */,
				FC0C561B1C20677100B6CF1D /* Message */,
				FCB8CB2B1C2061AB002EE1D3 /* Other */,
				FCB8CB2A1C206199002EE1D3 /* FrameWork */,
				FCB8CAFF1C205BAF002EE1D3 /* Assets.xcassets */,
				FCB8CAF01C205BAF002EE1D3 /* Supporting Files */,
			);
			path = GFSinaWeiBo;
			sourceTree = "<group>";
		};
		FCB8CAF01C205BAF002EE1D3 /* Supporting Files */ = {
			isa = PBXGroup;
			children = (
				FCB8CAF11C205BAF002EE1D3 /* main.m */,
			);
			name = "Supporting Files";
			sourceTree = "<group>";
		};
		FCB8CB0C1C205BAF002EE1D3 /* GFSinaWeiBoTests */ = {
			isa = PBXGroup;
			children = (
				FCB8CB0D1C205BAF002EE1D3 /* GFSinaWeiBoTests.m */,
				FCB8CB0F1C205BAF002EE1D3 /* Info.plist */,
			);
			path = GFSinaWeiBoTests;
			sourceTree = "<group>";
		};
		FCB8CB171C205BAF002EE1D3 /* GFSinaWeiBoUITests */ = {
			isa = PBXGroup;
			children = (
				FCB8CB181C205BAF002EE1D3 /* GFSinaWeiBoUITests.m */,
				FCB8CB1A1C205BAF002EE1D3 /* Info.plist */,
			);
			path = GFSinaWeiBoUITests;
			sourceTree = "<group>";
		};
		FCB8CB2A1C206199002EE1D3 /* FrameWork */ = {
			isa = PBXGroup;
			children = (
				FC1BCEFD1C21AAD4007DEC5F /* ThirdFrameWork */,
				FCB8CB281C206194002EE1D3 /* Foundation.framework */,
				FCB8CB261C20618E002EE1D3 /* UIKit.framework */,
			);
			name = FrameWork;
			sourceTree = "<group>";
		};
		FCB8CB2B1C2061AB002EE1D3 /* Other */ = {
			isa = PBXGroup;
			children = (
				FC0C56271C20687000B6CF1D /* Extension */,
				FCB8CAF31C205BAF002EE1D3 /* AppDelegate.h */,
				FCB8CAF41C205BAF002EE1D3 /* AppDelegate.m */,
				FCB8CB011C205BAF002EE1D3 /* LaunchScreen.storyboard */,
				FCB8CB041C205BAF002EE1D3 /* Info.plist */,
				FCB8CAFC1C205BAF002EE1D3 /* GFSinaWeiBo.xcdatamodeld */,
			);
			name = Other;
			sourceTree = "<group>";
		};
		FCB8CB2C1C2061F0002EE1D3 /* Main */ = {
			isa = PBXGroup;
			children = (
				FC0C56301C20718E00B6CF1D /* Model */,
				FC0C562F1C20718800B6CF1D /* Controller */,
				FC0C562E1C20715900B6CF1D /* View */,
			);
			name = Main;
			sourceTree = "<group>";
		};
/* End PBXGroup section */

/* Begin PBXNativeTarget section */
		FCB8CAEC1C205BAF002EE1D3 /* GFSinaWeiBo */ = {
			isa = PBXNativeTarget;
			buildConfigurationList = FCB8CB1D1C205BAF002EE1D3 /* Build configuration list for PBXNativeTarget "GFSinaWeiBo" */;
			buildPhases = (
				FCB8CAE91C205BAF002EE1D3 /* Sources */,
				FCB8CAEA1C205BAF002EE1D3 /* Frameworks */,
				FCB8CAEB1C205BAF002EE1D3 /* Resources */,
			);
			buildRules = (
			);
			dependencies = (
			);
			name = GFSinaWeiBo;
			productName = GFSinaWeiBo;
			productReference = FCB8CAED1C205BAF002EE1D3 /* GFSinaWeiBo.app */;
			productType = "com.apple.product-type.application";
		};
		FCB8CB081C205BAF002EE1D3 /* GFSinaWeiBoTests */ = {
			isa = PBXNativeTarget;
			buildConfigurationList = FCB8CB201C205BAF002EE1D3 /* Build configuration list for PBXNativeTarget "GFSinaWeiBoTests" */;
			buildPhases = (
				FCB8CB051C205BAF002EE1D3 /* Sources */,
				FCB8CB061C205BAF002EE1D3 /* Frameworks */,
				FCB8CB071C205BAF002EE1D3 /* Resources */,
			);
			buildRules = (
			);
			dependencies = (
				FCB8CB0B1C205BAF002EE1D3 /* PBXTargetDependency */,
			);
			name = GFSinaWeiBoTests;
			productName = GFSinaWeiBoTests;
			productReference = FCB8CB091C205BAF002EE1D3 /* GFSinaWeiBoTests.xctest */;
			productType = "com.apple.product-type.bundle.unit-test";
		};
		FCB8CB131C205BAF002EE1D3 /* GFSinaWeiBoUITests */ = {
			isa = PBXNativeTarget;
			buildConfigurationList = FCB8CB231C205BAF002EE1D3 /* Build configuration list for PBXNativeTarget "GFSinaWeiBoUITests" */;
			buildPhases = (
				FCB8CB101C205BAF002EE1D3 /* Sources */,
				FCB8CB111C205BAF002EE1D3 /* Frameworks */,
				FCB8CB121C205BAF002EE1D3 /* Resources */,
			);
			buildRules = (
			);
			dependencies = (
				FCB8CB161C205BAF002EE1D3 /* PBXTargetDependency */,
			);
			name = GFSinaWeiBoUITests;
			productName = GFSinaWeiBoUITests;
			productReference = FCB8CB141C205BAF002EE1D3 /* GFSinaWeiBoUITests.xctest */;
			productType = "com.apple.product-type.bundle.ui-testing";
		};
/* End PBXNativeTarget section */

/* Begin PBXProject section */
		FCB8CAE51C205BAF002EE1D3 /* Project object */ = {
			isa = PBXProject;
			attributes = {
				CLASSPREFIX = GF;
				LastUpgradeCheck = 0720;
				ORGANIZATIONNAME = goofyy;
				TargetAttributes = {
					FCB8CAEC1C205BAF002EE1D3 = {
						CreatedOnToolsVersion = 7.2;
						DevelopmentTeam = 8834V5NS5J;
					};
					FCB8CB081C205BAF002EE1D3 = {
						CreatedOnToolsVersion = 7.2;
						TestTargetID = FCB8CAEC1C205BAF002EE1D3;
					};
					FCB8CB131C205BAF002EE1D3 = {
						CreatedOnToolsVersion = 7.2;
						TestTargetID = FCB8CAEC1C205BAF002EE1D3;
					};
				};
			};
			buildConfigurationList = FCB8CAE81C205BAF002EE1D3 /* Build configuration list for PBXProject "GFSinaWeiBo" */;
			compatibilityVersion = "Xcode 3.2";
			developmentRegion = English;
			hasScannedForEncodings = 0;
			knownRegions = (
				en,
				Base,
			);
			mainGroup = FCB8CAE41C205BAF002EE1D3;
			productRefGroup = FCB8CAEE1C205BAF002EE1D3 /* Products */;
			projectDirPath = "";
			projectRoot = "";
			targets = (
				FCB8CAEC1C205BAF002EE1D3 /* GFSinaWeiBo */,
				FCB8CB081C205BAF002EE1D3 /* GFSinaWeiBoTests */,
				FCB8CB131C205BAF002EE1D3 /* GFSinaWeiBoUITests */,
			);
		};
/* End PBXProject section */

/* Begin PBXResourcesBuildPhase section */
		FCB8CAEB1C205BAF002EE1D3 /* Resources */ = {
			isa = PBXResourcesBuildPhase;
			buildActionMask = 2147483647;
			files = (
				FCB8CB031C205BAF002EE1D3 /* LaunchScreen.storyboard in Resources */,
				FCB8CB001C205BAF002EE1D3 /* Assets.xcassets in Resources */,
				FCAAE38E1C265E1F00886673 /* MJRefresh.bundle in Resources */,
			);
			runOnlyForDeploymentPostprocessing = 0;
		};
		FCB8CB071C205BAF002EE1D3 /* Resources */ = {
			isa = PBXResourcesBuildPhase;
			buildActionMask = 2147483647;
			files = (
			);
			runOnlyForDeploymentPostprocessing = 0;
		};
		FCB8CB121C205BAF002EE1D3 /* Resources */ = {
			isa = PBXResourcesBuildPhase;
			buildActionMask = 2147483647;
			files = (
			);
			runOnlyForDeploymentPostprocessing = 0;
		};
/* End PBXResourcesBuildPhase section */

/* Begin PBXSourcesBuildPhase section */
		FCB8CAE91C205BAF002EE1D3 /* Sources */ = {
			isa = PBXSourcesBuildPhase;
			buildActionMask = 2147483647;
			files = (
				FC1BCF551C21D93E007DEC5F /* MJPropertyType.m in Sources */,
				FCAAE3071C26450D00886673 /* UIImage+WebP.m in Sources */,
				FCAAE3041C26450D00886673 /* UIButton+WebCache.m in Sources */,
				FC1BCF1A1C21AB15007DEC5F /* AFURLSessionManager.m in Sources */,
				FC1BCF171C21AB15007DEC5F /* AFURLConnectionOperation.m in Sources */,
				FC1BCF521C21D93E007DEC5F /* MJFoundation.m in Sources */,
				FCAAE3821C265E1F00886673 /* MJRefreshAutoStateFooter.m in Sources */,
				FC9F33491C2147B4004AF041 /* GFNavigationController.m in Sources */,
				FC1BCF241C21BD27007DEC5F /* GFAccountTool.m in Sources */,
				FCAAE3831C265E1F00886673 /* MJRefreshBackGifFooter.m in Sources */,
				FC1BCF1F1C21B1CE007DEC5F /* GFSinaAccountInfo.m in Sources */,
				FCAAE2FD1C26450D00886673 /* SDImageCache.m in Sources */,
				FCAAE38A1C265E1F00886673 /* MJRefreshBackFooter.m in Sources */,
				FC1BCF141C21AB15007DEC5F /* AFHTTPSessionManager.m in Sources */,
				FCAAE2FC1C26450D00886673 /* NSData+ImageContentType.m in Sources */,
				FCAAE3921C265E1F00886673 /* UIView+MJExtension.m in Sources */,
				FC1BCF581C21D93E007DEC5F /* NSObject+MJKeyValue.m in Sources */,
				FCAAE3841C265E1F00886673 /* MJRefreshBackNormalFooter.m in Sources */,
				FC1BCF151C21AB15007DEC5F /* AFNetworkReachabilityManager.m in Sources */,
				FC1BCF5A1C21D93E007DEC5F /* NSString+MJExtension.m in Sources */,
				FCAAE3871C265E1F00886673 /* MJRefreshNormalHeader.m in Sources */,
				FCAAE2FB1C26450D00886673 /* MKAnnotationView+WebCache.m in Sources */,
				FCAAE3A31C268A2400886673 /* GFRequestNotiParamters.m in Sources */,
				FC1BCF571C21D93E007DEC5F /* NSObject+MJCoding.m in Sources */,
				FCAAE3881C265E1F00886673 /* MJRefreshStateHeader.m in Sources */,
				FC1BCF501C21D93E007DEC5F /* MJDictionaryCache.m in Sources */,
				FCAAE38C1C265E1F00886673 /* MJRefreshFooter.m in Sources */,
				FCAAE3091C26450D00886673 /* UIImageView+WebCache.m in Sources */,
				FC0C561A1C20671700B6CF1D /* GFHomeViewController.m in Sources */,
				FC1BCF561C21D93E007DEC5F /* NSObject+MJClass.m in Sources */,
				FCAAE3011C26450D00886673 /* SDWebImageDownloaderOperation.m in Sources */,
				FCAAE3A01C2688BB00886673 /* GFNotificationNumber.m in Sources */,
				FCB8CB2F1C20622C002EE1D3 /* GFTabBarViewController.m in Sources */,
				FC099E441C21654A009D63B1 /* UIBarButtonItem+GFBarButtonItem.m in Sources */,
				FCB8CAF51C205BAF002EE1D3 /* AppDelegate.m in Sources */,
				FC1BCF161C21AB15007DEC5F /* AFSecurityPolicy.m in Sources */,
				FCAAE39C1C26865300886673 /* GFBaseParameters.m in Sources */,
				FCAAE38B1C265E1F00886673 /* MJRefreshComponent.m in Sources */,
				FCAAE2FE1C26450D00886673 /* SDWebImageCompat.m in Sources */,
				FCAAE3521C265D3F00886673 /* GFSinaTableViewCell.m in Sources */,
				FC1BCF511C21D93E007DEC5F /* MJExtensionConst.m in Sources */,
				FCAAE3051C26450D00886673 /* UIImage+GIF.m in Sources */,
				FCAAE3911C265E1F00886673 /* UIScrollView+MJRefresh.m in Sources */,
				FCAAE3901C265E1F00886673 /* UIScrollView+MJExtension.m in Sources */,
				FCAAE3081C26450D00886673 /* UIImageView+HighlightedWebCache.m in Sources */,
				FCAAE3951C2663BC00886673 /* GFSinaDataTool.m in Sources */,
				FC099E411C215A58009D63B1 /* GFSearchBar.m in Sources */,
				FCAAE3061C26450D00886673 /* UIImage+MultiFormat.m in Sources */,
				FC0C56201C2067C000B6CF1D /* GFMessageViewController.m in Sources */,
				FC0C56331C2073CD00B6CF1D /* GFTabBar.m in Sources */,
				FCAAE3861C265E1F00886673 /* MJRefreshGifHeader.m in Sources */,
				FC1BCF131C21AB15007DEC5F /* AFHTTPRequestOperationManager.m in Sources */,
				FCAAE3021C26450D00886673 /* SDWebImageManager.m in Sources */,
				FCAAE2FF1C26450D00886673 /* SDWebImageDecoder.m in Sources */,
				FCAAE3991C2685CF00886673 /* GFRequestNotifiTool.m in Sources */,
				FC1C9F4B1C252C9A00F5805E /* GFPhoto.m in Sources */,
				FC0C562D1C206A7700B6CF1D /* UIImage+GFImage.m in Sources */,
				FC1BCF531C21D93E007DEC5F /* MJProperty.m in Sources */,
				FCAAE3811C265E1F00886673 /* MJRefreshAutoNormalFooter.m in Sources */,
				FC1BCF271C21D3CD007DEC5F /* GFSinaData.m in Sources */,
				FC1BCF591C21D93E007DEC5F /* NSObject+MJProperty.m in Sources */,
				FCAAE3891C265E1F00886673 /* MJRefreshAutoFooter.m in Sources */,
				FCAAE38F1C265E1F00886673 /* MJRefreshConst.m in Sources */,
				FCAAE3001C26450D00886673 /* SDWebImageDownloader.m in Sources */,
				FCAAE30A1C26450D00886673 /* UIView+WebCacheOperation.m in Sources */,
				FCB8CAFE1C205BAF002EE1D3 /* GFSinaWeiBo.xcdatamodeld in Sources */,
				FC1BCF541C21D93E007DEC5F /* MJPropertyKey.m in Sources */,
				FC1C9F481C252C8F00F5805E /* GFUser.m in Sources */,
				FC0C56261C2067D500B6CF1D /* GFMeViewController.m in Sources */,
				FCAAE3031C26450D00886673 /* SDWebImagePrefetcher.m in Sources */,
				FC010AA91C21712800449FB9 /* GFTwoViewController.m in Sources */,
				FC0C56231C2067CE00B6CF1D /* GFDiscoverViewController.m in Sources */,
				FCAAE3801C265E1F00886673 /* MJRefreshAutoGifFooter.m in Sources */,
				FC099E471C216820009D63B1 /* GFOneViewController.m in Sources */,
				FCB8CAF21C205BAF002EE1D3 /* main.m in Sources */,
				FC1BCF181C21AB15007DEC5F /* AFURLRequestSerialization.m in Sources */,
				FCAAE38D1C265E1F00886673 /* MJRefreshHeader.m in Sources */,
				FCAAE3851C265E1F00886673 /* MJRefreshBackStateFooter.m in Sources */,
				FC1BCF121C21AB15007DEC5F /* AFHTTPRequestOperation.m in Sources */,
				FC1BCF191C21AB15007DEC5F /* AFURLResponseSerialization.m in Sources */,
				FC1BCEFC1C21A318007DEC5F /* GFOAuthViewController.m in Sources */,
			);
			runOnlyForDeploymentPostprocessing = 0;
		};
		FCB8CB051C205BAF002EE1D3 /* Sources */ = {
			isa = PBXSourcesBuildPhase;
			buildActionMask = 2147483647;
			files = (
				FCB8CB0E1C205BAF002EE1D3 /* GFSinaWeiBoTests.m in Sources */,
			);
			runOnlyForDeploymentPostprocessing = 0;
		};
		FCB8CB101C205BAF002EE1D3 /* Sources */ = {
			isa = PBXSourcesBuildPhase;
			buildActionMask = 2147483647;
			files = (
				FCB8CB191C205BAF002EE1D3 /* GFSinaWeiBoUITests.m in Sources */,
			);
			runOnlyForDeploymentPostprocessing = 0;
		};
/* End PBXSourcesBuildPhase section */

/* Begin PBXTargetDependency section */
		FCB8CB0B1C205BAF002EE1D3 /* PBXTargetDependency */ = {
			isa = PBXTargetDependency;
			target = FCB8CAEC1C205BAF002EE1D3 /* GFSinaWeiBo */;
			targetProxy = FCB8CB0A1C205BAF002EE1D3 /* PBXContainerItemProxy */;
		};
		FCB8CB161C205BAF002EE1D3 /* PBXTargetDependency */ = {
			isa = PBXTargetDependency;
			target = FCB8CAEC1C205BAF002EE1D3 /* GFSinaWeiBo */;
			targetProxy = FCB8CB151C205BAF002EE1D3 /* PBXContainerItemProxy */;
		};
/* End PBXTargetDependency section */

/* Begin PBXVariantGroup section */
		FCB8CB011C205BAF002EE1D3 /* LaunchScreen.storyboard */ = {
			isa = PBXVariantGroup;
			children = (
				FCB8CB021C205BAF002EE1D3 /* Base */,
			);
			name = LaunchScreen.storyboard;
			sourceTree = "<group>";
		};
/* End PBXVariantGroup section */

/* Begin XCBuildConfiguration section */
		FCB8CB1B1C205BAF002EE1D3 /* Debug */ = {
			isa = XCBuildConfiguration;
			buildSettings = {
				ALWAYS_SEARCH_USER_PATHS = NO;
				CLANG_CXX_LANGUAGE_STANDARD = "gnu++0x";
				CLANG_CXX_LIBRARY = "libc++";
				CLANG_ENABLE_MODULES = YES;
				CLANG_ENABLE_OBJC_ARC = YES;
				CLANG_WARN_BOOL_CONVERSION = YES;
				CLANG_WARN_CONSTANT_CONVERSION = YES;
				CLANG_WARN_DIRECT_OBJC_ISA_USAGE = YES_ERROR;
				CLANG_WARN_EMPTY_BODY = YES;
				CLANG_WARN_ENUM_CONVERSION = YES;
				CLANG_WARN_INT_CONVERSION = YES;
				CLANG_WARN_OBJC_ROOT_CLASS = YES_ERROR;
				CLANG_WARN_UNREACHABLE_CODE = YES;
				CLANG_WARN__DUPLICATE_METHOD_MATCH = YES;
				"CODE_SIGN_IDENTITY[sdk=iphoneos*]" = "iPhone Developer";
				COPY_PHASE_STRIP = NO;
				DEBUG_INFORMATION_FORMAT = dwarf;
				ENABLE_STRICT_OBJC_MSGSEND = YES;
				ENABLE_TESTABILITY = YES;
				GCC_C_LANGUAGE_STANDARD = gnu99;
				GCC_DYNAMIC_NO_PIC = NO;
				GCC_NO_COMMON_BLOCKS = YES;
				GCC_OPTIMIZATION_LEVEL = 0;
				GCC_PREPROCESSOR_DEFINITIONS = (
					"DEBUG=1",
					"$(inherited)",
				);
				GCC_WARN_64_TO_32_BIT_CONVERSION = YES;
				GCC_WARN_ABOUT_RETURN_TYPE = YES_ERROR;
				GCC_WARN_UNDECLARED_SELECTOR = YES;
				GCC_WARN_UNINITIALIZED_AUTOS = YES_AGGRESSIVE;
				GCC_WARN_UNUSED_FUNCTION = YES;
				GCC_WARN_UNUSED_VARIABLE = YES;
				IPHONEOS_DEPLOYMENT_TARGET = 9.2;
				MTL_ENABLE_DEBUG_INFO = YES;
				ONLY_ACTIVE_ARCH = YES;
				SDKROOT = iphoneos;
			};
			name = Debug;
		};
		FCB8CB1C1C205BAF002EE1D3 /* Release */ = {
			isa = XCBuildConfiguration;
			buildSettings = {
				ALWAYS_SEARCH_USER_PATHS = NO;
				CLANG_CXX_LANGUAGE_STANDARD = "gnu++0x";
				CLANG_CXX_LIBRARY = "libc++";
				CLANG_ENABLE_MODULES = YES;
				CLANG_ENABLE_OBJC_ARC = YES;
				CLANG_WARN_BOOL_CONVERSION = YES;
				CLANG_WARN_CONSTANT_CONVERSION = YES;
				CLANG_WARN_DIRECT_OBJC_ISA_USAGE = YES_ERROR;
				CLANG_WARN_EMPTY_BODY = YES;
				CLANG_WARN_ENUM_CONVERSION = YES;
				CLANG_WARN_INT_CONVERSION = YES;
				CLANG_WARN_OBJC_ROOT_CLASS = YES_ERROR;
				CLANG_WARN_UNREACHABLE_CODE = YES;
				CLANG_WARN__DUPLICATE_METHOD_MATCH = YES;
				"CODE_SIGN_IDENTITY[sdk=iphoneos*]" = "iPhone Developer";
				COPY_PHASE_STRIP = NO;
				DEBUG_INFORMATION_FORMAT = "dwarf-with-dsym";
				ENABLE_NS_ASSERTIONS = NO;
				ENABLE_STRICT_OBJC_MSGSEND = YES;
				GCC_C_LANGUAGE_STANDARD = gnu99;
				GCC_NO_COMMON_BLOCKS = YES;
				GCC_WARN_64_TO_32_BIT_CONVERSION = YES;
				GCC_WARN_ABOUT_RETURN_TYPE = YES_ERROR;
				GCC_WARN_UNDECLARED_SELECTOR = YES;
				GCC_WARN_UNINITIALIZED_AUTOS = YES_AGGRESSIVE;
				GCC_WARN_UNUSED_FUNCTION = YES;
				GCC_WARN_UNUSED_VARIABLE = YES;
				IPHONEOS_DEPLOYMENT_TARGET = 9.2;
				MTL_ENABLE_DEBUG_INFO = NO;
				SDKROOT = iphoneos;
				VALIDATE_PRODUCT = YES;
			};
			name = Release;
		};
		FCB8CB1E1C205BAF002EE1D3 /* Debug */ = {
			isa = XCBuildConfiguration;
			buildSettings = {
				ASSETCATALOG_COMPILER_APPICON_NAME = AppIcon;
				CODE_SIGN_IDENTITY = "iPhone Developer";
				INFOPLIST_FILE = GFSinaWeiBo/Info.plist;
				LD_RUNPATH_SEARCH_PATHS = "$(inherited) @executable_path/Frameworks";
				PRODUCT_BUNDLE_IDENTIFIER = goofyy.com.GFSinaWeiBo;
				PRODUCT_NAME = "$(TARGET_NAME)";
			};
			name = Debug;
		};
		FCB8CB1F1C205BAF002EE1D3 /* Release */ = {
			isa = XCBuildConfiguration;
			buildSettings = {
				ASSETCATALOG_COMPILER_APPICON_NAME = AppIcon;
				CODE_SIGN_IDENTITY = "iPhone Developer";
				INFOPLIST_FILE = GFSinaWeiBo/Info.plist;
				LD_RUNPATH_SEARCH_PATHS = "$(inherited) @executable_path/Frameworks";
				PRODUCT_BUNDLE_IDENTIFIER = goofyy.com.GFSinaWeiBo;
				PRODUCT_NAME = "$(TARGET_NAME)";
			};
			name = Release;
		};
		FCB8CB211C205BAF002EE1D3 /* Debug */ = {
			isa = XCBuildConfiguration;
			buildSettings = {
				BUNDLE_LOADER = "$(TEST_HOST)";
				INFOPLIST_FILE = GFSinaWeiBoTests/Info.plist;
				LD_RUNPATH_SEARCH_PATHS = "$(inherited) @executable_path/Frameworks @loader_path/Frameworks";
				PRODUCT_BUNDLE_IDENTIFIER = goofyy.com.GFSinaWeiBoTests;
				PRODUCT_NAME = "$(TARGET_NAME)";
				TEST_HOST = "$(BUILT_PRODUCTS_DIR)/GFSinaWeiBo.app/GFSinaWeiBo";
			};
			name = Debug;
		};
		FCB8CB221C205BAF002EE1D3 /* Release */ = {
			isa = XCBuildConfiguration;
			buildSettings = {
				BUNDLE_LOADER = "$(TEST_HOST)";
				INFOPLIST_FILE = GFSinaWeiBoTests/Info.plist;
				LD_RUNPATH_SEARCH_PATHS = "$(inherited) @executable_path/Frameworks @loader_path/Frameworks";
				PRODUCT_BUNDLE_IDENTIFIER = goofyy.com.GFSinaWeiBoTests;
				PRODUCT_NAME = "$(TARGET_NAME)";
				TEST_HOST = "$(BUILT_PRODUCTS_DIR)/GFSinaWeiBo.app/GFSinaWeiBo";
			};
			name = Release;
		};
		FCB8CB241C205BAF002EE1D3 /* Debug */ = {
			isa = XCBuildConfiguration;
			buildSettings = {
				INFOPLIST_FILE = GFSinaWeiBoUITests/Info.plist;
				LD_RUNPATH_SEARCH_PATHS = "$(inherited) @executable_path/Frameworks @loader_path/Frameworks";
				PRODUCT_BUNDLE_IDENTIFIER = goofyy.com.GFSinaWeiBoUITests;
				PRODUCT_NAME = "$(TARGET_NAME)";
				TEST_TARGET_NAME = GFSinaWeiBo;
				USES_XCTRUNNER = YES;
			};
			name = Debug;
		};
		FCB8CB251C205BAF002EE1D3 /* Release */ = {
			isa = XCBuildConfiguration;
			buildSettings = {
				INFOPLIST_FILE = GFSinaWeiBoUITests/Info.plist;
				LD_RUNPATH_SEARCH_PATHS = "$(inherited) @executable_path/Frameworks @loader_path/Frameworks";
				PRODUCT_BUNDLE_IDENTIFIER = goofyy.com.GFSinaWeiBoUITests;
				PRODUCT_NAME = "$(TARGET_NAME)";
				TEST_TARGET_NAME = GFSinaWeiBo;
				USES_XCTRUNNER = YES;
			};
			name = Release;
		};
/* End XCBuildConfiguration section */

/* Begin XCConfigurationList section */
		FCB8CAE81C205BAF002EE1D3 /* Build configuration list for PBXProject "GFSinaWeiBo" */ = {
			isa = XCConfigurationList;
			buildConfigurations = (
				FCB8CB1B1C205BAF002EE1D3 /* Debug */,
				FCB8CB1C1C205BAF002EE1D3 /* Release */,
			);
			defaultConfigurationIsVisible = 0;
			defaultConfigurationName = Release;
		};
		FCB8CB1D1C205BAF002EE1D3 /* Build configuration list for PBXNativeTarget "GFSinaWeiBo" */ = {
			isa = XCConfigurationList;
			buildConfigurations = (
				FCB8CB1E1C205BAF002EE1D3 /* Debug */,
				FCB8CB1F1C205BAF002EE1D3 /* Release */,
			);
			defaultConfigurationIsVisible = 0;
			defaultConfigurationName = Release;
		};
		FCB8CB201C205BAF002EE1D3 /* Build configuration list for PBXNativeTarget "GFSinaWeiBoTests" */ = {
			isa = XCConfigurationList;
			buildConfigurations = (
				FCB8CB211C205BAF002EE1D3 /* Debug */,
				FCB8CB221C205BAF002EE1D3 /* Release */,
			);
			defaultConfigurationIsVisible = 0;
			defaultConfigurationName = Release;
		};
		FCB8CB231C205BAF002EE1D3 /* Build configuration list for PBXNativeTarget "GFSinaWeiBoUITests" */ = {
			isa = XCConfigurationList;
			buildConfigurations = (
				FCB8CB241C205BAF002EE1D3 /* Debug */,
				FCB8CB251C205BAF002EE1D3 /* Release */,
			);
			defaultConfigurationIsVisible = 0;
			defaultConfigurationName = Release;
		};
/* End XCConfigurationList section */

/* Begin XCVersionGroup section */
		FCB8CAFC1C205BAF002EE1D3 /* GFSinaWeiBo.xcdatamodeld */ = {
			isa = XCVersionGroup;
			children = (
				FCB8CAFD1C205BAF002EE1D3 /* GFSinaWeiBo.xcdatamodel */,
			);
			currentVersion = FCB8CAFD1C205BAF002EE1D3 /* GFSinaWeiBo.xcdatamodel */;
			path = GFSinaWeiBo.xcdatamodeld;
			sourceTree = "<group>";
			versionGroupType = wrapper.xcdatamodel;
		};
/* End XCVersionGroup section */
	};
	rootObject = FCB8CAE51C205BAF002EE1D3 /* Project object */;
}
