// !$*UTF8*$!
{
	archiveVersion = 1;
	classes = {
	};
	objectVersion = 46;
	objects = {

/* Begin PBXBuildFile section */
		FC010AA91C21712800449FB9 /* GFTwoViewController.m in Sources */ = {isa = PBXBuildFile; fileRef = FC010AA81C21712800449FB9 /* GFTwoViewController.m */; };
		FC099E411C215A58009D63B1 /* GFSearchBar.m in Sources */ = {isa = PBXBuildFile; fileRef = FC099E401C215A58009D63B1 /* GFSearchBar.m */; };
		FC099E441C21654A009D63B1 /* UIBarButtonItem+GFBarButtonItem.m in Sources */ = {isa = PBXBuildFile; fileRef = FC099E431C21654A009D63B1 /* UIBarButtonItem+GFBarButtonItem.m */; };
		FC099E471C216820009D63B1 /* GFOneViewController.m in Sources */ = {isa = PBXBuildFile; fileRef = FC099E461C216820009D63B1 /* GFOneViewController.m */; };
		FC0C561A1C20671700B6CF1D /* GFHomeViewController.m in Sources */ = {isa = PBXBuildFile; fileRef = FC0C56191C20671700B6CF1D /* GFHomeViewController.m */; };
		FC0C56201C2067C000B6CF1D /* GFMessageViewController.m in Sources */ = {isa = PBXBuildFile; fileRef = FC0C561F1C2067C000B6CF1D /* GFMessageViewController.m */; };
		FC0C56231C2067CE00B6CF1D /* GFDiscoverViewController.m in Sources */ = {isa = PBXBuildFile; fileRef = FC0C56221C2067CE00B6CF1D /* GFDiscoverViewController.m */; };
		FC0C56261C2067D500B6CF1D /* GFMeViewController.m in Sources */ = {isa = PBXBuildFile; fileRef = FC0C56251C2067D500B6CF1D /* GFMeViewController.m */; };
		FC0C562D1C206A7700B6CF1D /* UIImage+GFImage.m in Sources */ = {isa = PBXBuildFile; fileRef = FC0C562C1C206A7700B6CF1D /* UIImage+GFImage.m */; };
		FC0C56331C2073CD00B6CF1D /* GFTabBar.m in Sources */ = {isa = PBXBuildFile; fileRef = FC0C56321C2073CD00B6CF1D /* GFTabBar.m */; };
		FC9F33491C2147B4004AF041 /* GFNavigationController.m in Sources */ = {isa = PBXBuildFile; fileRef = FC9F33481C2147B4004AF041 /* GFNavigationController.m */; };
		FCB8CAF21C205BAF002EE1D3 /* main.m in Sources */ = {isa = PBXBuildFile; fileRef = FCB8CAF11C205BAF002EE1D3 /* main.m */; };
		FCB8CAF51C205BAF002EE1D3 /* AppDelegate.m in Sources */ = {isa = PBXBuildFile; fileRef = FCB8CAF41C205BAF002EE1D3 /* AppDelegate.m */; };
		FCB8CAFE1C205BAF002EE1D3 /* GFSinaWeiBo.xcdatamodeld in Sources */ = {isa = PBXBuildFile; fileRef = FCB8CAFC1C205BAF002EE1D3 /* GFSinaWeiBo.xcdatamodeld */; };
		FCB8CB001C205BAF002EE1D3 /* Assets.xcassets in Resources */ = {isa = PBXBuildFile; fileRef = FCB8CAFF1C205BAF002EE1D3 /* Assets.xcassets */; };
		FCB8CB031C205BAF002EE1D3 /* LaunchScreen.storyboard in Resources */ = {isa = PBXBuildFile; fileRef = FCB8CB011C205BAF002EE1D3 /* LaunchScreen.storyboard */; };
		FCB8CB0E1C205BAF002EE1D3 /* GFSinaWeiBoTests.m in Sources */ = {isa = PBXBuildFile; fileRef = FCB8CB0D1C205BAF002EE1D3 /* GFSinaWeiBoTests.m */; };
		FCB8CB191C205BAF002EE1D3 /* GFSinaWeiBoUITests.m in Sources */ = {isa = PBXBuildFile; fileRef = FCB8CB181C205BAF002EE1D3 /* GFSinaWeiBoUITests.m */; };
		FCB8CB271C20618E002EE1D3 /* UIKit.framework in Frameworks */ = {isa = PBXBuildFile; fileRef = FCB8CB261C20618E002EE1D3 /* UIKit.framework */; };
		FCB8CB291C206194002EE1D3 /* Foundation.framework in Frameworks */ = {isa = PBXBuildFile; fileRef = FCB8CB281C206194002EE1D3 /* Foundation.framework */; };
		FCB8CB2F1C20622C002EE1D3 /* GFTabBarViewController.m in Sources */ = {isa = PBXBuildFile; fileRef = FCB8CB2E1C20622C002EE1D3 /* GFTabBarViewController.m */; };
/* End PBXBuildFile section */

/* Begin PBXContainerItemProxy section */
		FCB8CB0A1C205BAF002EE1D3 /* PBXContainerItemProxy */ = {
			isa = PBXContainerItemProxy;
			containerPortal = FCB8CAE51C205BAF002EE1D3 /* Project object */;
			proxyType = 1;
			remoteGlobalIDString = FCB8CAEC1C205BAF002EE1D3;
			remoteInfo = GFSinaWeiBo;
		};
		FCB8CB151C205BAF002EE1D3 /* PBXContainerItemProxy */ = {
			isa = PBXContainerItemProxy;
			containerPortal = FCB8CAE51C205BAF002EE1D3 /* Project object */;
			proxyType = 1;
			remoteGlobalIDString = FCB8CAEC1C205BAF002EE1D3;
			remoteInfo = GFSinaWeiBo;
		};
/* End PBXContainerItemProxy section */

/* Begin PBXFileReference section */
		FC010AA71C21712800449FB9 /* GFTwoViewController.h */ = {isa = PBXFileReference; fileEncoding = 4; lastKnownFileType = sourcecode.c.h; path = GFTwoViewController.h; sourceTree = "<group>"; };
		FC010AA81C21712800449FB9 /* GFTwoViewController.m */ = {isa = PBXFileReference; fileEncoding = 4; lastKnownFileType = sourcecode.c.objc; path = GFTwoViewController.m; sourceTree = "<group>"; };
		FC099E3F1C215A58009D63B1 /* GFSearchBar.h */ = {isa = PBXFileReference; fileEncoding = 4; lastKnownFileType = sourcecode.c.h; path = GFSearchBar.h; sourceTree = "<group>"; };
		FC099E401C215A58009D63B1 /* GFSearchBar.m */ = {isa = PBXFileReference; fileEncoding = 4; lastKnownFileType = sourcecode.c.objc; path = GFSearchBar.m; sourceTree = "<group>"; };
		FC099E421C21654A009D63B1 /* UIBarButtonItem+GFBarButtonItem.h */ = {isa = PBXFileReference; fileEncoding = 4; lastKnownFileType = sourcecode.c.h; path = "UIBarButtonItem+GFBarButtonItem.h"; sourceTree = "<group>"; };
		FC099E431C21654A009D63B1 /* UIBarButtonItem+GFBarButtonItem.m */ = {isa = PBXFileReference; fileEncoding = 4; lastKnownFileType = sourcecode.c.objc; path = "UIBarButtonItem+GFBarButtonItem.m"; sourceTree = "<group>"; };
		FC099E451C216820009D63B1 /* GFOneViewController.h */ = {isa = PBXFileReference; fileEncoding = 4; lastKnownFileType = sourcecode.c.h; path = GFOneViewController.h; sourceTree = "<group>"; };
		FC099E461C216820009D63B1 /* GFOneViewController.m */ = {isa = PBXFileReference; fileEncoding = 4; lastKnownFileType = sourcecode.c.objc; path = GFOneViewController.m; sourceTree = "<group>"; };
		FC0C56181C20671700B6CF1D /* GFHomeViewController.h */ = {isa = PBXFileReference; fileEncoding = 4; lastKnownFileType = sourcecode.c.h; path = GFHomeViewController.h; sourceTree = "<group>"; };
		FC0C56191C20671700B6CF1D /* GFHomeViewController.m */ = {isa = PBXFileReference; fileEncoding = 4; lastKnownFileType = sourcecode.c.objc; path = GFHomeViewController.m; sourceTree = "<group>"; };
		FC0C561E1C2067C000B6CF1D /* GFMessageViewController.h */ = {isa = PBXFileReference; fileEncoding = 4; lastKnownFileType = sourcecode.c.h; path = GFMessageViewController.h; sourceTree = "<group>"; };
		FC0C561F1C2067C000B6CF1D /* GFMessageViewController.m */ = {isa = PBXFileReference; fileEncoding = 4; lastKnownFileType = sourcecode.c.objc; path = GFMessageViewController.m; sourceTree = "<group>"; };
		FC0C56211C2067CE00B6CF1D /* GFDiscoverViewController.h */ = {isa = PBXFileReference; fileEncoding = 4; lastKnownFileType = sourcecode.c.h; path = GFDiscoverViewController.h; sourceTree = "<group>"; };
		FC0C56221C2067CE00B6CF1D /* GFDiscoverViewController.m */ = {isa = PBXFileReference; fileEncoding = 4; lastKnownFileType = sourcecode.c.objc; path = GFDiscoverViewController.m; sourceTree = "<group>"; };
		FC0C56241C2067D500B6CF1D /* GFMeViewController.h */ = {isa = PBXFileReference; fileEncoding = 4; lastKnownFileType = sourcecode.c.h; path = GFMeViewController.h; sourceTree = "<group>"; };
		FC0C56251C2067D500B6CF1D /* GFMeViewController.m */ = {isa = PBXFileReference; fileEncoding = 4; lastKnownFileType = sourcecode.c.objc; path = GFMeViewController.m; sourceTree = "<group>"; };
		FC0C562B1C206A7700B6CF1D /* UIImage+GFImage.h */ = {isa = PBXFileReference; fileEncoding = 4; lastKnownFileType = sourcecode.c.h; path = "UIImage+GFImage.h"; sourceTree = "<group>"; };
		FC0C562C1C206A7700B6CF1D /* UIImage+GFImage.m */ = {isa = PBXFileReference; fileEncoding = 4; lastKnownFileType = sourcecode.c.objc; path = "UIImage+GFImage.m"; sourceTree = "<group>"; };
		FC0C56311C2073CD00B6CF1D /* GFTabBar.h */ = {isa = PBXFileReference; fileEncoding = 4; lastKnownFileType = sourcecode.c.h; path = GFTabBar.h; sourceTree = "<group>"; };
		FC0C56321C2073CD00B6CF1D /* GFTabBar.m */ = {isa = PBXFileReference; fileEncoding = 4; lastKnownFileType = sourcecode.c.objc; path = GFTabBar.m; sourceTree = "<group>"; };
		FC9F33471C2147B4004AF041 /* GFNavigationController.h */ = {isa = PBXFileReference; fileEncoding = 4; lastKnownFileType = sourcecode.c.h; path = GFNavigationController.h; sourceTree = "<group>"; };
		FC9F33481C2147B4004AF041 /* GFNavigationController.m */ = {isa = PBXFileReference; fileEncoding = 4; lastKnownFileType = sourcecode.c.objc; path = GFNavigationController.m; sourceTree = "<group>"; };
		FCB8CAED1C205BAF002EE1D3 /* GFSinaWeiBo.app */ = {isa = PBXFileReference; explicitFileType = wrapper.application; includeInIndex = 0; path = GFSinaWeiBo.app; sourceTree = BUILT_PRODUCTS_DIR; };
		FCB8CAF11C205BAF002EE1D3 /* main.m */ = {isa = PBXFileReference; lastKnownFileType = sourcecode.c.objc; path = main.m; sourceTree = "<group>"; };
		FCB8CAF31C205BAF002EE1D3 /* AppDelegate.h */ = {isa = PBXFileReference; lastKnownFileType = sourcecode.c.h; path = AppDelegate.h; sourceTree = "<group>"; };
		FCB8CAF41C205BAF002EE1D3 /* AppDelegate.m */ = {isa = PBXFileReference; lastKnownFileType = sourcecode.c.objc; path = AppDelegate.m; sourceTree = "<group>"; };
		FCB8CAFD1C205BAF002EE1D3 /* GFSinaWeiBo.xcdatamodel */ = {isa = PBXFileReference; lastKnownFileType = wrapper.xcdatamodel; path = GFSinaWeiBo.xcdatamodel; sourceTree = "<group>"; };
		FCB8CAFF1C205BAF002EE1D3 /* Assets.xcassets */ = {isa = PBXFileReference; lastKnownFileType = folder.assetcatalog; path = Assets.xcassets; sourceTree = "<group>"; };
		FCB8CB021C205BAF002EE1D3 /* Base */ = {isa = PBXFileReference; lastKnownFileType = file.storyboard; name = Base; path = Base.lproj/LaunchScreen.storyboard; sourceTree = "<group>"; };
		FCB8CB041C205BAF002EE1D3 /* Info.plist */ = {isa = PBXFileReference; lastKnownFileType = text.plist.xml; path = Info.plist; sourceTree = "<group>"; };
		FCB8CB091C205BAF002EE1D3 /* GFSinaWeiBoTests.xctest */ = {isa = PBXFileReference; explicitFileType = wrapper.cfbundle; includeInIndex = 0; path = GFSinaWeiBoTests.xctest; sourceTree = BUILT_PRODUCTS_DIR; };
		FCB8CB0D1C205BAF002EE1D3 /* GFSinaWeiBoTests.m */ = {isa = PBXFileReference; lastKnownFileType = sourcecode.c.objc; path = GFSinaWeiBoTests.m; sourceTree = "<group>"; };
		FCB8CB0F1C205BAF002EE1D3 /* Info.plist */ = {isa = PBXFileReference; lastKnownFileType = text.plist.xml; path = Info.plist; sourceTree = "<group>"; };
		FCB8CB141C205BAF002EE1D3 /* GFSinaWeiBoUITests.xctest */ = {isa = PBXFileReference; explicitFileType = wrapper.cfbundle; includeInIndex = 0; path = GFSinaWeiBoUITests.xctest; sourceTree = BUILT_PRODUCTS_DIR; };
		FCB8CB181C205BAF002EE1D3 /* GFSinaWeiBoUITests.m */ = {isa = PBXFileReference; lastKnownFileType = sourcecode.c.objc; path = GFSinaWeiBoUITests.m; sourceTree = "<group>"; };
		FCB8CB1A1C205BAF002EE1D3 /* Info.plist */ = {isa = PBXFileReference; lastKnownFileType = text.plist.xml; path = Info.plist; sourceTree = "<group>"; };
		FCB8CB261C20618E002EE1D3 /* UIKit.framework */ = {isa = PBXFileReference; lastKnownFileType = wrapper.framework; name = UIKit.framework; path = System/Library/Frameworks/UIKit.framework; sourceTree = SDKROOT; };
		FCB8CB281C206194002EE1D3 /* Foundation.framework */ = {isa = PBXFileReference; lastKnownFileType = wrapper.framework; name = Foundation.framework; path = System/Library/Frameworks/Foundation.framework; sourceTree = SDKROOT; };
		FCB8CB2D1C20622C002EE1D3 /* GFTabBarViewController.h */ = {isa = PBXFileReference; fileEncoding = 4; lastKnownFileType = sourcecode.c.h; path = GFTabBarViewController.h; sourceTree = "<group>"; };
		FCB8CB2E1C20622C002EE1D3 /* GFTabBarViewController.m */ = {isa = PBXFileReference; fileEncoding = 4; lastKnownFileType = sourcecode.c.objc; path = GFTabBarViewController.m; sourceTree = "<group>"; };
/* End PBXFileReference section */

/* Begin PBXFrameworksBuildPhase section */
		FCB8CAEA1C205BAF002EE1D3 /* Frameworks */ = {
			isa = PBXFrameworksBuildPhase;
			buildActionMask = 2147483647;
			files = (
				FCB8CB291C206194002EE1D3 /* Foundation.framework in Frameworks */,
				FCB8CB271C20618E002EE1D3 /* UIKit.framework in Frameworks */,
			);
			runOnlyForDeploymentPostprocessing = 0;
		};
		FCB8CB061C205BAF002EE1D3 /* Frameworks */ = {
			isa = PBXFrameworksBuildPhase;
			buildActionMask = 2147483647;
			files = (
			);
			runOnlyForDeploymentPostprocessing = 0;
		};
		FCB8CB111C205BAF002EE1D3 /* Frameworks */ = {
			isa = PBXFrameworksBuildPhase;
			buildActionMask = 2147483647;
			files = (
			);
			runOnlyForDeploymentPostprocessing = 0;
		};
/* End PBXFrameworksBuildPhase section */

/* Begin PBXGroup section */
		FC0C561B1C20677100B6CF1D /* Message */ = {
			isa = PBXGroup;
			children = (
				FC0C561E1C2067C000B6CF1D /* GFMessageViewController.h */,
				FC0C561F1C2067C000B6CF1D /* GFMessageViewController.m */,
			);
			name = Message;
			sourceTree = "<group>";
		};
		FC0C561C1C20678000B6CF1D /* Discover */ = {
			isa = PBXGroup;
			children = (
				FC0C56211C2067CE00B6CF1D /* GFDiscoverViewController.h */,
				FC0C56221C2067CE00B6CF1D /* GFDiscoverViewController.m */,
				FC099E3F1C215A58009D63B1 /* GFSearchBar.h */,
				FC099E401C215A58009D63B1 /* GFSearchBar.m */,
			);
			name = Discover;
			sourceTree = "<group>";
		};
		FC0C561D1C20678A00B6CF1D /* Me */ = {
			isa = PBXGroup;
			children = (
				FC0C56241C2067D500B6CF1D /* GFMeViewController.h */,
				FC0C56251C2067D500B6CF1D /* GFMeViewController.m */,
			);
			name = Me;
			sourceTree = "<group>";
		};
		FC0C56271C20687000B6CF1D /* Extension */ = {
			isa = PBXGroup;
			children = (
				FC0C562B1C206A7700B6CF1D /* UIImage+GFImage.h */,
				FC0C562C1C206A7700B6CF1D /* UIImage+GFImage.m */,
				FC9F33471C2147B4004AF041 /* GFNavigationController.h */,
				FC9F33481C2147B4004AF041 /* GFNavigationController.m */,
				FC099E421C21654A009D63B1 /* UIBarButtonItem+GFBarButtonItem.h */,
				FC099E431C21654A009D63B1 /* UIBarButtonItem+GFBarButtonItem.m */,
			);
			name = Extension;
			sourceTree = "<group>";
		};
		FC0C562E1C20715900B6CF1D /* View */ = {
			isa = PBXGroup;
			children = (
				FC0C56311C2073CD00B6CF1D /* GFTabBar.h */,
				FC0C56321C2073CD00B6CF1D /* GFTabBar.m */,
			);
			name = View;
			sourceTree = "<group>";
		};
		FC0C562F1C20718800B6CF1D /* Controller */ = {
			isa = PBXGroup;
			children = (
				FCB8CB2D1C20622C002EE1D3 /* GFTabBarViewController.h */,
				FCB8CB2E1C20622C002EE1D3 /* GFTabBarViewController.m */,
			);
			name = Controller;
			sourceTree = "<group>";
		};
		FC0C56301C20718E00B6CF1D /* Model */ = {
			isa = PBXGroup;
			children = (
			);
			name = Model;
			sourceTree = "<group>";
		};
		FC9F33401C21457C004AF041 /* Home */ = {
			isa = PBXGroup;
			children = (
				FC0C56181C20671700B6CF1D /* GFHomeViewController.h */,
				FC0C56191C20671700B6CF1D /* GFHomeViewController.m */,
				FC099E451C216820009D63B1 /* GFOneViewController.h */,
				FC099E461C216820009D63B1 /* GFOneViewController.m */,
				FC010AA71C21712800449FB9 /* GFTwoViewController.h */,
				FC010AA81C21712800449FB9 /* GFTwoViewController.m */,
			);
			name = Home;
			sourceTree = "<group>";
		};
		FCB8CAE41C205BAF002EE1D3 = {
			isa = PBXGroup;
			children = (
				FCB8CAEF1C205BAF002EE1D3 /* GFSinaWeiBo */,
				FCB8CB0C1C205BAF002EE1D3 /* GFSinaWeiBoTests */,
				FCB8CB171C205BAF002EE1D3 /* GFSinaWeiBoUITests */,
				FCB8CAEE1C205BAF002EE1D3 /* Products */,
			);
			sourceTree = "<group>";
		};
		FCB8CAEE1C205BAF002EE1D3 /* Products */ = {
			isa = PBXGroup;
			children = (
				FCB8CAED1C205BAF002EE1D3 /* GFSinaWeiBo.app */,
				FCB8CB091C205BAF002EE1D3 /* GFSinaWeiBoTests.xctest */,
				FCB8CB141C205BAF002EE1D3 /* GFSinaWeiBoUITests.xctest */,
			);
			name = Products;
			sourceTree = "<group>";
		};
		FCB8CAEF1C205BAF002EE1D3 /* GFSinaWeiBo */ = {
			isa = PBXGroup;
			children = (
				FC9F33401C21457C004AF041 /* Home */,
				FCB8CB2C1C2061F0002EE1D3 /* Main */,
				FC0C561D1C20678A00B6CF1D /* Me */,
				FC0C561C1C20678000B6CF1D /* Discover */,
				FC0C561B1C20677100B6CF1D /* Message */,
				FCB8CB2B1C2061AB002EE1D3 /* Other */,
				FCB8CB2A1C206199002EE1D3 /* FrameWork */,
				FCB8CAFF1C205BAF002EE1D3 /* Assets.xcassets */,
				FCB8CAF01C205BAF002EE1D3 /* Supporting Files */,
			);
			path = GFSinaWeiBo;
			sourceTree = "<group>";
		};
		FCB8CAF01C205BAF002EE1D3 /* Supporting Files */ = {
			isa = PBXGroup;
			children = (
				FCB8CAF11C205BAF002EE1D3 /* main.m */,
			);
			name = "Supporting Files";
			sourceTree = "<group>";
		};
		FCB8CB0C1C205BAF002EE1D3 /* GFSinaWeiBoTests */ = {
			isa = PBXGroup;
			children = (
				FCB8CB0D1C205BAF002EE1D3 /* GFSinaWeiBoTests.m */,
				FCB8CB0F1C205BAF002EE1D3 /* Info.plist */,
			);
			path = GFSinaWeiBoTests;
			sourceTree = "<group>";
		};
		FCB8CB171C205BAF002EE1D3 /* GFSinaWeiBoUITests */ = {
			isa = PBXGroup;
			children = (
				FCB8CB181C205BAF002EE1D3 /* GFSinaWeiBoUITests.m */,
				FCB8CB1A1C205BAF002EE1D3 /* Info.plist */,
			);
			path = GFSinaWeiBoUITests;
			sourceTree = "<group>";
		};
		FCB8CB2A1C206199002EE1D3 /* FrameWork */ = {
			isa = PBXGroup;
			children = (
				FCB8CB281C206194002EE1D3 /* Foundation.framework */,
				FCB8CB261C20618E002EE1D3 /* UIKit.framework */,
			);
			name = FrameWork;
			sourceTree = "<group>";
		};
		FCB8CB2B1C2061AB002EE1D3 /* Other */ = {
			isa = PBXGroup;
			children = (
				FC0C56271C20687000B6CF1D /* Extension */,
				FCB8CAF31C205BAF002EE1D3 /* AppDelegate.h */,
				FCB8CAF41C205BAF002EE1D3 /* AppDelegate.m */,
				FCB8CB011C205BAF002EE1D3 /* LaunchScreen.storyboard */,
				FCB8CB041C205BAF002EE1D3 /* Info.plist */,
				FCB8CAFC1C205BAF002EE1D3 /* GFSinaWeiBo.xcdatamodeld */,
			);
			name = Other;
			sourceTree = "<group>";
		};
		FCB8CB2C1C2061F0002EE1D3 /* Main */ = {
			isa = PBXGroup;
			children = (
				FC0C56301C20718E00B6CF1D /* Model */,
				FC0C562F1C20718800B6CF1D /* Controller */,
				FC0C562E1C20715900B6CF1D /* View */,
			);
			name = Main;
			sourceTree = "<group>";
		};
/* End PBXGroup section */

/* Begin PBXNativeTarget section */
		FCB8CAEC1C205BAF002EE1D3 /* GFSinaWeiBo */ = {
			isa = PBXNativeTarget;
			buildConfigurationList = FCB8CB1D1C205BAF002EE1D3 /* Build configuration list for PBXNativeTarget "GFSinaWeiBo" */;
			buildPhases = (
				FCB8CAE91C205BAF002EE1D3 /* Sources */,
				FCB8CAEA1C205BAF002EE1D3 /* Frameworks */,
				FCB8CAEB1C205BAF002EE1D3 /* Resources */,
			);
			buildRules = (
			);
			dependencies = (
			);
			name = GFSinaWeiBo;
			productName = GFSinaWeiBo;
			productReference = FCB8CAED1C205BAF002EE1D3 /* GFSinaWeiBo.app */;
			productType = "com.apple.product-type.application";
		};
		FCB8CB081C205BAF002EE1D3 /* GFSinaWeiBoTests */ = {
			isa = PBXNativeTarget;
			buildConfigurationList = FCB8CB201C205BAF002EE1D3 /* Build configuration list for PBXNativeTarget "GFSinaWeiBoTests" */;
			buildPhases = (
				FCB8CB051C205BAF002EE1D3 /* Sources */,
				FCB8CB061C205BAF002EE1D3 /* Frameworks */,
				FCB8CB071C205BAF002EE1D3 /* Resources */,
			);
			buildRules = (
			);
			dependencies = (
				FCB8CB0B1C205BAF002EE1D3 /* PBXTargetDependency */,
			);
			name = GFSinaWeiBoTests;
			productName = GFSinaWeiBoTests;
			productReference = FCB8CB091C205BAF002EE1D3 /* GFSinaWeiBoTests.xctest */;
			productType = "com.apple.product-type.bundle.unit-test";
		};
		FCB8CB131C205BAF002EE1D3 /* GFSinaWeiBoUITests */ = {
			isa = PBXNativeTarget;
			buildConfigurationList = FCB8CB231C205BAF002EE1D3 /* Build configuration list for PBXNativeTarget "GFSinaWeiBoUITests" */;
			buildPhases = (
				FCB8CB101C205BAF002EE1D3 /* Sources */,
				FCB8CB111C205BAF002EE1D3 /* Frameworks */,
				FCB8CB121C205BAF002EE1D3 /* Resources */,
			);
			buildRules = (
			);
			dependencies = (
				FCB8CB161C205BAF002EE1D3 /* PBXTargetDependency */,
			);
			name = GFSinaWeiBoUITests;
			productName = GFSinaWeiBoUITests;
			productReference = FCB8CB141C205BAF002EE1D3 /* GFSinaWeiBoUITests.xctest */;
			productType = "com.apple.product-type.bundle.ui-testing";
		};
/* End PBXNativeTarget section */

/* Begin PBXProject section */
		FCB8CAE51C205BAF002EE1D3 /* Project object */ = {
			isa = PBXProject;
			attributes = {
				CLASSPREFIX = GF;
				LastUpgradeCheck = 0720;
				ORGANIZATIONNAME = goofyy;
				TargetAttributes = {
					FCB8CAEC1C205BAF002EE1D3 = {
						CreatedOnToolsVersion = 7.2;
					};
					FCB8CB081C205BAF002EE1D3 = {
						CreatedOnToolsVersion = 7.2;
						TestTargetID = FCB8CAEC1C205BAF002EE1D3;
					};
					FCB8CB131C205BAF002EE1D3 = {
						CreatedOnToolsVersion = 7.2;
						TestTargetID = FCB8CAEC1C205BAF002EE1D3;
					};
				};
			};
			buildConfigurationList = FCB8CAE81C205BAF002EE1D3 /* Build configuration list for PBXProject "GFSinaWeiBo" */;
			compatibilityVersion = "Xcode 3.2";
			developmentRegion = English;
			hasScannedForEncodings = 0;
			knownRegions = (
				en,
				Base,
			);
			mainGroup = FCB8CAE41C205BAF002EE1D3;
			productRefGroup = FCB8CAEE1C205BAF002EE1D3 /* Products */;
			projectDirPath = "";
			projectRoot = "";
			targets = (
				FCB8CAEC1C205BAF002EE1D3 /* GFSinaWeiBo */,
				FCB8CB081C205BAF002EE1D3 /* GFSinaWeiBoTests */,
				FCB8CB131C205BAF002EE1D3 /* GFSinaWeiBoUITests */,
			);
		};
/* End PBXProject section */

/* Begin PBXResourcesBuildPhase section */
		FCB8CAEB1C205BAF002EE1D3 /* Resources */ = {
			isa = PBXResourcesBuildPhase;
			buildActionMask = 2147483647;
			files = (
				FCB8CB031C205BAF002EE1D3 /* LaunchScreen.storyboard in Resources */,
				FCB8CB001C205BAF002EE1D3 /* Assets.xcassets in Resources */,
			);
			runOnlyForDeploymentPostprocessing = 0;
		};
		FCB8CB071C205BAF002EE1D3 /* Resources */ = {
			isa = PBXResourcesBuildPhase;
			buildActionMask = 2147483647;
			files = (
			);
			runOnlyForDeploymentPostprocessing = 0;
		};
		FCB8CB121C205BAF002EE1D3 /* Resources */ = {
			isa = PBXResourcesBuildPhase;
			buildActionMask = 2147483647;
			files = (
			);
			runOnlyForDeploymentPostprocessing = 0;
		};
/* End PBXResourcesBuildPhase section */

/* Begin PBXSourcesBuildPhase section */
		FCB8CAE91C205BAF002EE1D3 /* Sources */ = {
			isa = PBXSourcesBuildPhase;
			buildActionMask = 2147483647;
			files = (
				FC9F33491C2147B4004AF041 /* GFNavigationController.m in Sources */,
				FC0C561A1C20671700B6CF1D /* GFHomeViewController.m in Sources */,
				FCB8CB2F1C20622C002EE1D3 /* GFTabBarViewController.m in Sources */,
				FC099E441C21654A009D63B1 /* UIBarButtonItem+GFBarButtonItem.m in Sources */,
				FCB8CAF51C205BAF002EE1D3 /* AppDelegate.m in Sources */,
				FC099E411C215A58009D63B1 /* GFSearchBar.m in Sources */,
				FC0C56201C2067C000B6CF1D /* GFMessageViewController.m in Sources */,
				FC0C56331C2073CD00B6CF1D /* GFTabBar.m in Sources */,
				FC0C562D1C206A7700B6CF1D /* UIImage+GFImage.m in Sources */,
				FCB8CAFE1C205BAF002EE1D3 /* GFSinaWeiBo.xcdatamodeld in Sources */,
				FC0C56261C2067D500B6CF1D /* GFMeViewController.m in Sources */,
				FC010AA91C21712800449FB9 /* GFTwoViewController.m in Sources */,
				FC0C56231C2067CE00B6CF1D /* GFDiscoverViewController.m in Sources */,
				FC099E471C216820009D63B1 /* GFOneViewController.m in Sources */,
				FCB8CAF21C205BAF002EE1D3 /* main.m in Sources */,
			);
			runOnlyForDeploymentPostprocessing = 0;
		};
		FCB8CB051C205BAF002EE1D3 /* Sources */ = {
			isa = PBXSourcesBuildPhase;
			buildActionMask = 2147483647;
			files = (
				FCB8CB0E1C205BAF002EE1D3 /* GFSinaWeiBoTests.m in Sources */,
			);
			runOnlyForDeploymentPostprocessing = 0;
		};
		FCB8CB101C205BAF002EE1D3 /* Sources */ = {
			isa = PBXSourcesBuildPhase;
			buildActionMask = 2147483647;
			files = (
				FCB8CB191C205BAF002EE1D3 /* GFSinaWeiBoUITests.m in Sources */,
			);
			runOnlyForDeploymentPostprocessing = 0;
		};
/* End PBXSourcesBuildPhase section */

/* Begin PBXTargetDependency section */
		FCB8CB0B1C205BAF002EE1D3 /* PBXTargetDependency */ = {
			isa = PBXTargetDependency;
			target = FCB8CAEC1C205BAF002EE1D3 /* GFSinaWeiBo */;
			targetProxy = FCB8CB0A1C205BAF002EE1D3 /* PBXContainerItemProxy */;
		};
		FCB8CB161C205BAF002EE1D3 /* PBXTargetDependency */ = {
			isa = PBXTargetDependency;
			target = FCB8CAEC1C205BAF002EE1D3 /* GFSinaWeiBo */;
			targetProxy = FCB8CB151C205BAF002EE1D3 /* PBXContainerItemProxy */;
		};
/* End PBXTargetDependency section */

/* Begin PBXVariantGroup section */
		FCB8CB011C205BAF002EE1D3 /* LaunchScreen.storyboard */ = {
			isa = PBXVariantGroup;
			children = (
				FCB8CB021C205BAF002EE1D3 /* Base */,
			);
			name = LaunchScreen.storyboard;
			sourceTree = "<group>";
		};
/* End PBXVariantGroup section */

/* Begin XCBuildConfiguration section */
		FCB8CB1B1C205BAF002EE1D3 /* Debug */ = {
			isa = XCBuildConfiguration;
			buildSettings = {
				ALWAYS_SEARCH_USER_PATHS = NO;
				CLANG_CXX_LANGUAGE_STANDARD = "gnu++0x";
				CLANG_CXX_LIBRARY = "libc++";
				CLANG_ENABLE_MODULES = YES;
				CLANG_ENABLE_OBJC_ARC = YES;
				CLANG_WARN_BOOL_CONVERSION = YES;
				CLANG_WARN_CONSTANT_CONVERSION = YES;
				CLANG_WARN_DIRECT_OBJC_ISA_USAGE = YES_ERROR;
				CLANG_WARN_EMPTY_BODY = YES;
				CLANG_WARN_ENUM_CONVERSION = YES;
				CLANG_WARN_INT_CONVERSION = YES;
				CLANG_WARN_OBJC_ROOT_CLASS = YES_ERROR;
				CLANG_WARN_UNREACHABLE_CODE = YES;
				CLANG_WARN__DUPLICATE_METHOD_MATCH = YES;
				"CODE_SIGN_IDENTITY[sdk=iphoneos*]" = "iPhone Developer";
				COPY_PHASE_STRIP = NO;
				DEBUG_INFORMATION_FORMAT = dwarf;
				ENABLE_STRICT_OBJC_MSGSEND = YES;
				ENABLE_TESTABILITY = YES;
				GCC_C_LANGUAGE_STANDARD = gnu99;
				GCC_DYNAMIC_NO_PIC = NO;
				GCC_NO_COMMON_BLOCKS = YES;
				GCC_OPTIMIZATION_LEVEL = 0;
				GCC_PREPROCESSOR_DEFINITIONS = (
					"DEBUG=1",
					"$(inherited)",
				);
				GCC_WARN_64_TO_32_BIT_CONVERSION = YES;
				GCC_WARN_ABOUT_RETURN_TYPE = YES_ERROR;
				GCC_WARN_UNDECLARED_SELECTOR = YES;
				GCC_WARN_UNINITIALIZED_AUTOS = YES_AGGRESSIVE;
				GCC_WARN_UNUSED_FUNCTION = YES;
				GCC_WARN_UNUSED_VARIABLE = YES;
				IPHONEOS_DEPLOYMENT_TARGET = 9.2;
				MTL_ENABLE_DEBUG_INFO = YES;
				ONLY_ACTIVE_ARCH = YES;
				SDKROOT = iphoneos;
			};
			name = Debug;
		};
		FCB8CB1C1C205BAF002EE1D3 /* Release */ = {
			isa = XCBuildConfiguration;
			buildSettings = {
				ALWAYS_SEARCH_USER_PATHS = NO;
				CLANG_CXX_LANGUAGE_STANDARD = "gnu++0x";
				CLANG_CXX_LIBRARY = "libc++";
				CLANG_ENABLE_MODULES = YES;
				CLANG_ENABLE_OBJC_ARC = YES;
				CLANG_WARN_BOOL_CONVERSION = YES;
				CLANG_WARN_CONSTANT_CONVERSION = YES;
				CLANG_WARN_DIRECT_OBJC_ISA_USAGE = YES_ERROR;
				CLANG_WARN_EMPTY_BODY = YES;
				CLANG_WARN_ENUM_CONVERSION = YES;
				CLANG_WARN_INT_CONVERSION = YES;
				CLANG_WARN_OBJC_ROOT_CLASS = YES_ERROR;
				CLANG_WARN_UNREACHABLE_CODE = YES;
				CLANG_WARN__DUPLICATE_METHOD_MATCH = YES;
				"CODE_SIGN_IDENTITY[sdk=iphoneos*]" = "iPhone Developer";
				COPY_PHASE_STRIP = NO;
				DEBUG_INFORMATION_FORMAT = "dwarf-with-dsym";
				ENABLE_NS_ASSERTIONS = NO;
				ENABLE_STRICT_OBJC_MSGSEND = YES;
				GCC_C_LANGUAGE_STANDARD = gnu99;
				GCC_NO_COMMON_BLOCKS = YES;
				GCC_WARN_64_TO_32_BIT_CONVERSION = YES;
				GCC_WARN_ABOUT_RETURN_TYPE = YES_ERROR;
				GCC_WARN_UNDECLARED_SELECTOR = YES;
				GCC_WARN_UNINITIALIZED_AUTOS = YES_AGGRESSIVE;
				GCC_WARN_UNUSED_FUNCTION = YES;
				GCC_WARN_UNUSED_VARIABLE = YES;
				IPHONEOS_DEPLOYMENT_TARGET = 9.2;
				MTL_ENABLE_DEBUG_INFO = NO;
				SDKROOT = iphoneos;
				VALIDATE_PRODUCT = YES;
			};
			name = Release;
		};
		FCB8CB1E1C205BAF002EE1D3 /* Debug */ = {
			isa = XCBuildConfiguration;
			buildSettings = {
				ASSETCATALOG_COMPILER_APPICON_NAME = AppIcon;
				INFOPLIST_FILE = GFSinaWeiBo/Info.plist;
				LD_RUNPATH_SEARCH_PATHS = "$(inherited) @executable_path/Frameworks";
				PRODUCT_BUNDLE_IDENTIFIER = goofyy.com.GFSinaWeiBo;
				PRODUCT_NAME = "$(TARGET_NAME)";
			};
			name = Debug;
		};
		FCB8CB1F1C205BAF002EE1D3 /* Release */ = {
			isa = XCBuildConfiguration;
			buildSettings = {
				ASSETCATALOG_COMPILER_APPICON_NAME = AppIcon;
				INFOPLIST_FILE = GFSinaWeiBo/Info.plist;
				LD_RUNPATH_SEARCH_PATHS = "$(inherited) @executable_path/Frameworks";
				PRODUCT_BUNDLE_IDENTIFIER = goofyy.com.GFSinaWeiBo;
				PRODUCT_NAME = "$(TARGET_NAME)";
			};
			name = Release;
		};
		FCB8CB211C205BAF002EE1D3 /* Debug */ = {
			isa = XCBuildConfiguration;
			buildSettings = {
				BUNDLE_LOADER = "$(TEST_HOST)";
				INFOPLIST_FILE = GFSinaWeiBoTests/Info.plist;
				LD_RUNPATH_SEARCH_PATHS = "$(inherited) @executable_path/Frameworks @loader_path/Frameworks";
				PRODUCT_BUNDLE_IDENTIFIER = goofyy.com.GFSinaWeiBoTests;
				PRODUCT_NAME = "$(TARGET_NAME)";
				TEST_HOST = "$(BUILT_PRODUCTS_DIR)/GFSinaWeiBo.app/GFSinaWeiBo";
			};
			name = Debug;
		};
		FCB8CB221C205BAF002EE1D3 /* Release */ = {
			isa = XCBuildConfiguration;
			buildSettings = {
				BUNDLE_LOADER = "$(TEST_HOST)";
				INFOPLIST_FILE = GFSinaWeiBoTests/Info.plist;
				LD_RUNPATH_SEARCH_PATHS = "$(inherited) @executable_path/Frameworks @loader_path/Frameworks";
				PRODUCT_BUNDLE_IDENTIFIER = goofyy.com.GFSinaWeiBoTests;
				PRODUCT_NAME = "$(TARGET_NAME)";
				TEST_HOST = "$(BUILT_PRODUCTS_DIR)/GFSinaWeiBo.app/GFSinaWeiBo";
			};
			name = Release;
		};
		FCB8CB241C205BAF002EE1D3 /* Debug */ = {
			isa = XCBuildConfiguration;
			buildSettings = {
				INFOPLIST_FILE = GFSinaWeiBoUITests/Info.plist;
				LD_RUNPATH_SEARCH_PATHS = "$(inherited) @executable_path/Frameworks @loader_path/Frameworks";
				PRODUCT_BUNDLE_IDENTIFIER = goofyy.com.GFSinaWeiBoUITests;
				PRODUCT_NAME = "$(TARGET_NAME)";
				TEST_TARGET_NAME = GFSinaWeiBo;
				USES_XCTRUNNER = YES;
			};
			name = Debug;
		};
		FCB8CB251C205BAF002EE1D3 /* Release */ = {
			isa = XCBuildConfiguration;
			buildSettings = {
				INFOPLIST_FILE = GFSinaWeiBoUITests/Info.plist;
				LD_RUNPATH_SEARCH_PATHS = "$(inherited) @executable_path/Frameworks @loader_path/Frameworks";
				PRODUCT_BUNDLE_IDENTIFIER = goofyy.com.GFSinaWeiBoUITests;
				PRODUCT_NAME = "$(TARGET_NAME)";
				TEST_TARGET_NAME = GFSinaWeiBo;
				USES_XCTRUNNER = YES;
			};
			name = Release;
		};
/* End XCBuildConfiguration section */

/* Begin XCConfigurationList section */
		FCB8CAE81C205BAF002EE1D3 /* Build configuration list for PBXProject "GFSinaWeiBo" */ = {
			isa = XCConfigurationList;
			buildConfigurations = (
				FCB8CB1B1C205BAF002EE1D3 /* Debug */,
				FCB8CB1C1C205BAF002EE1D3 /* Release */,
			);
			defaultConfigurationIsVisible = 0;
			defaultConfigurationName = Release;
		};
		FCB8CB1D1C205BAF002EE1D3 /* Build configuration list for PBXNativeTarget "GFSinaWeiBo" */ = {
			isa = XCConfigurationList;
			buildConfigurations = (
				FCB8CB1E1C205BAF002EE1D3 /* Debug */,
				FCB8CB1F1C205BAF002EE1D3 /* Release */,
			);
			defaultConfigurationIsVisible = 0;
			defaultConfigurationName = Release;
		};
		FCB8CB201C205BAF002EE1D3 /* Build configuration list for PBXNativeTarget "GFSinaWeiBoTests" */ = {
			isa = XCConfigurationList;
			buildConfigurations = (
				FCB8CB211C205BAF002EE1D3 /* Debug */,
				FCB8CB221C205BAF002EE1D3 /* Release */,
			);
			defaultConfigurationIsVisible = 0;
			defaultConfigurationName = Release;
		};
		FCB8CB231C205BAF002EE1D3 /* Build configuration list for PBXNativeTarget "GFSinaWeiBoUITests" */ = {
			isa = XCConfigurationList;
			buildConfigurations = (
				FCB8CB241C205BAF002EE1D3 /* Debug */,
				FCB8CB251C205BAF002EE1D3 /* Release */,
			);
			defaultConfigurationIsVisible = 0;
			defaultConfigurationName = Release;
		};
/* End XCConfigurationList section */

/* Begin XCVersionGroup section */
		FCB8CAFC1C205BAF002EE1D3 /* GFSinaWeiBo.xcdatamodeld */ = {
			isa = XCVersionGroup;
			children = (
				FCB8CAFD1C205BAF002EE1D3 /* GFSinaWeiBo.xcdatamodel */,
			);
			currentVersion = FCB8CAFD1C205BAF002EE1D3 /* GFSinaWeiBo.xcdatamodel */;
			path = GFSinaWeiBo.xcdatamodeld;
			sourceTree = "<group>";
			versionGroupType = wrapper.xcdatamodel;
		};
/* End XCVersionGroup section */
	};
	rootObject = FCB8CAE51C205BAF002EE1D3 /* Project object */;
}
